# Managed by azldev component update. Do not edit manually.
version = 1
import-commit = 'cde997f8e597239563781f095bdd5845e8a36f88'
upstream-commit = 'cde997f8e597239563781f095bdd5845e8a36f88'
input-fingerprint = 'sha256:779e15136d0451741e75555966e24f8646d4ac99aa96966b436a7c526db26449'
resolution-input-hash = 'sha256:466421704711c4fd3c71f0b2ed715a0e61d49e3e26f3a2637fee755795849c8e'
