# Managed by azldev component update. Do not edit manually.
version = 1
import-commit = '8bc321d24a8e1f4307d19a062bf857e5b88bd1b2'
upstream-commit = '8bc321d24a8e1f4307d19a062bf857e5b88bd1b2'
manual-bump = 1
input-fingerprint = 'sha256:fd7b1836071f5cfb0fc6b0386f4880136137491f4ea442b9044378aa9154877b'
resolution-input-hash = 'sha256:466421704711c4fd3c71f0b2ed715a0e61d49e3e26f3a2637fee755795849c8e'
