# Managed by azldev component update. Do not edit manually.
version = 1
import-commit = 'c9a0568761315e834639cb379fcebb695c3e0f31'
upstream-commit = 'c9a0568761315e834639cb379fcebb695c3e0f31'
input-fingerprint = 'sha256:4887a742356f728c8a62ef89d53372f21c0973ac2c1e612e7d008a354e1fa343'
resolution-input-hash = 'sha256:466421704711c4fd3c71f0b2ed715a0e61d49e3e26f3a2637fee755795849c8e'
