# Managed by azldev component update. Do not edit manually.
version = 1
import-commit = '459866b5a072778f16b58cf123ddd6ae7db74121'
upstream-commit = '459866b5a072778f16b58cf123ddd6ae7db74121'
input-fingerprint = 'sha256:174ad0ad94b754c484ce6763cea7cac360f64a2619de4ed107610006bbe1e036'
resolution-input-hash = 'sha256:466421704711c4fd3c71f0b2ed715a0e61d49e3e26f3a2637fee755795849c8e'
