# Managed by azldev component update. Do not edit manually.
version = 1
import-commit = '684e0b3a4100abc0f2003bbcb7f809aed0a2d246'
upstream-commit = '684e0b3a4100abc0f2003bbcb7f809aed0a2d246'
input-fingerprint = 'sha256:8eefca3b1dcc0875ae7671f94a38d52afae515318a8ddb8432f186bd41708f5e'
resolution-input-hash = 'sha256:466421704711c4fd3c71f0b2ed715a0e61d49e3e26f3a2637fee755795849c8e'
