# Managed by azldev component update. Do not edit manually.
version = 1
import-commit = 'e7d1142344fa429a8c87af5b3a19b388eb9de695'
upstream-commit = 'e7d1142344fa429a8c87af5b3a19b388eb9de695'
input-fingerprint = 'sha256:dab8a91e6450e9f1db5493d934d2b4fc108d5a9df1eafe7ca856bf5be338a1f9'
resolution-input-hash = 'sha256:466421704711c4fd3c71f0b2ed715a0e61d49e3e26f3a2637fee755795849c8e'
