# Managed by azldev component update. Do not edit manually.
version = 1
import-commit = 'a428385fe941d01bd7a3d094863474bbd9c1c9a1'
upstream-commit = 'a428385fe941d01bd7a3d094863474bbd9c1c9a1'
input-fingerprint = 'sha256:ce7be0483cc58436910d8d0ba7f23ddeb5de1ec3a4a2470b8ce324d8b91eeea4'
resolution-input-hash = 'sha256:466421704711c4fd3c71f0b2ed715a0e61d49e3e26f3a2637fee755795849c8e'
