# Managed by azldev component update. Do not edit manually.
version = 1
import-commit = 'd3b57fda76468500c6459e917402eaaf1731fcfb'
upstream-commit = 'd3b57fda76468500c6459e917402eaaf1731fcfb'
input-fingerprint = 'sha256:c75fa99b2e86de3e2cc9c0cc38b02277f9718cff3766e390dfaacb7bcfb8e8a5'
resolution-input-hash = 'sha256:466421704711c4fd3c71f0b2ed715a0e61d49e3e26f3a2637fee755795849c8e'
