# Managed by azldev component update. Do not edit manually.
version = 1
import-commit = 'a4981baaf12fa167f097a9a230b0bf6999fd8a54'
upstream-commit = 'a4981baaf12fa167f097a9a230b0bf6999fd8a54'
input-fingerprint = 'sha256:019072247b64f96af6371dbc1bfd542b9025511b56791a7175b345d3e2b398b5'
resolution-input-hash = 'sha256:466421704711c4fd3c71f0b2ed715a0e61d49e3e26f3a2637fee755795849c8e'
