# Managed by azldev component update. Do not edit manually.
version = 1
import-commit = '9ef74aacee739d23fbdc8d56ebf6a825594c7232'
upstream-commit = '9ef74aacee739d23fbdc8d56ebf6a825594c7232'
input-fingerprint = 'sha256:1c56f3adb430d51dc416e35e585f1ae3f6dc78aef9d622927704856b7f292554'
resolution-input-hash = 'sha256:466421704711c4fd3c71f0b2ed715a0e61d49e3e26f3a2637fee755795849c8e'
