# Managed by azldev component update. Do not edit manually.
version = 1
import-commit = '161f0d93613cc534289128adce9e6a8d2d21b4d0'
upstream-commit = '161f0d93613cc534289128adce9e6a8d2d21b4d0'
input-fingerprint = 'sha256:8bb1326c5e5d404ec876a1742aa495dd8fb7bbe9fb8d21be0806361672e75288'
resolution-input-hash = 'sha256:466421704711c4fd3c71f0b2ed715a0e61d49e3e26f3a2637fee755795849c8e'
