# Managed by azldev component update. Do not edit manually.
version = 1
import-commit = 'd18e947c8ceb5c43a0801a51b3891205220039f7'
upstream-commit = 'd18e947c8ceb5c43a0801a51b3891205220039f7'
input-fingerprint = 'sha256:bd5e0006ffd30ff31634f6761e15766e160f8d97b2fbe459f00ae104d5553c88'
resolution-input-hash = 'sha256:466421704711c4fd3c71f0b2ed715a0e61d49e3e26f3a2637fee755795849c8e'
