# Managed by azldev component update. Do not edit manually.
version = 1
import-commit = '0c21d9a6eb525d9a00173f26f4c180445c96d76a'
upstream-commit = '0c21d9a6eb525d9a00173f26f4c180445c96d76a'
input-fingerprint = 'sha256:0877e924cee6d6368a1af34ad8bd209b897dac6f4b10a384e6a384c05bacc7da'
resolution-input-hash = 'sha256:466421704711c4fd3c71f0b2ed715a0e61d49e3e26f3a2637fee755795849c8e'
