# Managed by azldev component update. Do not edit manually.
version = 1
import-commit = '810759dbecee543dc644c4a4dcf331a88e9e88ec'
upstream-commit = '810759dbecee543dc644c4a4dcf331a88e9e88ec'
input-fingerprint = 'sha256:63a0fa5c2fc280a0815913e383ab077adb68a4646729d043cd45c3e2f0c80b9c'
resolution-input-hash = 'sha256:466421704711c4fd3c71f0b2ed715a0e61d49e3e26f3a2637fee755795849c8e'
