# Managed by azldev component update. Do not edit manually.
version = 1
import-commit = '12ce9626f4431e91f8ed0e4d072021f221f29c7b'
upstream-commit = '12ce9626f4431e91f8ed0e4d072021f221f29c7b'
input-fingerprint = 'sha256:b724d130be9865ace12e6da50b66926aa0e8640e7217e8419392ec95aa037013'
resolution-input-hash = 'sha256:466421704711c4fd3c71f0b2ed715a0e61d49e3e26f3a2637fee755795849c8e'
