# Managed by azldev component update. Do not edit manually.
version = 1
import-commit = 'd160dbe978f9028b1204d00c69997ed2dfbb0b0b'
upstream-commit = 'd160dbe978f9028b1204d00c69997ed2dfbb0b0b'
input-fingerprint = 'sha256:4a7d9ae7a3aba6d0155466146cd448f1c4d3151d67d6dcebff22be386c57e427'
resolution-input-hash = 'sha256:466421704711c4fd3c71f0b2ed715a0e61d49e3e26f3a2637fee755795849c8e'
