# Managed by azldev component update. Do not edit manually.
version = 1
import-commit = '06b0ebf7e02dfdf8bc4c34236b7dc4cd45159c3b'
upstream-commit = '06b0ebf7e02dfdf8bc4c34236b7dc4cd45159c3b'
input-fingerprint = 'sha256:fbb8e026c6893b82ffd3ca4600a4f85e85b435cf81b2cccbc96317f0b4776944'
resolution-input-hash = 'sha256:466421704711c4fd3c71f0b2ed715a0e61d49e3e26f3a2637fee755795849c8e'
