# Managed by azldev component update. Do not edit manually.
version = 1
import-commit = '994db1192a2a3cdfb63bcd8cbbcd311a7f78a1b6'
upstream-commit = '994db1192a2a3cdfb63bcd8cbbcd311a7f78a1b6'
input-fingerprint = 'sha256:64a5c101a1ff5eeb10a8c9372307d4d7a2528569e8d353a7fa6a1864098bb57c'
resolution-input-hash = 'sha256:466421704711c4fd3c71f0b2ed715a0e61d49e3e26f3a2637fee755795849c8e'
