# Managed by azldev component update. Do not edit manually.
version = 1
import-commit = 'd97ecf5bca2b1a64d30d8b73e6d468ccb63e8d1f'
upstream-commit = 'd97ecf5bca2b1a64d30d8b73e6d468ccb63e8d1f'
input-fingerprint = 'sha256:dbc7f97218f25c525a2cc744826ea0973c7a152c51599ddf98ffd73297618485'
resolution-input-hash = 'sha256:466421704711c4fd3c71f0b2ed715a0e61d49e3e26f3a2637fee755795849c8e'
