# Managed by azldev component update. Do not edit manually.
version = 1
import-commit = 'f527942e58c46d07d3096889039c064d9fe04ad7'
upstream-commit = 'f527942e58c46d07d3096889039c064d9fe04ad7'
input-fingerprint = 'sha256:628c92611f9e7805aa8be94dd0625d2315c2affb6b29594d792775876a77c7b9'
resolution-input-hash = 'sha256:466421704711c4fd3c71f0b2ed715a0e61d49e3e26f3a2637fee755795849c8e'
