# Managed by azldev component update. Do not edit manually.
version = 1
import-commit = '53f5fa79b1374e809ab397ae1738ab0318bb32b6'
upstream-commit = '53f5fa79b1374e809ab397ae1738ab0318bb32b6'
input-fingerprint = 'sha256:6e2b493818a2d0ed23230012b2bbb07eb3a14fd48b6caf897538ee567e8bca73'
resolution-input-hash = 'sha256:466421704711c4fd3c71f0b2ed715a0e61d49e3e26f3a2637fee755795849c8e'
