# Managed by azldev component update. Do not edit manually.
version = 1
import-commit = '5b39a9fe3fa5e0f9a635fc546e47b85301a5a59e'
upstream-commit = '5b39a9fe3fa5e0f9a635fc546e47b85301a5a59e'
release-counter-baseline = 'sha256:43acbf0cc053b1fdd23ea61bd72acada9038f0b383dac004e17daf7309db4363'
input-fingerprint = 'sha256:694d3e71bc88c8ef111db399bf07b44fd503ce6f518a4e5779c4a7e00700c0db'
resolution-input-hash = 'sha256:466421704711c4fd3c71f0b2ed715a0e61d49e3e26f3a2637fee755795849c8e'
