# Managed by azldev component update. Do not edit manually.
version = 1
import-commit = '9ee2f95c6c02042640ecf0e704c123d737228af4'
upstream-commit = '9ee2f95c6c02042640ecf0e704c123d737228af4'
input-fingerprint = 'sha256:f1e11c9a5f51bd806d28a42c13cf31bac96cdae6886e9fb69db801e0f488eb77'
resolution-input-hash = 'sha256:466421704711c4fd3c71f0b2ed715a0e61d49e3e26f3a2637fee755795849c8e'
