# Managed by azldev component update. Do not edit manually.
version = 1
import-commit = '4ca863ecf284b86199ec6bc9b566677eea8528b1'
upstream-commit = '4ca863ecf284b86199ec6bc9b566677eea8528b1'
input-fingerprint = 'sha256:046e61b1cefc8aad83efac355b0398e5474f20879168eb505d1247023d207a95'
resolution-input-hash = 'sha256:466421704711c4fd3c71f0b2ed715a0e61d49e3e26f3a2637fee755795849c8e'
