# Managed by azldev component update. Do not edit manually.
version = 1
import-commit = '8c97c25830046efccf9b82d5227c84b945d91d8a'
upstream-commit = '8c97c25830046efccf9b82d5227c84b945d91d8a'
input-fingerprint = 'sha256:eaa08b1574d3e8c6263257c1361835186088fb57f0c97ea1fd29145c2d80c84a'
resolution-input-hash = 'sha256:466421704711c4fd3c71f0b2ed715a0e61d49e3e26f3a2637fee755795849c8e'
