# Managed by azldev component update. Do not edit manually.
version = 1
import-commit = '632e5b652c8407813891fd0a2a701b32ae4e33d3'
upstream-commit = '632e5b652c8407813891fd0a2a701b32ae4e33d3'
input-fingerprint = 'sha256:5718bdafca7e5115f27846232075495504064eec57c6782aa423778bb0f4468a'
resolution-input-hash = 'sha256:466421704711c4fd3c71f0b2ed715a0e61d49e3e26f3a2637fee755795849c8e'
