# Managed by azldev component update. Do not edit manually.
version = 1
import-commit = 'cf2de69425d196e914271650b11178c13893500e'
upstream-commit = 'cf2de69425d196e914271650b11178c13893500e'
input-fingerprint = 'sha256:5482325f2bfe60b4c2afe6afeebf16f2d434a539ad1e84ca56d382351cf441b3'
resolution-input-hash = 'sha256:466421704711c4fd3c71f0b2ed715a0e61d49e3e26f3a2637fee755795849c8e'
