# Managed by azldev component update. Do not edit manually.
version = 1
import-commit = '42c087dba493b3b3ef244058e16de57a94908b3d'
upstream-commit = '42c087dba493b3b3ef244058e16de57a94908b3d'
input-fingerprint = 'sha256:9fe1e675829ec9602841b9ba4c75c191cda77f99bf33ae764f88a86a7abc1e37'
resolution-input-hash = 'sha256:466421704711c4fd3c71f0b2ed715a0e61d49e3e26f3a2637fee755795849c8e'
