# Managed by azldev component update. Do not edit manually.
version = 1
import-commit = 'b2d63b9cc88f440c8903d4b736f2ff06a30acf62'
upstream-commit = 'b2d63b9cc88f440c8903d4b736f2ff06a30acf62'
input-fingerprint = 'sha256:13ae37f8239f705f2be29f78f517e117abbc8e3d312a91f5f135023e829c4f7d'
resolution-input-hash = 'sha256:466421704711c4fd3c71f0b2ed715a0e61d49e3e26f3a2637fee755795849c8e'
