# Managed by azldev component update. Do not edit manually.
version = 1
import-commit = 'ce5c53bfb2545d5acb93120f1906361537c7cdf5'
upstream-commit = 'ce5c53bfb2545d5acb93120f1906361537c7cdf5'
input-fingerprint = 'sha256:e0cf67983340b5e836614ebe565061259ee77bd4ee59483e83b8f28d87be8cc6'
resolution-input-hash = 'sha256:466421704711c4fd3c71f0b2ed715a0e61d49e3e26f3a2637fee755795849c8e'
