# Managed by azldev component update. Do not edit manually.
version = 1
import-commit = 'bbe5d714882542100864bf6712e687cada97f3f8'
upstream-commit = 'bbe5d714882542100864bf6712e687cada97f3f8'
input-fingerprint = 'sha256:b5e361f4d88e75d7abfcf95d57a7e0e6202f31936c14f12efe81cc30f26649e8'
resolution-input-hash = 'sha256:466421704711c4fd3c71f0b2ed715a0e61d49e3e26f3a2637fee755795849c8e'
