# Managed by azldev component update. Do not edit manually.
version = 1
import-commit = '7e8d5799839ad6338b40ded3cb30005986cbeb11'
upstream-commit = '7e8d5799839ad6338b40ded3cb30005986cbeb11'
input-fingerprint = 'sha256:499e33cb83edaefc0cdcc87a432bdd3a0cd148674da067f123dab1726104de87'
resolution-input-hash = 'sha256:466421704711c4fd3c71f0b2ed715a0e61d49e3e26f3a2637fee755795849c8e'
