# Managed by azldev component update. Do not edit manually.
version = 1
import-commit = '48224864480777c8787495efb583f68fdf57ce34'
upstream-commit = '48224864480777c8787495efb583f68fdf57ce34'
input-fingerprint = 'sha256:66a1c26b25a2bef1de3eeb6d316a8e4880e65188d8539f108569507ceeda0c20'
resolution-input-hash = 'sha256:466421704711c4fd3c71f0b2ed715a0e61d49e3e26f3a2637fee755795849c8e'
