# Managed by azldev component update. Do not edit manually.
version = 1
import-commit = '63052dce821cd502bb06b5114e9bbd88bcf85c65'
upstream-commit = '63052dce821cd502bb06b5114e9bbd88bcf85c65'
input-fingerprint = 'sha256:30994079283eaecdd70dc4003032b925aa8925d29b099351645cc42ed6c7fc3a'
resolution-input-hash = 'sha256:466421704711c4fd3c71f0b2ed715a0e61d49e3e26f3a2637fee755795849c8e'
