# Managed by azldev component update. Do not edit manually.
version = 1
import-commit = '0a6852c350c40ed6a4bdd6fe22b29614271cf0fb'
upstream-commit = '0a6852c350c40ed6a4bdd6fe22b29614271cf0fb'
input-fingerprint = 'sha256:713c9a29ec9117929ebd48ee01b5edea6715c3f587ce70d38b14ab8584903cc4'
resolution-input-hash = 'sha256:466421704711c4fd3c71f0b2ed715a0e61d49e3e26f3a2637fee755795849c8e'
