# Managed by azldev component update. Do not edit manually.
version = 1
import-commit = '891d7db75ba21ed231525c969b2b6f2e7ec80dea'
upstream-commit = '891d7db75ba21ed231525c969b2b6f2e7ec80dea'
input-fingerprint = 'sha256:402dbefd38b58e1563b61564f8f1389a453ef8b3e119c434369c9028b4c0eada'
resolution-input-hash = 'sha256:466421704711c4fd3c71f0b2ed715a0e61d49e3e26f3a2637fee755795849c8e'
