# Managed by azldev component update. Do not edit manually.
version = 1
import-commit = '1eb51c9a61d8824ee123fdb2d88058b1ed73ceae'
upstream-commit = '1eb51c9a61d8824ee123fdb2d88058b1ed73ceae'
input-fingerprint = 'sha256:71d53561c4d53d38aa730b06813d6912a27f49d380233478f575d6a488551062'
resolution-input-hash = 'sha256:466421704711c4fd3c71f0b2ed715a0e61d49e3e26f3a2637fee755795849c8e'
