# Managed by azldev component update. Do not edit manually.
version = 1
import-commit = 'b33d8705f72cd02468388dc58dd32b9654c2a238'
upstream-commit = 'b33d8705f72cd02468388dc58dd32b9654c2a238'
input-fingerprint = 'sha256:99e9206e37e4cd33b96755bece96a5037d433b5be0897e942e76ac89c9845022'
resolution-input-hash = 'sha256:466421704711c4fd3c71f0b2ed715a0e61d49e3e26f3a2637fee755795849c8e'
