# Managed by azldev component update. Do not edit manually.
version = 1
import-commit = '6c864b4cbcdc3924ff7f73c29987047123cba90c'
upstream-commit = '6c864b4cbcdc3924ff7f73c29987047123cba90c'
input-fingerprint = 'sha256:a2538cfce6ce8441e29f4ec20d38091e44cdc0a91efda7c4967b48e130c25dc7'
resolution-input-hash = 'sha256:466421704711c4fd3c71f0b2ed715a0e61d49e3e26f3a2637fee755795849c8e'
