# Managed by azldev component update. Do not edit manually.
version = 1
import-commit = '858a50b13085d40db0164ebdcbce183f72ca0e21'
upstream-commit = '858a50b13085d40db0164ebdcbce183f72ca0e21'
input-fingerprint = 'sha256:e43d7d75c3599fe426a6c0cea53044c1b0189e3d7c7922d9e096f13431230271'
resolution-input-hash = 'sha256:466421704711c4fd3c71f0b2ed715a0e61d49e3e26f3a2637fee755795849c8e'
