# Managed by azldev component update. Do not edit manually.
version = 1
import-commit = '308c057001d2059fb9e81c25be561b59b73b3e00'
upstream-commit = '308c057001d2059fb9e81c25be561b59b73b3e00'
input-fingerprint = 'sha256:5a62177f0357ae6aa5c2601a2b7a2e6974bb304072527b8f524c687e09a86788'
resolution-input-hash = 'sha256:466421704711c4fd3c71f0b2ed715a0e61d49e3e26f3a2637fee755795849c8e'
