# Managed by azldev component update. Do not edit manually.
version = 1
import-commit = 'ca09e381a66c934d8f06ee27430a4711bf08db6a'
upstream-commit = 'ca09e381a66c934d8f06ee27430a4711bf08db6a'
input-fingerprint = 'sha256:020cba2b41cb3d43cd42f48b16519052b28d2c9a737280ee5de0576d238d10ec'
resolution-input-hash = 'sha256:466421704711c4fd3c71f0b2ed715a0e61d49e3e26f3a2637fee755795849c8e'
