# Managed by azldev component update. Do not edit manually.
version = 1
import-commit = '3bf09c59f60780e888ff0f0e4eb1c1363c9a6903'
upstream-commit = '3bf09c59f60780e888ff0f0e4eb1c1363c9a6903'
input-fingerprint = 'sha256:9767692a2cc105bd0b24b4502d9beeba5fb54017a580616234f76667dc923e6f'
resolution-input-hash = 'sha256:466421704711c4fd3c71f0b2ed715a0e61d49e3e26f3a2637fee755795849c8e'
