# Managed by azldev component update. Do not edit manually.
version = 1
import-commit = '7402568218327483986dd79f9ac328d2a1d8f820'
upstream-commit = '7402568218327483986dd79f9ac328d2a1d8f820'
input-fingerprint = 'sha256:a0a6902e169929a2b1ba5dd83c520939fdb2bcedbea23dfa85f2dc99ed883122'
resolution-input-hash = 'sha256:466421704711c4fd3c71f0b2ed715a0e61d49e3e26f3a2637fee755795849c8e'
