# Managed by azldev component update. Do not edit manually.
version = 1
import-commit = 'a8ae783de11f5d0fbb7d91579577fb867b41f4e4'
upstream-commit = 'a8ae783de11f5d0fbb7d91579577fb867b41f4e4'
manual-bump = 1
input-fingerprint = 'sha256:7b0cf0f955f14b3f108ec88467a82a7fd77dfa52181afc68fa5b4873c71c853e'
resolution-input-hash = 'sha256:466421704711c4fd3c71f0b2ed715a0e61d49e3e26f3a2637fee755795849c8e'
