# Managed by azldev component update. Do not edit manually.
version = 1
import-commit = '3888275fea35550b41cd494ce0a0af6e3b7788c8'
upstream-commit = '3888275fea35550b41cd494ce0a0af6e3b7788c8'
input-fingerprint = 'sha256:b207f3dda9b359a44828b652de1d53e9ea593ace4af588119cf895d4ffb3a448'
resolution-input-hash = 'sha256:466421704711c4fd3c71f0b2ed715a0e61d49e3e26f3a2637fee755795849c8e'
