# Managed by azldev component update. Do not edit manually.
version = 1
import-commit = 'c914e07e71bda1b585a10744868e0be52acfa9df'
upstream-commit = 'c914e07e71bda1b585a10744868e0be52acfa9df'
input-fingerprint = 'sha256:61bcbd5faaaf74855413006486da1cc930f8b6b32d8df442646b49bab603d5e6'
resolution-input-hash = 'sha256:466421704711c4fd3c71f0b2ed715a0e61d49e3e26f3a2637fee755795849c8e'
