# Managed by azldev component update. Do not edit manually.
version = 1
import-commit = '3ec267d5a24fa0e4567f8ee9513ee01488b02b3e'
upstream-commit = '3ec267d5a24fa0e4567f8ee9513ee01488b02b3e'
input-fingerprint = 'sha256:053ca5c4edf984486f38200f439c0e41fd717bbca9e91db33d17adeb648e45dc'
resolution-input-hash = 'sha256:466421704711c4fd3c71f0b2ed715a0e61d49e3e26f3a2637fee755795849c8e'
