# Managed by azldev component update. Do not edit manually.
version = 1
import-commit = 'f63c6842b28525927f57e766c6e9058781d3c235'
upstream-commit = 'f63c6842b28525927f57e766c6e9058781d3c235'
input-fingerprint = 'sha256:ebad4737a4340b790341514ce811fd6304294ba3d9ab60181d7094fa1fbe0f6a'
resolution-input-hash = 'sha256:466421704711c4fd3c71f0b2ed715a0e61d49e3e26f3a2637fee755795849c8e'
