# Managed by azldev component update. Do not edit manually.
version = 1
import-commit = '6c72c988141c90f79fd783b59084a6e1bb9584dc'
upstream-commit = '6c72c988141c90f79fd783b59084a6e1bb9584dc'
input-fingerprint = 'sha256:ad40934dc6712ec136339608c0d4e2bfcb7a2c5ad24e45b3fef94262d729f3b1'
resolution-input-hash = 'sha256:466421704711c4fd3c71f0b2ed715a0e61d49e3e26f3a2637fee755795849c8e'
