# Managed by azldev component update. Do not edit manually.
version = 1
import-commit = 'e86841309d362a8b2ee564653a702854e985f11e'
upstream-commit = 'e86841309d362a8b2ee564653a702854e985f11e'
input-fingerprint = 'sha256:b7a9a0d26ab7d67ed10c93529d9748afa51ba97881a521bfac863ed500966b61'
resolution-input-hash = 'sha256:466421704711c4fd3c71f0b2ed715a0e61d49e3e26f3a2637fee755795849c8e'
