# Managed by azldev component update. Do not edit manually.
version = 1
import-commit = 'a0c09a8b4c14999cc580d3bd78a1571a66aa2dfa'
upstream-commit = 'a0c09a8b4c14999cc580d3bd78a1571a66aa2dfa'
input-fingerprint = 'sha256:98e3d8df014dc9697fd83a9c13bbee262787bb6407dfb094b4adb506222e8a2d'
resolution-input-hash = 'sha256:466421704711c4fd3c71f0b2ed715a0e61d49e3e26f3a2637fee755795849c8e'
