# Managed by azldev component update. Do not edit manually.
version = 1
import-commit = 'f49f9c1878f21e88602481a30bd37661396767b6'
upstream-commit = 'f49f9c1878f21e88602481a30bd37661396767b6'
input-fingerprint = 'sha256:6af54e5e11b5b4a8f2339dc08ff8454be5d529196022802c59414fa8486d3a86'
resolution-input-hash = 'sha256:466421704711c4fd3c71f0b2ed715a0e61d49e3e26f3a2637fee755795849c8e'
