# Managed by azldev component update. Do not edit manually.
version = 1
import-commit = 'ed102e66e753544abeb5fdf0c2fd1975cbb5f2ab'
upstream-commit = 'ed102e66e753544abeb5fdf0c2fd1975cbb5f2ab'
input-fingerprint = 'sha256:4beb41a4dc79cc8b2c0a3fcd0e9205bd8ccbe952993b32e4b5c3c8c5625d05c4'
resolution-input-hash = 'sha256:466421704711c4fd3c71f0b2ed715a0e61d49e3e26f3a2637fee755795849c8e'
