# Managed by azldev component update. Do not edit manually.
version = 1
import-commit = 'dcb746a3223d42f04a35e0cd8b99fea321d854e9'
upstream-commit = 'dcb746a3223d42f04a35e0cd8b99fea321d854e9'
input-fingerprint = 'sha256:3fb64e792cd560d4e46899a4b9c401326cf33ddb5a9996abbfd95750824d59f8'
resolution-input-hash = 'sha256:466421704711c4fd3c71f0b2ed715a0e61d49e3e26f3a2637fee755795849c8e'
