# Managed by azldev component update. Do not edit manually.
version = 1
import-commit = 'a8142eef1ac527a2138411f7d104ca7caeecfa71'
upstream-commit = 'a8142eef1ac527a2138411f7d104ca7caeecfa71'
input-fingerprint = 'sha256:b581b19f620c7b197444fb319ed5f4b52d935da7194fcbcd3d567e298fe2574b'
resolution-input-hash = 'sha256:466421704711c4fd3c71f0b2ed715a0e61d49e3e26f3a2637fee755795849c8e'
