# Managed by azldev component update. Do not edit manually.
version = 1
import-commit = '39ae86274378b905963f46b28867fed2dfd0efe0'
upstream-commit = '39ae86274378b905963f46b28867fed2dfd0efe0'
input-fingerprint = 'sha256:a7c290bcd7a5ca2a5752c3397453159b66327147593b833cbd04bc1fd4b1f022'
resolution-input-hash = 'sha256:466421704711c4fd3c71f0b2ed715a0e61d49e3e26f3a2637fee755795849c8e'
