# Managed by azldev component update. Do not edit manually.
version = 1
import-commit = 'c819991e6348f7475d632b379b2ae6eca4f1f4a0'
upstream-commit = 'c819991e6348f7475d632b379b2ae6eca4f1f4a0'
input-fingerprint = 'sha256:2244289e090b6ec06a75476789ccc37906d745441e185e0ae5c095e52cc1336f'
resolution-input-hash = 'sha256:466421704711c4fd3c71f0b2ed715a0e61d49e3e26f3a2637fee755795849c8e'
