# Managed by azldev component update. Do not edit manually.
version = 1
import-commit = '1d676f7cdee40088331dbcfd5993a2a3b76cb12e'
upstream-commit = '1d676f7cdee40088331dbcfd5993a2a3b76cb12e'
input-fingerprint = 'sha256:18f947718ee64bbe0ebdf9a4a78da761daff36526b235d836102ea459ba7fd5c'
resolution-input-hash = 'sha256:466421704711c4fd3c71f0b2ed715a0e61d49e3e26f3a2637fee755795849c8e'
