# Managed by azldev component update. Do not edit manually.
version = 1
import-commit = 'fedd9815ed4fc615ccbacbf0117e6050cd0ac7ac'
upstream-commit = 'fedd9815ed4fc615ccbacbf0117e6050cd0ac7ac'
input-fingerprint = 'sha256:82f0f6e8b3bd546af7c4982006157ae1d5ab960e897aefdae50db7c95870e484'
resolution-input-hash = 'sha256:466421704711c4fd3c71f0b2ed715a0e61d49e3e26f3a2637fee755795849c8e'
