# Managed by azldev component update. Do not edit manually.
version = 1
import-commit = '6566db34ebe1f8d43d7a27107d9a273299b83da3'
upstream-commit = '6566db34ebe1f8d43d7a27107d9a273299b83da3'
input-fingerprint = 'sha256:dd381c229d06dc17c172ac49b81f87b8cc67fd84dc783b2008ea1b2a57d867a2'
resolution-input-hash = 'sha256:466421704711c4fd3c71f0b2ed715a0e61d49e3e26f3a2637fee755795849c8e'
