# Managed by azldev component update. Do not edit manually.
version = 1
import-commit = 'a1cb8da5b0d7074dd55033894d9bfbce35ebde12'
upstream-commit = 'a1cb8da5b0d7074dd55033894d9bfbce35ebde12'
input-fingerprint = 'sha256:eff25dbe9fe6f002ca9e2cd2772ea21c5ecb317be1886604f51144a66a21b233'
resolution-input-hash = 'sha256:466421704711c4fd3c71f0b2ed715a0e61d49e3e26f3a2637fee755795849c8e'
