# Managed by azldev component update. Do not edit manually.
version = 1
import-commit = '7283d601e481dc7a4845ae653992a24045937454'
upstream-commit = '7283d601e481dc7a4845ae653992a24045937454'
input-fingerprint = 'sha256:aa296883ae4e922cd436d275db9b41feb820feac6cc2a8dd79bcb359c2c1daeb'
resolution-input-hash = 'sha256:466421704711c4fd3c71f0b2ed715a0e61d49e3e26f3a2637fee755795849c8e'
