# Managed by azldev component update. Do not edit manually.
version = 1
import-commit = 'faee9f728961f99a1507c81f5ddfcea3810a1668'
upstream-commit = 'faee9f728961f99a1507c81f5ddfcea3810a1668'
input-fingerprint = 'sha256:5a929387bdfd87fc0a73194e48e556f6e484e71ac4f441ff4b75e1a69fa7ff3e'
resolution-input-hash = 'sha256:466421704711c4fd3c71f0b2ed715a0e61d49e3e26f3a2637fee755795849c8e'
