# Managed by azldev component update. Do not edit manually.
version = 1
import-commit = '8745900960177b3d922442964714105726447c9c'
upstream-commit = '8745900960177b3d922442964714105726447c9c'
input-fingerprint = 'sha256:aa344354d371d9ffc49d66857849bc84345e1c1411125d801c5b23f5fac8321a'
resolution-input-hash = 'sha256:466421704711c4fd3c71f0b2ed715a0e61d49e3e26f3a2637fee755795849c8e'
