# Managed by azldev component update. Do not edit manually.
version = 1
import-commit = '2e57d1496ef2dd09aa8a5d82433c15a74066ab68'
upstream-commit = '2e57d1496ef2dd09aa8a5d82433c15a74066ab68'
input-fingerprint = 'sha256:ca3b60192e7987424fa0def2642f0d365351d2c23bd114f6a53e8ae358c139de'
resolution-input-hash = 'sha256:466421704711c4fd3c71f0b2ed715a0e61d49e3e26f3a2637fee755795849c8e'
