# Managed by azldev component update. Do not edit manually.
version = 1
import-commit = '84be9a6513402a5a4e4674a0e1b106cf5d50085d'
upstream-commit = '84be9a6513402a5a4e4674a0e1b106cf5d50085d'
input-fingerprint = 'sha256:658a980ff027b49d8f9ca6a19987a1da2dcd17d3962b8b1c69236024d20ecfa3'
resolution-input-hash = 'sha256:466421704711c4fd3c71f0b2ed715a0e61d49e3e26f3a2637fee755795849c8e'
