# Managed by azldev component update. Do not edit manually.
version = 1
import-commit = '0128a75d23dfc44f95de5d3b0794a375cadadbfd'
upstream-commit = '0128a75d23dfc44f95de5d3b0794a375cadadbfd'
input-fingerprint = 'sha256:c82567f7e73f0b02c62012a5eda5f8778a9c6b7d5a1df17eedaa1713d9bae026'
resolution-input-hash = 'sha256:466421704711c4fd3c71f0b2ed715a0e61d49e3e26f3a2637fee755795849c8e'
