# Managed by azldev component update. Do not edit manually.
version = 1
import-commit = '6f4835a4b1c35287db6274e9a0d847ad81d40538'
upstream-commit = '6f4835a4b1c35287db6274e9a0d847ad81d40538'
input-fingerprint = 'sha256:79a185df9e26f143b41d285fc424bebc38de26089b6c0af0c62eae1f7c6aabd3'
resolution-input-hash = 'sha256:466421704711c4fd3c71f0b2ed715a0e61d49e3e26f3a2637fee755795849c8e'
