# Managed by azldev component update. Do not edit manually.
version = 1
import-commit = 'f1173dd5831360b64d649630532310df1d57a590'
upstream-commit = 'f1173dd5831360b64d649630532310df1d57a590'
input-fingerprint = 'sha256:5a804c737027f1d939254544079e8bc143a4a9ae81bd6504dde28c26985a2070'
resolution-input-hash = 'sha256:466421704711c4fd3c71f0b2ed715a0e61d49e3e26f3a2637fee755795849c8e'
