# Managed by azldev component update. Do not edit manually.
version = 1
import-commit = 'b776fbf34bdaf0cdec5452c1ad0b164a47e24eff'
upstream-commit = 'b776fbf34bdaf0cdec5452c1ad0b164a47e24eff'
input-fingerprint = 'sha256:40c4427002185bec13884c20b9f8dc1ed67e5a1f9fa336ec3ef057315b6b2117'
resolution-input-hash = 'sha256:466421704711c4fd3c71f0b2ed715a0e61d49e3e26f3a2637fee755795849c8e'
