# Managed by azldev component update. Do not edit manually.
version = 1
import-commit = '9b9a3f81ddbf0daecef965aa197d7ee785879bb0'
upstream-commit = '9b9a3f81ddbf0daecef965aa197d7ee785879bb0'
input-fingerprint = 'sha256:135efb32a151763c661160b6803dd8573f1f67a05345e16d6bc8fff386705821'
resolution-input-hash = 'sha256:466421704711c4fd3c71f0b2ed715a0e61d49e3e26f3a2637fee755795849c8e'
