# Managed by azldev component update. Do not edit manually.
version = 1
import-commit = '35da1927572eb7adba1396c503fd7463558723ae'
upstream-commit = '35da1927572eb7adba1396c503fd7463558723ae'
input-fingerprint = 'sha256:bd577c99e33582e2ab8f2bb81c19397f725075f748e5a7d2b7affcdb96bac181'
resolution-input-hash = 'sha256:466421704711c4fd3c71f0b2ed715a0e61d49e3e26f3a2637fee755795849c8e'
