# Managed by azldev component update. Do not edit manually.
version = 1
import-commit = 'aa9e39829d733766eeac36be38202e34c400189f'
upstream-commit = 'aa9e39829d733766eeac36be38202e34c400189f'
input-fingerprint = 'sha256:a5391eae5a5281f1d98da4145eed4bc02ebfe5053f63e480fcf500f246559451'
resolution-input-hash = 'sha256:466421704711c4fd3c71f0b2ed715a0e61d49e3e26f3a2637fee755795849c8e'
