# Managed by azldev component update. Do not edit manually.
version = 1
import-commit = '000db7941ed7ad7db3933138ee1cde03f706b9ad'
upstream-commit = '000db7941ed7ad7db3933138ee1cde03f706b9ad'
input-fingerprint = 'sha256:dd48644df963b953c78e7c20f1da66362be0194d97043ff55ca3808b047f76ea'
resolution-input-hash = 'sha256:466421704711c4fd3c71f0b2ed715a0e61d49e3e26f3a2637fee755795849c8e'
