# Managed by azldev component update. Do not edit manually.
version = 1
import-commit = '743fda931ab667f384da6684b4c495099d7a1c70'
upstream-commit = '743fda931ab667f384da6684b4c495099d7a1c70'
input-fingerprint = 'sha256:1e1fc1d81a45199b45ed6ac3784b7e31896b828104752049205708ea982e0a44'
resolution-input-hash = 'sha256:466421704711c4fd3c71f0b2ed715a0e61d49e3e26f3a2637fee755795849c8e'
