# Managed by azldev component update. Do not edit manually.
version = 1
import-commit = 'c1bd2ce3239099228cc934b8d06f8f10899e24d7'
upstream-commit = 'c1bd2ce3239099228cc934b8d06f8f10899e24d7'
input-fingerprint = 'sha256:e4e396b53e01a83c7d3707ce6f8a97c61f44c047de97231f32fe1623459cf202'
resolution-input-hash = 'sha256:466421704711c4fd3c71f0b2ed715a0e61d49e3e26f3a2637fee755795849c8e'
