# Managed by azldev component update. Do not edit manually.
version = 1
import-commit = '2cbfed9e3545e1ffc62f15752837a24057a4aa31'
upstream-commit = '2cbfed9e3545e1ffc62f15752837a24057a4aa31'
input-fingerprint = 'sha256:bbb30acc797eb62ef2cab8154881026e21609aa953d4b2d82f3bb5041e6977bd'
resolution-input-hash = 'sha256:466421704711c4fd3c71f0b2ed715a0e61d49e3e26f3a2637fee755795849c8e'
