# Managed by azldev component update. Do not edit manually.
version = 1
import-commit = '6d6bb0a95ba6933e1d45da713f831f92075037ce'
upstream-commit = '6d6bb0a95ba6933e1d45da713f831f92075037ce'
input-fingerprint = 'sha256:068d4eb9a8ce9ffdaf8d0985c4559765f58d65f2473986c850166be618b6e8b7'
resolution-input-hash = 'sha256:466421704711c4fd3c71f0b2ed715a0e61d49e3e26f3a2637fee755795849c8e'
