# Managed by azldev component update. Do not edit manually.
version = 1
import-commit = '65d9de37d5f6c5a3e196053a275a5928960b3a7f'
upstream-commit = '65d9de37d5f6c5a3e196053a275a5928960b3a7f'
input-fingerprint = 'sha256:0011d3931fc66757a536ef0ceeaeed20747969f93e9a662e2aa8a9097656ae36'
resolution-input-hash = 'sha256:466421704711c4fd3c71f0b2ed715a0e61d49e3e26f3a2637fee755795849c8e'
