# Managed by azldev component update. Do not edit manually.
version = 1
import-commit = 'b2e79817cf91106b9178803d73caea515f321d15'
upstream-commit = 'b2e79817cf91106b9178803d73caea515f321d15'
input-fingerprint = 'sha256:e095ebcbaaa94634b3c7353c032e21c752199b9666da73ef08c42c5009f974c1'
resolution-input-hash = 'sha256:466421704711c4fd3c71f0b2ed715a0e61d49e3e26f3a2637fee755795849c8e'
