# Managed by azldev component update. Do not edit manually.
version = 1
import-commit = '7b8f3871ebfc623f9c0b9127ee2f37960dadcebb'
upstream-commit = '7b8f3871ebfc623f9c0b9127ee2f37960dadcebb'
input-fingerprint = 'sha256:97c358e1e7737f5e99909be03718d771f18c6843f61fcbf6a0067f61682addb0'
resolution-input-hash = 'sha256:466421704711c4fd3c71f0b2ed715a0e61d49e3e26f3a2637fee755795849c8e'
