# Managed by azldev component update. Do not edit manually.
version = 1
import-commit = '0c841f9e1616ee645bef2faeccaad87dd4566040'
upstream-commit = '0c841f9e1616ee645bef2faeccaad87dd4566040'
input-fingerprint = 'sha256:d235e03a6c1a1080989fefeeb60eb56fdbad469ef494f72f2d456647717df2d4'
resolution-input-hash = 'sha256:466421704711c4fd3c71f0b2ed715a0e61d49e3e26f3a2637fee755795849c8e'
