# Managed by azldev component update. Do not edit manually.
version = 1
import-commit = '8618b9614f93ca87aaf45ac36bd89514a34af4bc'
upstream-commit = '8618b9614f93ca87aaf45ac36bd89514a34af4bc'
input-fingerprint = 'sha256:32789319d1dffd3c98a852f5b6dcbb7113adcc854058cf5c212803297ff5ec5b'
resolution-input-hash = 'sha256:466421704711c4fd3c71f0b2ed715a0e61d49e3e26f3a2637fee755795849c8e'
