# Managed by azldev component update. Do not edit manually.
version = 1
import-commit = 'e58b636d67b144eb2e939eb2563ed0ab7caba331'
upstream-commit = 'e58b636d67b144eb2e939eb2563ed0ab7caba331'
input-fingerprint = 'sha256:3233ae1b035d65430b8d1091f63f1697b9168483cd4ed1d16ad9fa5131fd20ee'
resolution-input-hash = 'sha256:466421704711c4fd3c71f0b2ed715a0e61d49e3e26f3a2637fee755795849c8e'
