# Managed by azldev component update. Do not edit manually.
version = 1
import-commit = '29cee20b764dbe341bb077ed984eb07f75635c96'
upstream-commit = '29cee20b764dbe341bb077ed984eb07f75635c96'
input-fingerprint = 'sha256:dd82181082ef304bd53e4f33c6ae147222bbc57c98f348c8a530a3827cd2fe40'
resolution-input-hash = 'sha256:466421704711c4fd3c71f0b2ed715a0e61d49e3e26f3a2637fee755795849c8e'
