# Managed by azldev component update. Do not edit manually.
version = 1
import-commit = '0f5af715dbb64dd27b2a7a7831a4248315cfee76'
upstream-commit = '0f5af715dbb64dd27b2a7a7831a4248315cfee76'
input-fingerprint = 'sha256:1eba62bce9fc79b8e000ba43391192e2cc3bb2327f10aae1e5e75cb4fc76fac3'
resolution-input-hash = 'sha256:466421704711c4fd3c71f0b2ed715a0e61d49e3e26f3a2637fee755795849c8e'
