# Managed by azldev component update. Do not edit manually.
version = 1
import-commit = 'e4ae056e229165d04e5f9d780657edfe5071a60e'
upstream-commit = 'e4ae056e229165d04e5f9d780657edfe5071a60e'
input-fingerprint = 'sha256:9152a4812a5418b2876277ea05e8d29f46d27e76e6fab48df64708e97ba5f7a0'
resolution-input-hash = 'sha256:466421704711c4fd3c71f0b2ed715a0e61d49e3e26f3a2637fee755795849c8e'
