# Managed by azldev component update. Do not edit manually.
version = 1
import-commit = 'e8d0321c7fa193dd9ae79977d16234ebad67df31'
upstream-commit = 'e8d0321c7fa193dd9ae79977d16234ebad67df31'
input-fingerprint = 'sha256:47dc7bd9983dcb1c2865cc98945e93a4419bb5ca11d3b6c0caf4fc1263109146'
resolution-input-hash = 'sha256:466421704711c4fd3c71f0b2ed715a0e61d49e3e26f3a2637fee755795849c8e'
