# Managed by azldev component update. Do not edit manually.
version = 1
import-commit = '2aef3d2e81a6ef9c0a3a09f15247c60841cf1da5'
upstream-commit = '2aef3d2e81a6ef9c0a3a09f15247c60841cf1da5'
input-fingerprint = 'sha256:c97b3f5f4f2bcd458781abed024688603cb7fe0ecf2de9aec34abcf1a95266d3'
resolution-input-hash = 'sha256:466421704711c4fd3c71f0b2ed715a0e61d49e3e26f3a2637fee755795849c8e'
