# Managed by azldev component update. Do not edit manually.
version = 1
import-commit = '72e50ae0acae3bf662ef4da9aba65c47cbaaa60a'
upstream-commit = '72e50ae0acae3bf662ef4da9aba65c47cbaaa60a'
input-fingerprint = 'sha256:4c0254e5e90f091cdad032e133652d180ec607116950be62ecebd468531e23f1'
resolution-input-hash = 'sha256:466421704711c4fd3c71f0b2ed715a0e61d49e3e26f3a2637fee755795849c8e'
