# Managed by azldev component update. Do not edit manually.
version = 1
import-commit = 'b1fafb48618f06347bfef0e6d2fad4e112599f1e'
upstream-commit = 'b1fafb48618f06347bfef0e6d2fad4e112599f1e'
input-fingerprint = 'sha256:ccd9c3fa0cd3a8f12968adf157f1bbc5817f60e2b2f766a2222d4cbb5ec7d7ae'
resolution-input-hash = 'sha256:466421704711c4fd3c71f0b2ed715a0e61d49e3e26f3a2637fee755795849c8e'
