# Managed by azldev component update. Do not edit manually.
version = 1
import-commit = 'ee8bc0c8337f9c446e1e1519afa965e0baa3b532'
upstream-commit = 'ee8bc0c8337f9c446e1e1519afa965e0baa3b532'
input-fingerprint = 'sha256:d819edb1b4de19f4c219c81de6e04002607765a2bb3c2bb07e7b12dac60c9206'
resolution-input-hash = 'sha256:466421704711c4fd3c71f0b2ed715a0e61d49e3e26f3a2637fee755795849c8e'
