# Managed by azldev component update. Do not edit manually.
version = 1
import-commit = 'd2a957e84b473390db3849cfa2a5eb62260f3f6f'
upstream-commit = 'd2a957e84b473390db3849cfa2a5eb62260f3f6f'
input-fingerprint = 'sha256:67ba2f8f2a11e1409e90216ee998f57ca39173d9d8ebc746e00e4e09443567bb'
resolution-input-hash = 'sha256:466421704711c4fd3c71f0b2ed715a0e61d49e3e26f3a2637fee755795849c8e'
