# Managed by azldev component update. Do not edit manually.
version = 1
import-commit = 'aad1f009297cfcfd244c439050bb808a0a7f66d2'
upstream-commit = 'aad1f009297cfcfd244c439050bb808a0a7f66d2'
input-fingerprint = 'sha256:6ff05ccb1ca29625168c1fbbe6a60691e1131401d6b9eec0de0c8ba861992bac'
resolution-input-hash = 'sha256:466421704711c4fd3c71f0b2ed715a0e61d49e3e26f3a2637fee755795849c8e'
