# Managed by azldev component update. Do not edit manually.
version = 1
import-commit = '9fc71d170bfb8643f038b4594b0dce8146a0e21d'
upstream-commit = '9fc71d170bfb8643f038b4594b0dce8146a0e21d'
input-fingerprint = 'sha256:785f367541f068af9ca247a1b569c9ac7f13958ba1b52936c0b6b9b8e1379c67'
resolution-input-hash = 'sha256:466421704711c4fd3c71f0b2ed715a0e61d49e3e26f3a2637fee755795849c8e'
