# Managed by azldev component update. Do not edit manually.
version = 1
import-commit = 'e797f6be794fb9c391f9f431790e10d14ba8edb8'
upstream-commit = 'e797f6be794fb9c391f9f431790e10d14ba8edb8'
input-fingerprint = 'sha256:c799f57a94ed5c97143f7f794bc96daf1594dad34ad337a0fb7e77cda3a3b74e'
resolution-input-hash = 'sha256:466421704711c4fd3c71f0b2ed715a0e61d49e3e26f3a2637fee755795849c8e'
