# Managed by azldev component update. Do not edit manually.
version = 1
import-commit = 'b7957a530339e96e1d6fa69d71ef3eb036c66d14'
upstream-commit = 'b7957a530339e96e1d6fa69d71ef3eb036c66d14'
input-fingerprint = 'sha256:e4d6cbb0689d108b3a9d07f726df34c0ada0ec308669d38931536956bf0b9867'
resolution-input-hash = 'sha256:466421704711c4fd3c71f0b2ed715a0e61d49e3e26f3a2637fee755795849c8e'
