# Managed by azldev component update. Do not edit manually.
version = 1
import-commit = 'a66bfe92a38a8ce818c2ad496703fb9f1eda7911'
upstream-commit = 'a66bfe92a38a8ce818c2ad496703fb9f1eda7911'
input-fingerprint = 'sha256:00194375ae3f1d8a33c62727025a202ec6f992de7863616ae895542c86538a88'
resolution-input-hash = 'sha256:466421704711c4fd3c71f0b2ed715a0e61d49e3e26f3a2637fee755795849c8e'
