# Managed by azldev component update. Do not edit manually.
version = 1
import-commit = '00f01fe0d34475aa515e756094e75809e524db50'
upstream-commit = '00f01fe0d34475aa515e756094e75809e524db50'
input-fingerprint = 'sha256:0bcd8411ef09a2a661e2dad7cba5fc0f5a1a67d3e122fd4df64e87499f8bfa0f'
resolution-input-hash = 'sha256:466421704711c4fd3c71f0b2ed715a0e61d49e3e26f3a2637fee755795849c8e'
