# Managed by azldev component update. Do not edit manually.
version = 1
import-commit = 'a1e821f6c632c32f8f34e7a473257edfeed91ca6'
upstream-commit = 'a1e821f6c632c32f8f34e7a473257edfeed91ca6'
input-fingerprint = 'sha256:b94bd87292d47ed780797187a514acaf7a3586c76d185f74f4b2cf89cda5c4fd'
resolution-input-hash = 'sha256:466421704711c4fd3c71f0b2ed715a0e61d49e3e26f3a2637fee755795849c8e'
