# Managed by azldev component update. Do not edit manually.
version = 1
import-commit = 'b828d1ec844e479592bdadb0f52a06b10381cf41'
upstream-commit = 'b828d1ec844e479592bdadb0f52a06b10381cf41'
input-fingerprint = 'sha256:b481c566c5feb2c015e8a69f78bee93f8103bfe920bba71024554c0f01b0d920'
resolution-input-hash = 'sha256:466421704711c4fd3c71f0b2ed715a0e61d49e3e26f3a2637fee755795849c8e'
