# Managed by azldev component update. Do not edit manually.
version = 1
import-commit = 'cdc23c6ea61df71d5b07aed526b4fa3fbb2f017e'
upstream-commit = 'cdc23c6ea61df71d5b07aed526b4fa3fbb2f017e'
input-fingerprint = 'sha256:4982a0550e53fd468ba0e629e2b6a35ee2a4ac9f400c610fc20c72ab12683961'
resolution-input-hash = 'sha256:466421704711c4fd3c71f0b2ed715a0e61d49e3e26f3a2637fee755795849c8e'
