# Managed by azldev component update. Do not edit manually.
version = 1
import-commit = '535e17c96cb02ff2f28c8e862414d4cdaa694526'
upstream-commit = '535e17c96cb02ff2f28c8e862414d4cdaa694526'
input-fingerprint = 'sha256:651418cddc5c4d853caf4c9c16dc12c651fe71ecf4c026960f13b5faa7258e84'
resolution-input-hash = 'sha256:466421704711c4fd3c71f0b2ed715a0e61d49e3e26f3a2637fee755795849c8e'
