# Managed by azldev component update. Do not edit manually.
version = 1
import-commit = '38bf0844153204a5e79046b59503aa58694754ec'
upstream-commit = '38bf0844153204a5e79046b59503aa58694754ec'
input-fingerprint = 'sha256:0abdb43c8c332fbcce94f412a89c36b52e25412fca67be86037a08af7858d9f0'
resolution-input-hash = 'sha256:466421704711c4fd3c71f0b2ed715a0e61d49e3e26f3a2637fee755795849c8e'
