# Managed by azldev component update. Do not edit manually.
version = 1
import-commit = '173e6de0f719e1e3cc9a9da33af5f9118b418e19'
upstream-commit = '173e6de0f719e1e3cc9a9da33af5f9118b418e19'
input-fingerprint = 'sha256:2931103ffd9fcc36c5b84057bd840b1a1459791a70f9be9b1e700776a66ea984'
resolution-input-hash = 'sha256:466421704711c4fd3c71f0b2ed715a0e61d49e3e26f3a2637fee755795849c8e'
