# Managed by azldev component update. Do not edit manually.
version = 1
import-commit = '01311e2b7196633bac5f2941d19091211d16153d'
upstream-commit = '01311e2b7196633bac5f2941d19091211d16153d'
input-fingerprint = 'sha256:ca1416a7720d4b6d9590a14bb81403aa901a504b7171d5ea080b8c69b0e99b42'
resolution-input-hash = 'sha256:466421704711c4fd3c71f0b2ed715a0e61d49e3e26f3a2637fee755795849c8e'
