# Managed by azldev component update. Do not edit manually.
version = 1
import-commit = '05155b0f14b8043080217b4058dbbf7aead8dd20'
upstream-commit = '05155b0f14b8043080217b4058dbbf7aead8dd20'
input-fingerprint = 'sha256:bf766cf2cad199970f62b99e0e3829dddf30ae974722a63721fb28391e0eb380'
resolution-input-hash = 'sha256:466421704711c4fd3c71f0b2ed715a0e61d49e3e26f3a2637fee755795849c8e'
