# Managed by azldev component update. Do not edit manually.
version = 1
import-commit = 'c2dc65899e768874c69cd1fa187913b6d2b5a80d'
upstream-commit = 'c2dc65899e768874c69cd1fa187913b6d2b5a80d'
input-fingerprint = 'sha256:71ec4c76e76e7c7cea986471054256e3d100d7244ec763e2a63ef52df56a5b3f'
resolution-input-hash = 'sha256:466421704711c4fd3c71f0b2ed715a0e61d49e3e26f3a2637fee755795849c8e'
