# Managed by azldev component update. Do not edit manually.
version = 1
import-commit = '7323d581af724ec10c5ba2aa201e6e00a21a3c78'
upstream-commit = '7323d581af724ec10c5ba2aa201e6e00a21a3c78'
input-fingerprint = 'sha256:ad552ac4042fbfea8e4c5cf0f96eba4984bb70d71c7698187f2898d6315080a3'
resolution-input-hash = 'sha256:466421704711c4fd3c71f0b2ed715a0e61d49e3e26f3a2637fee755795849c8e'
