# Managed by azldev component update. Do not edit manually.
version = 1
import-commit = '1e0368a3981aa4d72344e294d9824fc5bded5ec3'
upstream-commit = '1e0368a3981aa4d72344e294d9824fc5bded5ec3'
input-fingerprint = 'sha256:1b37b822cc44f8370678c18f443ebeb30009e1b72f5c43e1381dd46295eb2d55'
resolution-input-hash = 'sha256:466421704711c4fd3c71f0b2ed715a0e61d49e3e26f3a2637fee755795849c8e'
