# Managed by azldev component update. Do not edit manually.
version = 1
import-commit = 'ecaef41dfc80990c9be6192b9d749839be7d84ed'
upstream-commit = 'ecaef41dfc80990c9be6192b9d749839be7d84ed'
input-fingerprint = 'sha256:ec5baee4d0e49d9bfd338bdaf81e7a8291a05a7d600be3080a09df9525cf37d1'
resolution-input-hash = 'sha256:466421704711c4fd3c71f0b2ed715a0e61d49e3e26f3a2637fee755795849c8e'
