# Managed by azldev component update. Do not edit manually.
version = 1
import-commit = '7d09ff863e1b52360f6177ad8d6fc03295e0068f'
upstream-commit = '7d09ff863e1b52360f6177ad8d6fc03295e0068f'
input-fingerprint = 'sha256:031cb34caf951f46c1329395dc8439c5de16f80790b79078f4153d51f2945a2b'
resolution-input-hash = 'sha256:466421704711c4fd3c71f0b2ed715a0e61d49e3e26f3a2637fee755795849c8e'
