# Managed by azldev component update. Do not edit manually.
version = 1
import-commit = 'c4560a0b1ed5cc02f1d64c69d78dd11b9b942437'
upstream-commit = 'c4560a0b1ed5cc02f1d64c69d78dd11b9b942437'
input-fingerprint = 'sha256:2e2283573ce3e77f0c2b49504c98063a8b3f08f7770ecac2930f16f7ba09ced8'
resolution-input-hash = 'sha256:466421704711c4fd3c71f0b2ed715a0e61d49e3e26f3a2637fee755795849c8e'
