# Managed by azldev component update. Do not edit manually.
version = 1
import-commit = 'b5d291b31883d6c8679d1bee87d00d14bc6b9ad1'
upstream-commit = 'b5d291b31883d6c8679d1bee87d00d14bc6b9ad1'
input-fingerprint = 'sha256:6f02c60a57ea398a50792f283250c2547d66b99f097b35fcff9ff368e2eb8294'
resolution-input-hash = 'sha256:466421704711c4fd3c71f0b2ed715a0e61d49e3e26f3a2637fee755795849c8e'
