# Managed by azldev component update. Do not edit manually.
version = 1
import-commit = 'a53ff9485b0eb43069320bb5979975298289205e'
upstream-commit = 'a53ff9485b0eb43069320bb5979975298289205e'
input-fingerprint = 'sha256:1af11ba4d347cff680892753984cea4772cb8f4bf48c06a9bf3ff035cf65420e'
resolution-input-hash = 'sha256:466421704711c4fd3c71f0b2ed715a0e61d49e3e26f3a2637fee755795849c8e'
