# Managed by azldev component update. Do not edit manually.
version = 1
import-commit = '11cc984771cc46007d8df19cd9a524ba8e9bbe99'
upstream-commit = 'cfce77a89906b68afbab3a5fb314eeeb460e0ee8'
input-fingerprint = 'sha256:7af370c66bb8af431ddd08d458eb2a23ef8701829b86c0d9953341143d0f4ba5'
resolution-input-hash = 'sha256:ae8f8ab7245122fc75b92b901a4a666da26bf6afec2f06d6a51f17ac56898001'
