# Managed by azldev component update. Do not edit manually.
version = 1
import-commit = '7723ac5592e7cefd8f7ca90e6ed77d04afe47aa2'
upstream-commit = '7723ac5592e7cefd8f7ca90e6ed77d04afe47aa2'
input-fingerprint = 'sha256:c78d6eee1f56a86d8fc841066af17989e43be1840b795fab7fc40621c0719199'
resolution-input-hash = 'sha256:466421704711c4fd3c71f0b2ed715a0e61d49e3e26f3a2637fee755795849c8e'
