# Managed by azldev component update. Do not edit manually.
version = 1
import-commit = 'e4f67fdca747f8c926780c11cbfd49a10031bc64'
upstream-commit = 'e4f67fdca747f8c926780c11cbfd49a10031bc64'
input-fingerprint = 'sha256:62f3db1c6c8461a6e6aa9c6340ffa06119fb106fab0ccc7e51b58f24570fb719'
resolution-input-hash = 'sha256:466421704711c4fd3c71f0b2ed715a0e61d49e3e26f3a2637fee755795849c8e'
