# Managed by azldev component update. Do not edit manually.
version = 1
import-commit = '8288fff3bc066bfca187ca95979ddc2e537c59eb'
upstream-commit = '8288fff3bc066bfca187ca95979ddc2e537c59eb'
input-fingerprint = 'sha256:a6e7db8f6ddf3639b5e067f84b9ab504b1f989607343aef3c724a6a32c58853d'
resolution-input-hash = 'sha256:466421704711c4fd3c71f0b2ed715a0e61d49e3e26f3a2637fee755795849c8e'
