# Managed by azldev component update. Do not edit manually.
version = 1
import-commit = 'ad910159d6fa6a1f4719907082affb8ac35c706a'
upstream-commit = 'ad910159d6fa6a1f4719907082affb8ac35c706a'
input-fingerprint = 'sha256:3c056a4abfa5ef8222a5865f961e8dfa28081c40ff7b98f29b82562ba99c40cc'
resolution-input-hash = 'sha256:466421704711c4fd3c71f0b2ed715a0e61d49e3e26f3a2637fee755795849c8e'
