# Managed by azldev component update. Do not edit manually.
version = 1
import-commit = 'e206a5e5f1e0183943696136fa0b879af016d15f'
upstream-commit = 'e206a5e5f1e0183943696136fa0b879af016d15f'
input-fingerprint = 'sha256:cd7ddd3b77fcb3361d39a1225cbb2141043905520d59b294aa16750791b8d8f7'
resolution-input-hash = 'sha256:466421704711c4fd3c71f0b2ed715a0e61d49e3e26f3a2637fee755795849c8e'
