# Managed by azldev component update. Do not edit manually.
version = 1
import-commit = 'b57702f1a27896f4893b92972e316dbcc5da2a8c'
upstream-commit = 'b57702f1a27896f4893b92972e316dbcc5da2a8c'
input-fingerprint = 'sha256:4ceece2129c39e50e3bb03893953f6e39e6583c6a1fbb29e3a00800994098e03'
resolution-input-hash = 'sha256:466421704711c4fd3c71f0b2ed715a0e61d49e3e26f3a2637fee755795849c8e'
