# Managed by azldev component update. Do not edit manually.
version = 1
import-commit = '75640350f3ab002e1342f984c463a6d5c2cb7fdf'
upstream-commit = '75640350f3ab002e1342f984c463a6d5c2cb7fdf'
input-fingerprint = 'sha256:a19b9aa9ee4133db6b1ffcef7f97ee095ce95742e0a83bc7b0b101beb1e573a1'
resolution-input-hash = 'sha256:466421704711c4fd3c71f0b2ed715a0e61d49e3e26f3a2637fee755795849c8e'
