# Managed by azldev component update. Do not edit manually.
version = 1
import-commit = '83bedfd49ced8fa49d44dd5b95a7a8b07921c61f'
upstream-commit = '83bedfd49ced8fa49d44dd5b95a7a8b07921c61f'
input-fingerprint = 'sha256:38b6e6ad57f79189495e90ed188b74a18f889a09616bd060c1e27b3ec1e0b505'
resolution-input-hash = 'sha256:466421704711c4fd3c71f0b2ed715a0e61d49e3e26f3a2637fee755795849c8e'
