# Managed by azldev component update. Do not edit manually.
version = 1
import-commit = 'f8f5ad4594880f3dcb191ee4c64d826c9daf0ca5'
upstream-commit = 'f8f5ad4594880f3dcb191ee4c64d826c9daf0ca5'
input-fingerprint = 'sha256:63c73c0f487575fcdd3ba6be60640a3ed357536e76d5f4059fa0d0a1c886e28a'
resolution-input-hash = 'sha256:466421704711c4fd3c71f0b2ed715a0e61d49e3e26f3a2637fee755795849c8e'
