# Managed by azldev component update. Do not edit manually.
version = 1
import-commit = 'd675d42b5197b714ac63d336851d845551a1097b'
upstream-commit = 'd675d42b5197b714ac63d336851d845551a1097b'
input-fingerprint = 'sha256:5c6b364ff8e59523a7a33fd0288286aae7e65d51f9a924829b76da6f569c69ab'
resolution-input-hash = 'sha256:466421704711c4fd3c71f0b2ed715a0e61d49e3e26f3a2637fee755795849c8e'
