# Managed by azldev component update. Do not edit manually.
version = 1
import-commit = '49172e6590745b26739f941d0b612787e912d9d6'
upstream-commit = '49172e6590745b26739f941d0b612787e912d9d6'
input-fingerprint = 'sha256:0e6188d75131343f0f4151b5432768ff9c257831afa34779bc05b026ebd0c3f5'
resolution-input-hash = 'sha256:466421704711c4fd3c71f0b2ed715a0e61d49e3e26f3a2637fee755795849c8e'
