# Managed by azldev component update. Do not edit manually.
version = 1
import-commit = '35065bc93a1ec7b85a291e5dcb85e1aa03df154b'
upstream-commit = '35065bc93a1ec7b85a291e5dcb85e1aa03df154b'
input-fingerprint = 'sha256:df157108edfe07cd5ae0e5de4c34aed61fa22e7ca2f9f47c0451ef265f4e22d8'
resolution-input-hash = 'sha256:466421704711c4fd3c71f0b2ed715a0e61d49e3e26f3a2637fee755795849c8e'
