# Managed by azldev component update. Do not edit manually.
version = 1
import-commit = '8f8388151a480ed3b9c5709becb257498be5ef1e'
upstream-commit = '8f8388151a480ed3b9c5709becb257498be5ef1e'
input-fingerprint = 'sha256:7f2a86dccc3fecdf0b553a7759528a0484f5264e13db8e770f0da88e2e307e1a'
resolution-input-hash = 'sha256:466421704711c4fd3c71f0b2ed715a0e61d49e3e26f3a2637fee755795849c8e'
