# Managed by azldev component update. Do not edit manually.
version = 1
import-commit = '3497a2f7f2c3e4232f2eedadee041f528172a923'
upstream-commit = '3497a2f7f2c3e4232f2eedadee041f528172a923'
input-fingerprint = 'sha256:82bf71df502c8dbe12a6478521f89430d8a3c362c8f5f6a0961924356522b63e'
resolution-input-hash = 'sha256:466421704711c4fd3c71f0b2ed715a0e61d49e3e26f3a2637fee755795849c8e'
