# Managed by azldev component update. Do not edit manually.
version = 1
import-commit = 'a6a1e083c1ef7a58cf6ae7ac056ef5d8d1dffdd6'
upstream-commit = 'a6a1e083c1ef7a58cf6ae7ac056ef5d8d1dffdd6'
input-fingerprint = 'sha256:01c6848c8a399753bf2093630492b07a899c13f86faf82e933ec70c97b2b747a'
resolution-input-hash = 'sha256:466421704711c4fd3c71f0b2ed715a0e61d49e3e26f3a2637fee755795849c8e'
