# Managed by azldev component update. Do not edit manually.
version = 1
import-commit = '82ba1a4307a6e817547ece6a20f3e8a3147ef621'
upstream-commit = '82ba1a4307a6e817547ece6a20f3e8a3147ef621'
input-fingerprint = 'sha256:1d0d99c054d8c153ad540bc33857a303aacc9cb09b78865417ce99901367f794'
resolution-input-hash = 'sha256:466421704711c4fd3c71f0b2ed715a0e61d49e3e26f3a2637fee755795849c8e'
