# Managed by azldev component update. Do not edit manually.
version = 1
import-commit = '3dbf604d6ada548f84df1eea9f4793a0aa8dad72'
upstream-commit = '3dbf604d6ada548f84df1eea9f4793a0aa8dad72'
input-fingerprint = 'sha256:6aeb4baee27535823adaf8ddb7fe84dc78fb1acf444f476395b9278c9d9c1c2d'
resolution-input-hash = 'sha256:466421704711c4fd3c71f0b2ed715a0e61d49e3e26f3a2637fee755795849c8e'
