# Managed by azldev component update. Do not edit manually.
version = 1
import-commit = '177d42dfc42097027acb7d7278603dbf866fbf25'
upstream-commit = '177d42dfc42097027acb7d7278603dbf866fbf25'
input-fingerprint = 'sha256:3577e96d5c6d7b76cca214a44e4fb70fbb2e2f724c1b2983168ffdc75a880a20'
resolution-input-hash = 'sha256:466421704711c4fd3c71f0b2ed715a0e61d49e3e26f3a2637fee755795849c8e'
