# Managed by azldev component update. Do not edit manually.
version = 1
import-commit = 'bf65ab998a08d609cdf1f33abc1bde38353b7ce9'
upstream-commit = 'bf65ab998a08d609cdf1f33abc1bde38353b7ce9'
input-fingerprint = 'sha256:829af71a31ed670cbdb494629b5d83a21569dfd3bc94eec46247c70d9e793ae7'
resolution-input-hash = 'sha256:466421704711c4fd3c71f0b2ed715a0e61d49e3e26f3a2637fee755795849c8e'
