# Managed by azldev component update. Do not edit manually.
version = 1
import-commit = 'e45807df8fb9eb79c957805f6a3b00e9d07520f9'
upstream-commit = 'e45807df8fb9eb79c957805f6a3b00e9d07520f9'
input-fingerprint = 'sha256:1b609913b34470c6342b1e5453eb10eff028a6ee563a7faafaff7813cf06e1f5'
resolution-input-hash = 'sha256:466421704711c4fd3c71f0b2ed715a0e61d49e3e26f3a2637fee755795849c8e'
