# Managed by azldev component update. Do not edit manually.
version = 1
import-commit = 'ad7f75a9881731ecc9ceda8c83bf56813c4df49a'
upstream-commit = 'ad7f75a9881731ecc9ceda8c83bf56813c4df49a'
input-fingerprint = 'sha256:76e15118187b29b27106c3f16ab46ccff0dbed887e52e0970b5735d9dc33f512'
resolution-input-hash = 'sha256:466421704711c4fd3c71f0b2ed715a0e61d49e3e26f3a2637fee755795849c8e'
