# Managed by azldev component update. Do not edit manually.
version = 1
import-commit = 'e1893699170e44fcb18226b46cafc2f983db25bb'
upstream-commit = 'e1893699170e44fcb18226b46cafc2f983db25bb'
input-fingerprint = 'sha256:73dba5840b6841c54986db12315525b2b0e5ea3290ea9ca73c961e0e435acfda'
resolution-input-hash = 'sha256:466421704711c4fd3c71f0b2ed715a0e61d49e3e26f3a2637fee755795849c8e'
