# Managed by azldev component update. Do not edit manually.
version = 1
import-commit = '6b3d37f480f8ebad6d51646c04e35a7db1ca3380'
upstream-commit = '6b3d37f480f8ebad6d51646c04e35a7db1ca3380'
input-fingerprint = 'sha256:d664f6c5394aec09c3ae4ee8aa1b4486444b7d18ef679d84e0889e0548011aba'
resolution-input-hash = 'sha256:466421704711c4fd3c71f0b2ed715a0e61d49e3e26f3a2637fee755795849c8e'
