# Managed by azldev component update. Do not edit manually.
version = 1
import-commit = '56f4c0a890c569be857627bd58888be871b9124d'
upstream-commit = '56f4c0a890c569be857627bd58888be871b9124d'
input-fingerprint = 'sha256:01a09ab4198a45719300aedaa30f5c343f6f7c8b780b01388ef3d6cac6d5a094'
resolution-input-hash = 'sha256:466421704711c4fd3c71f0b2ed715a0e61d49e3e26f3a2637fee755795849c8e'
