# Managed by azldev component update. Do not edit manually.
version = 1
import-commit = 'f02be59c0d31d0daaafc9801d56e6a6f766f19d8'
upstream-commit = 'f02be59c0d31d0daaafc9801d56e6a6f766f19d8'
input-fingerprint = 'sha256:070f2e9f9b05a5d0a47184ef8c1dee4501c3b0e93bff774754aacefe53522cd8'
resolution-input-hash = 'sha256:466421704711c4fd3c71f0b2ed715a0e61d49e3e26f3a2637fee755795849c8e'
