# Managed by azldev component update. Do not edit manually.
version = 1
import-commit = '31a8926b4824343d0aedf1eeb2ac30381517004a'
upstream-commit = '31a8926b4824343d0aedf1eeb2ac30381517004a'
input-fingerprint = 'sha256:6cb09879510b3bbab892231e73b4f14d8e02803f2c4634a48e385fefab6d566e'
resolution-input-hash = 'sha256:466421704711c4fd3c71f0b2ed715a0e61d49e3e26f3a2637fee755795849c8e'
