# Managed by azldev component update. Do not edit manually.
version = 1
import-commit = 'bf8a0848b7cfc8a0274987188bbcfcec88187e1a'
upstream-commit = 'bf8a0848b7cfc8a0274987188bbcfcec88187e1a'
input-fingerprint = 'sha256:da8777277280486e861b26039083f243bf91501885477f0c1b51d0a6a3f02575'
resolution-input-hash = 'sha256:466421704711c4fd3c71f0b2ed715a0e61d49e3e26f3a2637fee755795849c8e'
