# Managed by azldev component update. Do not edit manually.
version = 1
import-commit = 'f0dd0729352d71ba04cb04755ac7a7117c5d5e50'
upstream-commit = 'f0dd0729352d71ba04cb04755ac7a7117c5d5e50'
input-fingerprint = 'sha256:a0cd5fa7d150108b7e236fa47947de47ff5a7937761c074e39bccb07cd02425f'
resolution-input-hash = 'sha256:466421704711c4fd3c71f0b2ed715a0e61d49e3e26f3a2637fee755795849c8e'
