# Managed by azldev component update. Do not edit manually.
version = 1
import-commit = '9c999282f1a1fb9be47bac8fa267b4b819c6ac08'
upstream-commit = '9c999282f1a1fb9be47bac8fa267b4b819c6ac08'
input-fingerprint = 'sha256:9e2c67a11e72bea4f927c11101cc2f7db2d5f69811cf5e27f25f11250485f9a6'
resolution-input-hash = 'sha256:466421704711c4fd3c71f0b2ed715a0e61d49e3e26f3a2637fee755795849c8e'
