# Managed by azldev component update. Do not edit manually.
version = 1
import-commit = 'fc324e7c9fcfec37b51f41b87d4bb5e8279ea14c'
upstream-commit = 'fc324e7c9fcfec37b51f41b87d4bb5e8279ea14c'
release-counter-baseline = 'sha256:b1ce8cdd46036de736472add05f26e6ebe861c57c282ae83bb557e4d82cad06f'
input-fingerprint = 'sha256:ff0ed011c54e0d437334c8c80359b5f4083f6c9299264158e14d19b5ad5bd4aa'
resolution-input-hash = 'sha256:466421704711c4fd3c71f0b2ed715a0e61d49e3e26f3a2637fee755795849c8e'
