# Managed by azldev component update. Do not edit manually.
version = 1
import-commit = 'd4c355523caf881bb1fc775995c7b35144525614'
upstream-commit = 'd4c355523caf881bb1fc775995c7b35144525614'
input-fingerprint = 'sha256:e26fe16c564ed828089d4f85a0abd902eb6c98088a44cd021d37018946cd15c1'
resolution-input-hash = 'sha256:466421704711c4fd3c71f0b2ed715a0e61d49e3e26f3a2637fee755795849c8e'
