# Managed by azldev component update. Do not edit manually.
version = 1
import-commit = '789d70437aa97f583f8246a07589cbd032cd33f7'
upstream-commit = '789d70437aa97f583f8246a07589cbd032cd33f7'
input-fingerprint = 'sha256:baa1b6dbbe3b49763c5c83a03e50c0aa453a7e874bcba84fc3b5c4f5bd8f5c42'
resolution-input-hash = 'sha256:466421704711c4fd3c71f0b2ed715a0e61d49e3e26f3a2637fee755795849c8e'
