# Managed by azldev component update. Do not edit manually.
version = 1
import-commit = 'adc9dcacc539bca8d8ba2365c6eb7eab33068981'
upstream-commit = 'adc9dcacc539bca8d8ba2365c6eb7eab33068981'
input-fingerprint = 'sha256:6bf3dc032c81fdcde756ec8635be51c51695893d5b50b9a3eb6b05e43009a12b'
resolution-input-hash = 'sha256:466421704711c4fd3c71f0b2ed715a0e61d49e3e26f3a2637fee755795849c8e'
