# Managed by azldev component update. Do not edit manually.
version = 1
import-commit = '7693316baaf37e14b656fe017ef19736a1009005'
upstream-commit = '7693316baaf37e14b656fe017ef19736a1009005'
input-fingerprint = 'sha256:dfa179abd35cf4c167632294e7c5040d2018d92bfe1ec02b415ee57c9222d299'
resolution-input-hash = 'sha256:466421704711c4fd3c71f0b2ed715a0e61d49e3e26f3a2637fee755795849c8e'
