# Managed by azldev component update. Do not edit manually.
version = 1
import-commit = 'aaf7d119d54ed71a5b612fe1ebdfcfddf5c2d510'
upstream-commit = 'aaf7d119d54ed71a5b612fe1ebdfcfddf5c2d510'
input-fingerprint = 'sha256:bccfc72defe2789356bc12866b6d40d6638d1cad82c744882942d3f6dd7ba91b'
resolution-input-hash = 'sha256:466421704711c4fd3c71f0b2ed715a0e61d49e3e26f3a2637fee755795849c8e'
