# Managed by azldev component update. Do not edit manually.
version = 1
import-commit = 'cc733d9fc8ca059bbaf0910c641508b3a6c97b81'
upstream-commit = 'cc733d9fc8ca059bbaf0910c641508b3a6c97b81'
input-fingerprint = 'sha256:33ded8c473d77907c618ed733c77d0657a6bdf1f5d1c797128e52705c32169c5'
resolution-input-hash = 'sha256:466421704711c4fd3c71f0b2ed715a0e61d49e3e26f3a2637fee755795849c8e'
