# Managed by azldev component update. Do not edit manually.
version = 1
import-commit = 'ffc878afd520791e5d56b1a8b4ae70f03507ed3b'
upstream-commit = 'ffc878afd520791e5d56b1a8b4ae70f03507ed3b'
input-fingerprint = 'sha256:59406b2552ff21b0180c23abf8d7602658ba015b7314edb5f6958688e992bc89'
resolution-input-hash = 'sha256:466421704711c4fd3c71f0b2ed715a0e61d49e3e26f3a2637fee755795849c8e'
