# Managed by azldev component update. Do not edit manually.
version = 1
import-commit = 'c40eb1252596eb31fbf99767bbc43420691fb5f9'
upstream-commit = 'c40eb1252596eb31fbf99767bbc43420691fb5f9'
input-fingerprint = 'sha256:79014e2f69332b0ef9a04117efbc905a82362417bf598f6e8bc7b02fc966624b'
resolution-input-hash = 'sha256:466421704711c4fd3c71f0b2ed715a0e61d49e3e26f3a2637fee755795849c8e'
