# Managed by azldev component update. Do not edit manually.
version = 1
import-commit = 'f6bc10d353739557dbf195c4309c23f452eb9d46'
upstream-commit = 'f6bc10d353739557dbf195c4309c23f452eb9d46'
input-fingerprint = 'sha256:e79719a9d53a31b83a38e81b6e20f95b937e54370be74f795367d8e0f0c9604b'
resolution-input-hash = 'sha256:466421704711c4fd3c71f0b2ed715a0e61d49e3e26f3a2637fee755795849c8e'
