# Managed by azldev component update. Do not edit manually.
version = 1
import-commit = 'd437af44a213fce1250630157ab0373d74aa4f70'
upstream-commit = 'd437af44a213fce1250630157ab0373d74aa4f70'
input-fingerprint = 'sha256:ac6ce9ab1932ce893a5b54688a1dfd24509db6a3a23d7a04018d4411dda3fe6c'
resolution-input-hash = 'sha256:466421704711c4fd3c71f0b2ed715a0e61d49e3e26f3a2637fee755795849c8e'
