# Managed by azldev component update. Do not edit manually.
version = 1
import-commit = 'c4e334dac233257e1a7625f1b394a63369f1f137'
upstream-commit = 'c4e334dac233257e1a7625f1b394a63369f1f137'
input-fingerprint = 'sha256:5abac1b7d41012c91928a21a844f28678da9874abd57ba85561eb5985f96d2da'
resolution-input-hash = 'sha256:466421704711c4fd3c71f0b2ed715a0e61d49e3e26f3a2637fee755795849c8e'
