# Managed by azldev component update. Do not edit manually.
version = 1
import-commit = '8487fc03c486d4af5848e708a47d4a6b8a83249f'
upstream-commit = '8487fc03c486d4af5848e708a47d4a6b8a83249f'
input-fingerprint = 'sha256:d389030976cc896ecadceb0107390a51d61aa1e38880da54a37a6e354bcf6137'
resolution-input-hash = 'sha256:466421704711c4fd3c71f0b2ed715a0e61d49e3e26f3a2637fee755795849c8e'
