# Managed by azldev component update. Do not edit manually.
version = 1
import-commit = 'aab9877f0c9e76ae5b0b04fd0a7b2bbcf1a94c79'
upstream-commit = 'aab9877f0c9e76ae5b0b04fd0a7b2bbcf1a94c79'
input-fingerprint = 'sha256:6173962111e98f6e0828435f3487f125488ad0bdcd10069fdf1d55f5247db96d'
resolution-input-hash = 'sha256:466421704711c4fd3c71f0b2ed715a0e61d49e3e26f3a2637fee755795849c8e'
