# Managed by azldev component update. Do not edit manually.
version = 1
import-commit = '327fd63a40b2283617124bb274a5c6942a37cdf2'
upstream-commit = '327fd63a40b2283617124bb274a5c6942a37cdf2'
input-fingerprint = 'sha256:9acbe7290dac4c75d7832ecb01832d8a49684c0494d66017b46637f19c8654e0'
resolution-input-hash = 'sha256:466421704711c4fd3c71f0b2ed715a0e61d49e3e26f3a2637fee755795849c8e'
