# Managed by azldev component update. Do not edit manually.
version = 1
import-commit = 'b7aa4ceebb49b94acdde90030c491740f1a38532'
upstream-commit = 'b7aa4ceebb49b94acdde90030c491740f1a38532'
input-fingerprint = 'sha256:d6451fc54b161be94ec1a26341a8dba16e09145cade9e3440c7a59e340b5601f'
resolution-input-hash = 'sha256:466421704711c4fd3c71f0b2ed715a0e61d49e3e26f3a2637fee755795849c8e'
