# Managed by azldev component update. Do not edit manually.
version = 1
import-commit = '16d5ea79de8d0d823e0996a8de8c8f3c1cd041bd'
upstream-commit = '16d5ea79de8d0d823e0996a8de8c8f3c1cd041bd'
input-fingerprint = 'sha256:beba6dbbe6e043c2d7b5c46f8fb2fb57e648b0fe254be066cee4ed0caf6a5f75'
resolution-input-hash = 'sha256:466421704711c4fd3c71f0b2ed715a0e61d49e3e26f3a2637fee755795849c8e'
