# Managed by azldev component update. Do not edit manually.
version = 1
import-commit = '052f6e95fe8a6ef26fe3c78c87a28248e5919b2d'
upstream-commit = '052f6e95fe8a6ef26fe3c78c87a28248e5919b2d'
input-fingerprint = 'sha256:0a68f2b6e70d73fc2ce354147d41a26369fddcb9e3b9e35a2ec3741f6d76e3cd'
resolution-input-hash = 'sha256:466421704711c4fd3c71f0b2ed715a0e61d49e3e26f3a2637fee755795849c8e'
