# Managed by azldev component update. Do not edit manually.
version = 1
import-commit = 'd51dad8ba2a155c91aca5635a7467a77512716e5'
upstream-commit = 'd51dad8ba2a155c91aca5635a7467a77512716e5'
input-fingerprint = 'sha256:eb88f9237e047222d4dfbef9302b2a8e3619214d89a78a12dba51dcafedd103a'
resolution-input-hash = 'sha256:466421704711c4fd3c71f0b2ed715a0e61d49e3e26f3a2637fee755795849c8e'
