# Managed by azldev component update. Do not edit manually.
version = 1
import-commit = 'a63ceb5efc9884d99ed02d84ff8c9a927ef8078e'
upstream-commit = 'a63ceb5efc9884d99ed02d84ff8c9a927ef8078e'
input-fingerprint = 'sha256:aa7678466eedcce8293a328c6f5de5e62d592d5a7b1bcec6addffb5582e96751'
resolution-input-hash = 'sha256:466421704711c4fd3c71f0b2ed715a0e61d49e3e26f3a2637fee755795849c8e'
