# Managed by azldev component update. Do not edit manually.
version = 1
import-commit = '2b63aa88a178f6bd64469ed4b985910f0597e5db'
upstream-commit = '2b63aa88a178f6bd64469ed4b985910f0597e5db'
input-fingerprint = 'sha256:4aaa30675463f4c2b55165753b85283abd4d1d2e79ba1fbbdf7d08f697a438ef'
resolution-input-hash = 'sha256:466421704711c4fd3c71f0b2ed715a0e61d49e3e26f3a2637fee755795849c8e'
