# Managed by azldev component update. Do not edit manually.
version = 1
import-commit = '53234346a30868bd7a88d9c3934bf274fe2849f5'
upstream-commit = '53234346a30868bd7a88d9c3934bf274fe2849f5'
input-fingerprint = 'sha256:22fc240e532c5bd52ce7b679bbad332c1a0547f261a68fc9227745e64a54d75c'
resolution-input-hash = 'sha256:466421704711c4fd3c71f0b2ed715a0e61d49e3e26f3a2637fee755795849c8e'
