# Managed by azldev component update. Do not edit manually.
version = 1
import-commit = '1a45e4585bbb4e15d525f4ee6d35698f6aa2f3c5'
upstream-commit = '1a45e4585bbb4e15d525f4ee6d35698f6aa2f3c5'
input-fingerprint = 'sha256:962acb08f2810cb1a554ef5cad442cfdb8b3aa86b2f46c415494ecf681a05e32'
resolution-input-hash = 'sha256:466421704711c4fd3c71f0b2ed715a0e61d49e3e26f3a2637fee755795849c8e'
