# Managed by azldev component update. Do not edit manually.
version = 1
import-commit = '842ec70f71e7aa64c5e34386ab69ca7317db76b0'
upstream-commit = '842ec70f71e7aa64c5e34386ab69ca7317db76b0'
input-fingerprint = 'sha256:3470f27b59be14c4e5acb3481458ffb2c3aa190c71877281385f4046d572ec67'
resolution-input-hash = 'sha256:466421704711c4fd3c71f0b2ed715a0e61d49e3e26f3a2637fee755795849c8e'
