# Managed by azldev component update. Do not edit manually.
version = 1
import-commit = 'fb8cbc4ca1764a789b49530c45e97aa873238e54'
upstream-commit = 'fb8cbc4ca1764a789b49530c45e97aa873238e54'
input-fingerprint = 'sha256:c56e6b4017150bcc7b2ab0666065058cc31bdcbd2869862b276fa111aa4d8c8a'
resolution-input-hash = 'sha256:466421704711c4fd3c71f0b2ed715a0e61d49e3e26f3a2637fee755795849c8e'
