# Managed by azldev component update. Do not edit manually.
version = 1
import-commit = '59d650794270779270588d3bf75c015daa29be8c'
upstream-commit = '59d650794270779270588d3bf75c015daa29be8c'
input-fingerprint = 'sha256:a9efba8af3a6396fd587c94b5278e2723e7b40008bc5200232c58de71967b9e8'
resolution-input-hash = 'sha256:466421704711c4fd3c71f0b2ed715a0e61d49e3e26f3a2637fee755795849c8e'
