# Managed by azldev component update. Do not edit manually.
version = 1
import-commit = '519c7b74d081389511108400fe4b0e9a698e48ee'
upstream-commit = '519c7b74d081389511108400fe4b0e9a698e48ee'
input-fingerprint = 'sha256:9a8034ace2c69efab59962b37b55ede66abc297b3961caab5658079fa79a34d1'
resolution-input-hash = 'sha256:466421704711c4fd3c71f0b2ed715a0e61d49e3e26f3a2637fee755795849c8e'
