# Managed by azldev component update. Do not edit manually.
version = 1
import-commit = '5aa15b724cc42a84392274196e6b081048d301ce'
upstream-commit = '5aa15b724cc42a84392274196e6b081048d301ce'
input-fingerprint = 'sha256:f471a39a6902fa2726254bf563c56f59f42588768cb019de439b8d8b2f5988a7'
resolution-input-hash = 'sha256:466421704711c4fd3c71f0b2ed715a0e61d49e3e26f3a2637fee755795849c8e'
