# Managed by azldev component update. Do not edit manually.
version = 1
import-commit = 'f0a0f523e0a31907826b3ccd9041dea222c4fe8a'
upstream-commit = 'f0a0f523e0a31907826b3ccd9041dea222c4fe8a'
input-fingerprint = 'sha256:ea927c37ac8181b058773e269b6ea40ae0f5a1d5b7f2ea562393ea5d988a00c7'
resolution-input-hash = 'sha256:466421704711c4fd3c71f0b2ed715a0e61d49e3e26f3a2637fee755795849c8e'
