# Managed by azldev component update. Do not edit manually.
version = 1
import-commit = 'b444a7ce1f98f0026f4be32333596eca3bb6611f'
upstream-commit = 'b444a7ce1f98f0026f4be32333596eca3bb6611f'
input-fingerprint = 'sha256:3dfe98a71c2bb370699e85b732d55c40d5b38ae7609d638eec955bf64f201d91'
resolution-input-hash = 'sha256:466421704711c4fd3c71f0b2ed715a0e61d49e3e26f3a2637fee755795849c8e'
