# Managed by azldev component update. Do not edit manually.
version = 1
import-commit = '0a76a66e13bf74abceab17e44271f751e92a56ae'
upstream-commit = '0a76a66e13bf74abceab17e44271f751e92a56ae'
input-fingerprint = 'sha256:dff1ac1923bc65adb7a2299265d1ff36d0eaeea8e9dca941f4ff70602fe2751b'
resolution-input-hash = 'sha256:466421704711c4fd3c71f0b2ed715a0e61d49e3e26f3a2637fee755795849c8e'
