# Managed by azldev component update. Do not edit manually.
version = 1
import-commit = '0ae5c262bc49953426eb81d0fa155bf7a4abb3bb'
upstream-commit = '0ae5c262bc49953426eb81d0fa155bf7a4abb3bb'
input-fingerprint = 'sha256:881d9f690a5d5b3c5b40e6e12bca4c63925ed9f631191c9e18cb9efa89c7242e'
resolution-input-hash = 'sha256:466421704711c4fd3c71f0b2ed715a0e61d49e3e26f3a2637fee755795849c8e'
