# Managed by azldev component update. Do not edit manually.
version = 1
import-commit = 'ee029cdd60f65e1c7389705d5ad278fc09f49d17'
upstream-commit = 'ee029cdd60f65e1c7389705d5ad278fc09f49d17'
input-fingerprint = 'sha256:2f8046d6a4308afb71350c15b6f3eeca459b88dc4b48780ee352e1a4aa731a8e'
resolution-input-hash = 'sha256:466421704711c4fd3c71f0b2ed715a0e61d49e3e26f3a2637fee755795849c8e'
