# Managed by azldev component update. Do not edit manually.
version = 1
import-commit = 'f4313e3d9cd84295da16a05e787b6b9080b92067'
upstream-commit = 'f4313e3d9cd84295da16a05e787b6b9080b92067'
input-fingerprint = 'sha256:fcbe5719701dc90cb91d636740f13166d07498ead6a7ee805ce2868783c1a1aa'
resolution-input-hash = 'sha256:466421704711c4fd3c71f0b2ed715a0e61d49e3e26f3a2637fee755795849c8e'
