# Managed by azldev component update. Do not edit manually.
version = 1
import-commit = 'ca03529e6b93f6c5e683902103c3fab548477642'
upstream-commit = 'ca03529e6b93f6c5e683902103c3fab548477642'
input-fingerprint = 'sha256:9293c033fc9abfe7037b692633cc98485677b492f303c77d39b60fcd6f3eca4e'
resolution-input-hash = 'sha256:466421704711c4fd3c71f0b2ed715a0e61d49e3e26f3a2637fee755795849c8e'
