# Managed by azldev component update. Do not edit manually.
version = 1
import-commit = '515889c367deb1be579b198f732a1892ad40c407'
upstream-commit = '515889c367deb1be579b198f732a1892ad40c407'
input-fingerprint = 'sha256:1277c1188c3661fb8fb4c2982300f6cc0dfb0971f94b9edc4efcf459548dee5a'
resolution-input-hash = 'sha256:466421704711c4fd3c71f0b2ed715a0e61d49e3e26f3a2637fee755795849c8e'
