# Managed by azldev component update. Do not edit manually.
version = 1
import-commit = '090f0e783a58205d362da82342fedcb315432d57'
upstream-commit = '090f0e783a58205d362da82342fedcb315432d57'
input-fingerprint = 'sha256:7a65839b5816a0f5fc6e2223b682e97a0e6a7f17b6b801d76d189a74786996a7'
resolution-input-hash = 'sha256:466421704711c4fd3c71f0b2ed715a0e61d49e3e26f3a2637fee755795849c8e'
