# Managed by azldev component update. Do not edit manually.
version = 1
import-commit = '231d7a2c15b43245d9d95d78b24a2c2930eb6449'
upstream-commit = '231d7a2c15b43245d9d95d78b24a2c2930eb6449'
input-fingerprint = 'sha256:28f2a89191f1fb40d78393cae1f15675bf18440910c4528159a2a9d6ea01358e'
resolution-input-hash = 'sha256:466421704711c4fd3c71f0b2ed715a0e61d49e3e26f3a2637fee755795849c8e'
