# Managed by azldev component update. Do not edit manually.
version = 1
import-commit = 'b512f7b56a34ea787151188ed2f76f4a7ee45ff4'
upstream-commit = 'b512f7b56a34ea787151188ed2f76f4a7ee45ff4'
input-fingerprint = 'sha256:219ef592b00f7e98396670ac1d353ce8b95975a584d95943e52394f4f59cf218'
resolution-input-hash = 'sha256:466421704711c4fd3c71f0b2ed715a0e61d49e3e26f3a2637fee755795849c8e'
