# Managed by azldev component update. Do not edit manually.
version = 1
import-commit = '76430d048b2d20885c37f13c79ab8fefd2331da6'
upstream-commit = '76430d048b2d20885c37f13c79ab8fefd2331da6'
input-fingerprint = 'sha256:3039250479850086c670eef3a564476b11d294099a3c88f1c348814e0834b458'
resolution-input-hash = 'sha256:466421704711c4fd3c71f0b2ed715a0e61d49e3e26f3a2637fee755795849c8e'
