# Managed by azldev component update. Do not edit manually.
version = 1
import-commit = 'bcacb49b360f8ccf2e14fd087601789d42005fa1'
upstream-commit = 'bcacb49b360f8ccf2e14fd087601789d42005fa1'
input-fingerprint = 'sha256:3097a228a075a042b1f0e6342b85f4c1bc0a6f3572cb7f9284ec15f305e4e48b'
resolution-input-hash = 'sha256:466421704711c4fd3c71f0b2ed715a0e61d49e3e26f3a2637fee755795849c8e'
