# Managed by azldev component update. Do not edit manually.
version = 1
import-commit = '17e77b107d20b6d1b23983d291d38f74997d2ecb'
upstream-commit = '17e77b107d20b6d1b23983d291d38f74997d2ecb'
input-fingerprint = 'sha256:b415ee989f3c5c8d454c34c7a5ee17f30a2a236eea0cc67cc533b0b06996eae3'
resolution-input-hash = 'sha256:466421704711c4fd3c71f0b2ed715a0e61d49e3e26f3a2637fee755795849c8e'
