# Managed by azldev component update. Do not edit manually.
version = 1
import-commit = '0c7dfeb83cb41899c7f12d490f5a177013366978'
upstream-commit = '0c7dfeb83cb41899c7f12d490f5a177013366978'
input-fingerprint = 'sha256:d95447cc3d752638d494a26cc6eb77734a328726ea6631be6244b7abe38eb750'
resolution-input-hash = 'sha256:466421704711c4fd3c71f0b2ed715a0e61d49e3e26f3a2637fee755795849c8e'
