# Managed by azldev component update. Do not edit manually.
version = 1
import-commit = '77a151fedf6a4b9ab9a42f1e5b50fc6acf251000'
upstream-commit = '77a151fedf6a4b9ab9a42f1e5b50fc6acf251000'
input-fingerprint = 'sha256:c4e42b5c3f342b9f0e59312a4c5889bc65ca62543a5c5eccebb421ec63c06462'
resolution-input-hash = 'sha256:466421704711c4fd3c71f0b2ed715a0e61d49e3e26f3a2637fee755795849c8e'
