# Managed by azldev component update. Do not edit manually.
version = 1
import-commit = '490d882265070e16052203bd18fe8c19dc6c6e3b'
upstream-commit = '490d882265070e16052203bd18fe8c19dc6c6e3b'
input-fingerprint = 'sha256:3775823c030227be71dfea3038c63d663d06d5bdd157e057ee588a79171e2d53'
resolution-input-hash = 'sha256:466421704711c4fd3c71f0b2ed715a0e61d49e3e26f3a2637fee755795849c8e'
