# Managed by azldev component update. Do not edit manually.
version = 1
import-commit = 'c7b8d700412ecd7558faa320b20bfc9bd2abd985'
upstream-commit = 'c7b8d700412ecd7558faa320b20bfc9bd2abd985'
input-fingerprint = 'sha256:d37db6fe41bfdd86e00695a4f94abac8f23b062c3e6039056c946823679574fc'
resolution-input-hash = 'sha256:466421704711c4fd3c71f0b2ed715a0e61d49e3e26f3a2637fee755795849c8e'
