# Managed by azldev component update. Do not edit manually.
version = 1
import-commit = '08cad20025b7069eda32e80a5b3187fa76d624a7'
upstream-commit = '08cad20025b7069eda32e80a5b3187fa76d624a7'
input-fingerprint = 'sha256:cb3e62de1b0d8789714f73054da1b318788796e94512e32d3a8beae4dd69564a'
resolution-input-hash = 'sha256:466421704711c4fd3c71f0b2ed715a0e61d49e3e26f3a2637fee755795849c8e'
