# Managed by azldev component update. Do not edit manually.
version = 1
import-commit = '44d3668476ffc6f18a2b739ec231d176e483d216'
upstream-commit = '44d3668476ffc6f18a2b739ec231d176e483d216'
input-fingerprint = 'sha256:34c1e1470a53934d23b5d56ff2cb35faf8ea49a379b4109dfc04825e01eb6eeb'
resolution-input-hash = 'sha256:466421704711c4fd3c71f0b2ed715a0e61d49e3e26f3a2637fee755795849c8e'
