# Managed by azldev component update. Do not edit manually.
version = 1
import-commit = '83ac21f683d509043cb1767587bec681b441cd6b'
upstream-commit = '83ac21f683d509043cb1767587bec681b441cd6b'
input-fingerprint = 'sha256:8138739e2ad7ba488e2182670288d0fd08ee0b6b69bcd53c7bffcf84bddbf84d'
resolution-input-hash = 'sha256:466421704711c4fd3c71f0b2ed715a0e61d49e3e26f3a2637fee755795849c8e'
