# Managed by azldev component update. Do not edit manually.
version = 1
import-commit = 'b91b2ef611701fae75b313535f38af7c38d6e375'
upstream-commit = 'b91b2ef611701fae75b313535f38af7c38d6e375'
input-fingerprint = 'sha256:92a4d17be3709823ed097674b89744130dfb8bcaa46461a2eebdfa0c347ffb82'
resolution-input-hash = 'sha256:466421704711c4fd3c71f0b2ed715a0e61d49e3e26f3a2637fee755795849c8e'
