# Managed by azldev component update. Do not edit manually.
version = 1
import-commit = '2c80edfdf8a7539550d0a093dd93044ecdea1681'
upstream-commit = '2c80edfdf8a7539550d0a093dd93044ecdea1681'
input-fingerprint = 'sha256:849024a5a4171495759a60244e8b70c2ea88b17b44407c76da5844be9ee68810'
resolution-input-hash = 'sha256:466421704711c4fd3c71f0b2ed715a0e61d49e3e26f3a2637fee755795849c8e'
