# Managed by azldev component update. Do not edit manually.
version = 1
import-commit = '06fd4be9bdf61997127837ea60e423a6623db323'
upstream-commit = '06fd4be9bdf61997127837ea60e423a6623db323'
input-fingerprint = 'sha256:906c7d06881c006e9d1e88324c3f4a79ad08d08450a5b1907ae77f4b719152f1'
resolution-input-hash = 'sha256:466421704711c4fd3c71f0b2ed715a0e61d49e3e26f3a2637fee755795849c8e'
