# Managed by azldev component update. Do not edit manually.
version = 1
import-commit = '0ec8b5f4d4210aaab891731bea1bce483cbb9750'
upstream-commit = '0ec8b5f4d4210aaab891731bea1bce483cbb9750'
input-fingerprint = 'sha256:f41c82c0384a6c10a9d30552f280453d5beec556b636e397da1132461921b1d9'
resolution-input-hash = 'sha256:466421704711c4fd3c71f0b2ed715a0e61d49e3e26f3a2637fee755795849c8e'
