# Managed by azldev component update. Do not edit manually.
version = 1
import-commit = '0d1a67d32474df1248a5fa1eda9a9ff4dbb45433'
upstream-commit = '0d1a67d32474df1248a5fa1eda9a9ff4dbb45433'
input-fingerprint = 'sha256:3e0a6dfe7e083f53864b9b5de572641cbf589025468f9c341c9430ec46f60070'
resolution-input-hash = 'sha256:466421704711c4fd3c71f0b2ed715a0e61d49e3e26f3a2637fee755795849c8e'
