# Managed by azldev component update. Do not edit manually.
version = 1
import-commit = '8a1fc06b5d43853d58ee061956ac6788ae299ad6'
upstream-commit = '8a1fc06b5d43853d58ee061956ac6788ae299ad6'
input-fingerprint = 'sha256:7fb3278dc649a9d5d23659ee4107680c9d008fa0340c936bc621845dd0da0198'
resolution-input-hash = 'sha256:466421704711c4fd3c71f0b2ed715a0e61d49e3e26f3a2637fee755795849c8e'
