# Managed by azldev component update. Do not edit manually.
version = 1
import-commit = '7ac087592562782133f4a85aeaa2481cd35a7bd0'
upstream-commit = '7ac087592562782133f4a85aeaa2481cd35a7bd0'
input-fingerprint = 'sha256:1c754ca7ab490d3641c4de2497c952576ce15bddfc23d575f073ec6e05c5ead9'
resolution-input-hash = 'sha256:466421704711c4fd3c71f0b2ed715a0e61d49e3e26f3a2637fee755795849c8e'
