# Managed by azldev component update. Do not edit manually.
version = 1
import-commit = '13079037e58bb1e79eae22b91f2bf311a67e26a0'
upstream-commit = '13079037e58bb1e79eae22b91f2bf311a67e26a0'
input-fingerprint = 'sha256:fe74bc6e8ec08164ffa80f5ef7a77311ce4fcd489dea6113c7cc346f76544ab0'
resolution-input-hash = 'sha256:466421704711c4fd3c71f0b2ed715a0e61d49e3e26f3a2637fee755795849c8e'
