# Managed by azldev component update. Do not edit manually.
version = 1
import-commit = 'd979d0229f2bfed57cc28cf1f12465b808cef695'
upstream-commit = 'd979d0229f2bfed57cc28cf1f12465b808cef695'
input-fingerprint = 'sha256:72fe868285ebed66e22a95627edf2bf12a0f9a366c416161c3af799e65efba0c'
resolution-input-hash = 'sha256:466421704711c4fd3c71f0b2ed715a0e61d49e3e26f3a2637fee755795849c8e'
