# Managed by azldev component update. Do not edit manually.
version = 1
import-commit = '6a7740fcc6fe08051c6c6e98d9ecbc805a5a7ee1'
upstream-commit = '6a7740fcc6fe08051c6c6e98d9ecbc805a5a7ee1'
input-fingerprint = 'sha256:9537767a3906477cff56a5a7b5b5f6ce15f6841e8e6d75a5a9bc8af2f18fd605'
resolution-input-hash = 'sha256:466421704711c4fd3c71f0b2ed715a0e61d49e3e26f3a2637fee755795849c8e'
