# Managed by azldev component update. Do not edit manually.
version = 1
import-commit = 'e59ff63f8249a79653ac443e9ff9a7b028af7944'
upstream-commit = 'e59ff63f8249a79653ac443e9ff9a7b028af7944'
input-fingerprint = 'sha256:a78d6167df83718f294e95085cc3c45236bdc8c35706432ee013bbf469e6127d'
resolution-input-hash = 'sha256:466421704711c4fd3c71f0b2ed715a0e61d49e3e26f3a2637fee755795849c8e'
