# Managed by azldev component update. Do not edit manually.
version = 1
import-commit = '0a8d64d6d5ad6cee7fe8ade5b2d12bbd16deb99f'
upstream-commit = '0a8d64d6d5ad6cee7fe8ade5b2d12bbd16deb99f'
input-fingerprint = 'sha256:f1acc16cfd7fa37044c6d715c0ad70529a3ccebc16f0519868322d2fb4b8b8bb'
resolution-input-hash = 'sha256:466421704711c4fd3c71f0b2ed715a0e61d49e3e26f3a2637fee755795849c8e'
