# Managed by azldev component update. Do not edit manually.
version = 1
import-commit = '27374d03c20923b65a672de89bf4b1d52f60ed13'
upstream-commit = '27374d03c20923b65a672de89bf4b1d52f60ed13'
input-fingerprint = 'sha256:a522b16d33c0f06d4edaed6f913d69f63d05b9505302c516260ca3bd41607dba'
resolution-input-hash = 'sha256:466421704711c4fd3c71f0b2ed715a0e61d49e3e26f3a2637fee755795849c8e'
