# Managed by azldev component update. Do not edit manually.
version = 1
import-commit = '7d1dee8e0a91a60ba9d37669a2c7e21494ec4f23'
upstream-commit = '7d1dee8e0a91a60ba9d37669a2c7e21494ec4f23'
input-fingerprint = 'sha256:683ab0539f0a44a9142cd51a5eb39be39773435487022f831cce3eb2fe65a4fc'
resolution-input-hash = 'sha256:466421704711c4fd3c71f0b2ed715a0e61d49e3e26f3a2637fee755795849c8e'
