# Managed by azldev component update. Do not edit manually.
version = 1
import-commit = '03aab01829bdd2a1e8fca6c699ab3b94161cb15d'
upstream-commit = '03aab01829bdd2a1e8fca6c699ab3b94161cb15d'
input-fingerprint = 'sha256:8452c0fa08812bfe5e56fcab9f6123b9c5625cc80d0e032ec297ef4581921961'
resolution-input-hash = 'sha256:466421704711c4fd3c71f0b2ed715a0e61d49e3e26f3a2637fee755795849c8e'
