# Managed by azldev component update. Do not edit manually.
version = 1
import-commit = '450996c959d59519d7f9876b96336a499aa2aca9'
upstream-commit = '450996c959d59519d7f9876b96336a499aa2aca9'
input-fingerprint = 'sha256:4328f93c880dbcc699261289b378b2973b77eace012457a44c768e416ad3af4d'
resolution-input-hash = 'sha256:466421704711c4fd3c71f0b2ed715a0e61d49e3e26f3a2637fee755795849c8e'
