# Managed by azldev component update. Do not edit manually.
version = 1
import-commit = 'a7369abfd777dea3c675e4fe68f09abaaebbcd70'
upstream-commit = 'a7369abfd777dea3c675e4fe68f09abaaebbcd70'
input-fingerprint = 'sha256:468da9e47dd6c6ad4a5c1fb0146bcbc5b817b63b1352e26d2c5a4154caaec7de'
resolution-input-hash = 'sha256:466421704711c4fd3c71f0b2ed715a0e61d49e3e26f3a2637fee755795849c8e'
