# Managed by azldev component update. Do not edit manually.
version = 1
import-commit = 'f8caf3c2bee3c66ce5dd3d1d3fa4bcc66e9b6388'
upstream-commit = 'f8caf3c2bee3c66ce5dd3d1d3fa4bcc66e9b6388'
input-fingerprint = 'sha256:80da7ef3682903e1c71b26980d329c435e05e0d7baf889ca1fea067047ba02d2'
resolution-input-hash = 'sha256:466421704711c4fd3c71f0b2ed715a0e61d49e3e26f3a2637fee755795849c8e'
