# Managed by azldev component update. Do not edit manually.
version = 1
import-commit = '1b851ba05850803f8e08d18c8a8a410a0f91361a'
upstream-commit = '1b851ba05850803f8e08d18c8a8a410a0f91361a'
input-fingerprint = 'sha256:29f2e9c2e6853e1bc48022ee643f33fec633eaf2bb62fefb59b00265fa3737ea'
resolution-input-hash = 'sha256:466421704711c4fd3c71f0b2ed715a0e61d49e3e26f3a2637fee755795849c8e'
