# Managed by azldev component update. Do not edit manually.
version = 1
import-commit = '731f510ff960d7a13a4ad3fb9677aa0d2f3ac963'
upstream-commit = '731f510ff960d7a13a4ad3fb9677aa0d2f3ac963'
input-fingerprint = 'sha256:6420e02347aa309b2226fc3d900d047a4f5803851a8d9c8c37e6b24fc849f903'
resolution-input-hash = 'sha256:466421704711c4fd3c71f0b2ed715a0e61d49e3e26f3a2637fee755795849c8e'
