# Managed by azldev component update. Do not edit manually.
version = 1
import-commit = 'e3ae3f808620249e9dab686eddbf2dc1f9069d06'
upstream-commit = 'e3ae3f808620249e9dab686eddbf2dc1f9069d06'
input-fingerprint = 'sha256:7ba28a157bcd65122c9ba62e2eb3220ad208f1a6bd679ef465bbf50bc22680d3'
resolution-input-hash = 'sha256:466421704711c4fd3c71f0b2ed715a0e61d49e3e26f3a2637fee755795849c8e'
