# Managed by azldev component update. Do not edit manually.
version = 1
import-commit = '1a71b6fac624283573d124679062034fb8eed3fc'
upstream-commit = '1a71b6fac624283573d124679062034fb8eed3fc'
input-fingerprint = 'sha256:5cedbba8c5aa92c4f9f3fe9931544b5b2b7d142c443fe99a3f7ade7b6467aea7'
resolution-input-hash = 'sha256:466421704711c4fd3c71f0b2ed715a0e61d49e3e26f3a2637fee755795849c8e'
