# Managed by azldev component update. Do not edit manually.
version = 1
import-commit = '34ee0b04f4bd9d78860ec826384ca2abf41433c4'
upstream-commit = '34ee0b04f4bd9d78860ec826384ca2abf41433c4'
input-fingerprint = 'sha256:a86409831b530c0bed8ce65dc827a691df2cff432d4c984a09c96b9425f2f66b'
resolution-input-hash = 'sha256:466421704711c4fd3c71f0b2ed715a0e61d49e3e26f3a2637fee755795849c8e'
