# Managed by azldev component update. Do not edit manually.
version = 1
import-commit = 'e41dbade6c041ae22f0fb610a5c989982145724d'
upstream-commit = 'e41dbade6c041ae22f0fb610a5c989982145724d'
input-fingerprint = 'sha256:8e2c17196cc47b9d268af0cc6558144aeb2fdf66488e839ce77b93462fb1f029'
resolution-input-hash = 'sha256:466421704711c4fd3c71f0b2ed715a0e61d49e3e26f3a2637fee755795849c8e'
