# Managed by azldev component update. Do not edit manually.
version = 1
import-commit = '871f4614520420f97fbaba8400eceaa69a760874'
upstream-commit = '871f4614520420f97fbaba8400eceaa69a760874'
input-fingerprint = 'sha256:d148c0c67992ffb3da24a2042c70ad3409161af0a3ebbf78578cc6291d7284e3'
resolution-input-hash = 'sha256:466421704711c4fd3c71f0b2ed715a0e61d49e3e26f3a2637fee755795849c8e'
