# Managed by azldev component update. Do not edit manually.
version = 1
import-commit = '74771cf267f894960dcb7f9b557ca04e7835108b'
upstream-commit = '74771cf267f894960dcb7f9b557ca04e7835108b'
input-fingerprint = 'sha256:8be1584ac5cb626e45f77713198ee33a0a6879b0c1f76722805c21bdf6cef477'
resolution-input-hash = 'sha256:466421704711c4fd3c71f0b2ed715a0e61d49e3e26f3a2637fee755795849c8e'
