# Managed by azldev component update. Do not edit manually.
version = 1
import-commit = '115d1c80d0f55fc032ce8e92c2f997a7b7b394b7'
upstream-commit = '115d1c80d0f55fc032ce8e92c2f997a7b7b394b7'
input-fingerprint = 'sha256:ce44f47d831e21a059ce8219f8f547107b4512ce585b411434225afe6b749da7'
resolution-input-hash = 'sha256:466421704711c4fd3c71f0b2ed715a0e61d49e3e26f3a2637fee755795849c8e'
