# Managed by azldev component update. Do not edit manually.
version = 1
import-commit = 'a32319d42d8e198e670b79aadda37126723d76a2'
upstream-commit = 'a32319d42d8e198e670b79aadda37126723d76a2'
input-fingerprint = 'sha256:3edf4ec3ec5139da7918bb8e3220a30f6b155cdd0b6ec2aae19ca85dcae2bffa'
resolution-input-hash = 'sha256:466421704711c4fd3c71f0b2ed715a0e61d49e3e26f3a2637fee755795849c8e'
