# Managed by azldev component update. Do not edit manually.
version = 1
import-commit = '51192366e0aed9d27aa1a41e7ca0bea56b4c5331'
upstream-commit = '51192366e0aed9d27aa1a41e7ca0bea56b4c5331'
input-fingerprint = 'sha256:c3eb387cfb7c1c3df41c06c8c9e3a8a70d2879d6f0ee8f43832588ba3f203ff1'
resolution-input-hash = 'sha256:466421704711c4fd3c71f0b2ed715a0e61d49e3e26f3a2637fee755795849c8e'
