# Managed by azldev component update. Do not edit manually.
version = 1
import-commit = 'fb8bf0cda8680d227bd21777a13a6baec95ab02d'
upstream-commit = 'fb8bf0cda8680d227bd21777a13a6baec95ab02d'
input-fingerprint = 'sha256:3f8e4ca76a1f9167c63ff60f78913129690d63e1fcf562236aa3f7990ef7ff80'
resolution-input-hash = 'sha256:466421704711c4fd3c71f0b2ed715a0e61d49e3e26f3a2637fee755795849c8e'
