# Managed by azldev component update. Do not edit manually.
version = 1
import-commit = '9b20e22f3534528c995ffd1c8331a7a95d3c4bf0'
upstream-commit = '9b20e22f3534528c995ffd1c8331a7a95d3c4bf0'
input-fingerprint = 'sha256:d30b8651a26beb99c553b95a3f6ea47e03ac6923adfe8a7237b064f99713bf8f'
resolution-input-hash = 'sha256:466421704711c4fd3c71f0b2ed715a0e61d49e3e26f3a2637fee755795849c8e'
