# Managed by azldev component update. Do not edit manually.
version = 1
import-commit = '5dabce830e603754d63f9d64b629d15725484ff1'
upstream-commit = '5dabce830e603754d63f9d64b629d15725484ff1'
input-fingerprint = 'sha256:90bd52c543e8ae07c78cc7505a00241b9824c48adbfe83017456757017efc50e'
resolution-input-hash = 'sha256:466421704711c4fd3c71f0b2ed715a0e61d49e3e26f3a2637fee755795849c8e'
