# Managed by azldev component update. Do not edit manually.
version = 1
import-commit = '5d1d2a2c2d33f6299e39548eb67d3571a063e384'
upstream-commit = '5d1d2a2c2d33f6299e39548eb67d3571a063e384'
input-fingerprint = 'sha256:e5591bde4a49ef6bfd109b1943031ec9a50a85a943a464953070b31c8c046ec1'
resolution-input-hash = 'sha256:466421704711c4fd3c71f0b2ed715a0e61d49e3e26f3a2637fee755795849c8e'
