# Managed by azldev component update. Do not edit manually.
version = 1
import-commit = 'e20c2686e13c46bdea12f1d25696c7ed50cf8c96'
upstream-commit = 'e20c2686e13c46bdea12f1d25696c7ed50cf8c96'
input-fingerprint = 'sha256:d262f73152bed0fc42eafae74ffd5f4234b3140848ec0bbbec331f912c43b944'
resolution-input-hash = 'sha256:466421704711c4fd3c71f0b2ed715a0e61d49e3e26f3a2637fee755795849c8e'
