# Managed by azldev component update. Do not edit manually.
version = 1
import-commit = '0643927c64ca0e1a5b5330e08a478f02ad382c72'
upstream-commit = '0643927c64ca0e1a5b5330e08a478f02ad382c72'
input-fingerprint = 'sha256:90c40c2d8d216efd682b77c6baf41c92064e022474a27ebf25d910620ee22828'
resolution-input-hash = 'sha256:466421704711c4fd3c71f0b2ed715a0e61d49e3e26f3a2637fee755795849c8e'
