# Managed by azldev component update. Do not edit manually.
version = 1
import-commit = 'a01eba892e386d9915ce379f6c6f54524857cc83'
upstream-commit = 'a01eba892e386d9915ce379f6c6f54524857cc83'
input-fingerprint = 'sha256:f5b8e22c213a7467320e53e628a0b0ab342fa639adb34049a8b44901c817db2f'
resolution-input-hash = 'sha256:466421704711c4fd3c71f0b2ed715a0e61d49e3e26f3a2637fee755795849c8e'
