# Managed by azldev component update. Do not edit manually.
version = 1
import-commit = '2112842345b2beaf56172863ba771adc8bd5c32b'
upstream-commit = '2112842345b2beaf56172863ba771adc8bd5c32b'
input-fingerprint = 'sha256:fd081184080dfe7ca94fc6f7ced6a6f768b1224c42bc3bc41b9ffa3212df87b2'
resolution-input-hash = 'sha256:466421704711c4fd3c71f0b2ed715a0e61d49e3e26f3a2637fee755795849c8e'
