# Managed by azldev component update. Do not edit manually.
version = 1
import-commit = '1b2b56c6a1faaf478acc95ffab48346dcf509f3d'
upstream-commit = '1b2b56c6a1faaf478acc95ffab48346dcf509f3d'
input-fingerprint = 'sha256:c67b491b2e4b95fb545907a61a15722c24b9b46cdea751cf1cc508770653f061'
resolution-input-hash = 'sha256:466421704711c4fd3c71f0b2ed715a0e61d49e3e26f3a2637fee755795849c8e'
