# Managed by azldev component update. Do not edit manually.
version = 1
import-commit = '0ec850368f3abc3ca1e8a17aee5cad068552b02f'
upstream-commit = '0ec850368f3abc3ca1e8a17aee5cad068552b02f'
input-fingerprint = 'sha256:6551fee1da973a909554ba694cf714e9c37872366f69b06e44a0c6e8b8b4640e'
resolution-input-hash = 'sha256:466421704711c4fd3c71f0b2ed715a0e61d49e3e26f3a2637fee755795849c8e'
