# Managed by azldev component update. Do not edit manually.
version = 1
import-commit = 'b25a55813dec3db682c811ea38d528e4479bab74'
upstream-commit = 'b25a55813dec3db682c811ea38d528e4479bab74'
input-fingerprint = 'sha256:d9f86b64d257875dc458c776371883fecded7391f8ac146fcf72354eb1b7e430'
resolution-input-hash = 'sha256:466421704711c4fd3c71f0b2ed715a0e61d49e3e26f3a2637fee755795849c8e'
