# Managed by azldev component update. Do not edit manually.
version = 1
import-commit = 'd56340f00847c659a5244ebdd7914cb4693d90e1'
upstream-commit = 'd56340f00847c659a5244ebdd7914cb4693d90e1'
input-fingerprint = 'sha256:3b39d2651a6b8f5df172a5971f64862223db07f59bd1f30f186107377e13fb43'
resolution-input-hash = 'sha256:466421704711c4fd3c71f0b2ed715a0e61d49e3e26f3a2637fee755795849c8e'
