# Managed by azldev component update. Do not edit manually.
version = 1
import-commit = '0f543a3f26b8349f2500058a88f39ddfff27f20d'
upstream-commit = '0f543a3f26b8349f2500058a88f39ddfff27f20d'
input-fingerprint = 'sha256:bb2420933130b6e74284dd52cb84a0ee99f952e570d44da98a4f351418131068'
resolution-input-hash = 'sha256:466421704711c4fd3c71f0b2ed715a0e61d49e3e26f3a2637fee755795849c8e'
