# Managed by azldev component update. Do not edit manually.
version = 1
import-commit = '8060e0d78f4099f8d252c07df633cd14e1bbaacc'
upstream-commit = '8060e0d78f4099f8d252c07df633cd14e1bbaacc'
input-fingerprint = 'sha256:0749cd1d36e7c2328138aba32e70d3577745947b11354d9efc661634d255f8eb'
resolution-input-hash = 'sha256:466421704711c4fd3c71f0b2ed715a0e61d49e3e26f3a2637fee755795849c8e'
