# Managed by azldev component update. Do not edit manually.
version = 1
import-commit = '97ec12c671ce018b95cabaebba3316486c634196'
upstream-commit = '97ec12c671ce018b95cabaebba3316486c634196'
input-fingerprint = 'sha256:fe35137e1b793aceea387d294da454b7e310b643d6a47360edb2274914e7a61f'
resolution-input-hash = 'sha256:466421704711c4fd3c71f0b2ed715a0e61d49e3e26f3a2637fee755795849c8e'
