# Managed by azldev component update. Do not edit manually.
version = 1
import-commit = '00ce4d16ca658686bc9d7bbd9048b8850c9c20a0'
upstream-commit = '00ce4d16ca658686bc9d7bbd9048b8850c9c20a0'
input-fingerprint = 'sha256:5e3603a80674dce7df9bfd12f4af4a6d184247dde70d2b15899b853240b9ed23'
resolution-input-hash = 'sha256:466421704711c4fd3c71f0b2ed715a0e61d49e3e26f3a2637fee755795849c8e'
