# Managed by azldev component update. Do not edit manually.
version = 1
import-commit = 'e552c181e12622643adf70c3a2c4e389f4a19ab3'
upstream-commit = 'e552c181e12622643adf70c3a2c4e389f4a19ab3'
input-fingerprint = 'sha256:802440026e40577cd1574d337a889988b7fcf3a0ce4f0ac4b81ee165a02db2ba'
resolution-input-hash = 'sha256:466421704711c4fd3c71f0b2ed715a0e61d49e3e26f3a2637fee755795849c8e'
