# Managed by azldev component update. Do not edit manually.
version = 1
import-commit = '1407ed7bfaa1405e9dc87217458573e42f513797'
upstream-commit = '1407ed7bfaa1405e9dc87217458573e42f513797'
input-fingerprint = 'sha256:6afee5e119fcbf8b820e1a26fcc8ef595200334cfb06695e75b0c20ad4623c2d'
resolution-input-hash = 'sha256:466421704711c4fd3c71f0b2ed715a0e61d49e3e26f3a2637fee755795849c8e'
