# Managed by azldev component update. Do not edit manually.
version = 1
import-commit = 'fb13a6b974c4f4eb80668b821d72318f7d3f76a4'
upstream-commit = 'fb13a6b974c4f4eb80668b821d72318f7d3f76a4'
input-fingerprint = 'sha256:aa605b8ca12e73287b14b2de568c1ac85d6a3a9584e12dd9eef4ca0f682d4ec2'
resolution-input-hash = 'sha256:466421704711c4fd3c71f0b2ed715a0e61d49e3e26f3a2637fee755795849c8e'
