# Managed by azldev component update. Do not edit manually.
version = 1
import-commit = 'edb9526120bddcf2566b582657ac01ce007b83c8'
upstream-commit = 'edb9526120bddcf2566b582657ac01ce007b83c8'
input-fingerprint = 'sha256:e2934a940373f25255c09933b92d02580d932e4056c17ef474be21471ff635e7'
resolution-input-hash = 'sha256:466421704711c4fd3c71f0b2ed715a0e61d49e3e26f3a2637fee755795849c8e'
