# Managed by azldev component update. Do not edit manually.
version = 1
import-commit = '9a9a347e9250e2a998e1c9cf2dce894a7d1dca8c'
upstream-commit = '9a9a347e9250e2a998e1c9cf2dce894a7d1dca8c'
input-fingerprint = 'sha256:a6f67ba4db4867cd7c65b4596709c7137b8fb4a68b0bf2ee55ef3a9cd8db864d'
resolution-input-hash = 'sha256:466421704711c4fd3c71f0b2ed715a0e61d49e3e26f3a2637fee755795849c8e'
