# Managed by azldev component update. Do not edit manually.
version = 1
import-commit = '3b36e1e33a852626824719615f3a9d1ba1be7095'
upstream-commit = '3b36e1e33a852626824719615f3a9d1ba1be7095'
input-fingerprint = 'sha256:7837f7605d703401c613a8648e8d31e05a6f459ca8b8189c184bf7f87068ce75'
resolution-input-hash = 'sha256:466421704711c4fd3c71f0b2ed715a0e61d49e3e26f3a2637fee755795849c8e'
