# Managed by azldev component update. Do not edit manually.
version = 1
import-commit = 'bf08a0e51eeae204917c382421fd68a74220e13d'
upstream-commit = 'bf08a0e51eeae204917c382421fd68a74220e13d'
input-fingerprint = 'sha256:9f674a02d68ae13a448f44532b212e9a4b29e205a5eeb3ddf852e3a9226038bb'
resolution-input-hash = 'sha256:466421704711c4fd3c71f0b2ed715a0e61d49e3e26f3a2637fee755795849c8e'
