# Managed by azldev component update. Do not edit manually.
version = 1
import-commit = '774a496b32d04329edbd7581b7755305b641abbb'
upstream-commit = '774a496b32d04329edbd7581b7755305b641abbb'
input-fingerprint = 'sha256:4ae39a084100bffec1dcaad777dd15eed3997ef396a8bf6a29ac39bad2b59d9d'
resolution-input-hash = 'sha256:466421704711c4fd3c71f0b2ed715a0e61d49e3e26f3a2637fee755795849c8e'
