# Managed by azldev component update. Do not edit manually.
version = 1
import-commit = 'ff467688662d6b036e242229a7f99c06a581e7d7'
upstream-commit = 'ff467688662d6b036e242229a7f99c06a581e7d7'
input-fingerprint = 'sha256:9529ea352bc0e2264889e7888454aa188d7dfc7564ada111230ca6a0e516b951'
resolution-input-hash = 'sha256:466421704711c4fd3c71f0b2ed715a0e61d49e3e26f3a2637fee755795849c8e'
