# Managed by azldev component update. Do not edit manually.
version = 1
import-commit = 'cd160f55dff852076ee6fbb2985156c04d1ef05c'
upstream-commit = 'cd160f55dff852076ee6fbb2985156c04d1ef05c'
input-fingerprint = 'sha256:e244c2b9040d21858110451fc1b3587512dfaca8266ae410ad1d89cc1032d5d3'
resolution-input-hash = 'sha256:466421704711c4fd3c71f0b2ed715a0e61d49e3e26f3a2637fee755795849c8e'
