# Managed by azldev component update. Do not edit manually.
version = 1
import-commit = 'baad7a85acc667d45e0ad2a5ab0981a34946a03d'
upstream-commit = 'baad7a85acc667d45e0ad2a5ab0981a34946a03d'
input-fingerprint = 'sha256:d4b8cab08aa0a2a6664e2ecede58d11b93e43ffddc6b6e7fa2ecab927bac45ce'
resolution-input-hash = 'sha256:466421704711c4fd3c71f0b2ed715a0e61d49e3e26f3a2637fee755795849c8e'
