# Managed by azldev component update. Do not edit manually.
version = 1
import-commit = '1e1faad7b781de945a110d9afcfea746d1337f67'
upstream-commit = '1e1faad7b781de945a110d9afcfea746d1337f67'
input-fingerprint = 'sha256:5b8dbe928fcb05f9be70831a7d0d08419a1a4b5b620f29f37a0fde294495f298'
resolution-input-hash = 'sha256:466421704711c4fd3c71f0b2ed715a0e61d49e3e26f3a2637fee755795849c8e'
