# Managed by azldev component update. Do not edit manually.
version = 1
import-commit = '5d4f5a9614334d86d6d5dfa66eb0350e22bde1ca'
upstream-commit = '5d4f5a9614334d86d6d5dfa66eb0350e22bde1ca'
input-fingerprint = 'sha256:6bfaddb0942a179a848bee25e6cf2119af9139059afb690e048fe3f2d7115d94'
resolution-input-hash = 'sha256:466421704711c4fd3c71f0b2ed715a0e61d49e3e26f3a2637fee755795849c8e'
