# Managed by azldev component update. Do not edit manually.
version = 1
import-commit = '82f0440f428ed4f32a033c0cfe0f6632f1d1e0fa'
upstream-commit = '82f0440f428ed4f32a033c0cfe0f6632f1d1e0fa'
input-fingerprint = 'sha256:b9be1d589a38c8bafe0318d671ab826ae65ef077113d2d9a3ddb08a1d1797c1e'
resolution-input-hash = 'sha256:466421704711c4fd3c71f0b2ed715a0e61d49e3e26f3a2637fee755795849c8e'
