# Managed by azldev component update. Do not edit manually.
version = 1
import-commit = '8ac54d517e6d9db673dc83b4e2b12b83d1f99724'
upstream-commit = '8ac54d517e6d9db673dc83b4e2b12b83d1f99724'
input-fingerprint = 'sha256:c346b69d1322bc8e27132106e89f5049198f9fe1e6d08a73ab4d03bdc5390a2d'
resolution-input-hash = 'sha256:a44cf36d2f3c3dd166e6881e5177b2f4e871b2ac92a38ca39ddbd3b8979b2baa'
