# Managed by azldev component update. Do not edit manually.
version = 1
import-commit = '7c1c80d9ace7692fa9f918c5730161465c11e8cd'
upstream-commit = '7c1c80d9ace7692fa9f918c5730161465c11e8cd'
input-fingerprint = 'sha256:6242a4ad5b01340e41c114896e1006f82b0a02a7fce910e9501322bd73cf418c'
resolution-input-hash = 'sha256:466421704711c4fd3c71f0b2ed715a0e61d49e3e26f3a2637fee755795849c8e'
