# Managed by azldev component update. Do not edit manually.
version = 1
import-commit = '827edb4f7b4edd86769f7e2ab3b74d533ba23974'
upstream-commit = '827edb4f7b4edd86769f7e2ab3b74d533ba23974'
input-fingerprint = 'sha256:db9f08629f1820813a9bf840efd6f572718afe86689f42e1a3f5156f38eda21d'
resolution-input-hash = 'sha256:466421704711c4fd3c71f0b2ed715a0e61d49e3e26f3a2637fee755795849c8e'
