# Managed by azldev component update. Do not edit manually.
version = 1
import-commit = '106030669edb7901f19709237155d095dc1989d4'
upstream-commit = '106030669edb7901f19709237155d095dc1989d4'
input-fingerprint = 'sha256:bf89cd869fa7cf504d29a4b881f38671111ccda3b3bd1acd10e061fe572b4524'
resolution-input-hash = 'sha256:466421704711c4fd3c71f0b2ed715a0e61d49e3e26f3a2637fee755795849c8e'
