# Managed by azldev component update. Do not edit manually.
version = 1
import-commit = 'da05ae3bae1355f256b21768766d4ec34e64d146'
upstream-commit = 'da05ae3bae1355f256b21768766d4ec34e64d146'
input-fingerprint = 'sha256:c84a0b5ecbb78219dc71ea68ef4c7dd6d0501dd13e81d797979a066cd73d2f43'
resolution-input-hash = 'sha256:466421704711c4fd3c71f0b2ed715a0e61d49e3e26f3a2637fee755795849c8e'
