# Managed by azldev component update. Do not edit manually.
version = 1
import-commit = '4634484bd0fbe2ee25f0de660066b5b02b845c9a'
upstream-commit = '4634484bd0fbe2ee25f0de660066b5b02b845c9a'
input-fingerprint = 'sha256:757472c4e8b0c4f18ab087e351c66387e6bde2ff964ef81424a0b1ba74441bc7'
resolution-input-hash = 'sha256:466421704711c4fd3c71f0b2ed715a0e61d49e3e26f3a2637fee755795849c8e'
