# Managed by azldev component update. Do not edit manually.
version = 1
import-commit = 'b0aaf99ab3e0d7e92e3e1d8d2e60c5b202c9e272'
upstream-commit = 'b0aaf99ab3e0d7e92e3e1d8d2e60c5b202c9e272'
input-fingerprint = 'sha256:f8e1657705a1751e500de6a6cb5a4d7505a4903fa65bee37224b6c18d73d4ae1'
resolution-input-hash = 'sha256:466421704711c4fd3c71f0b2ed715a0e61d49e3e26f3a2637fee755795849c8e'
