# Managed by azldev component update. Do not edit manually.
version = 1
import-commit = '2bf49d9462999f0c52167113dd4acd7d22af353c'
upstream-commit = '2bf49d9462999f0c52167113dd4acd7d22af353c'
input-fingerprint = 'sha256:a27d0c7b901655ce6f4da2e1dd7461136dc7a32888347eac24b511f228441c2d'
resolution-input-hash = 'sha256:466421704711c4fd3c71f0b2ed715a0e61d49e3e26f3a2637fee755795849c8e'
