# Managed by azldev component update. Do not edit manually.
version = 1
import-commit = 'c6d40ae9e43d0658f05b6d9ff1c8cda56432ecd5'
upstream-commit = 'c6d40ae9e43d0658f05b6d9ff1c8cda56432ecd5'
input-fingerprint = 'sha256:3a61c3e1195a45550b558fc7683640e9a4d7a9a61eb2a1a095894c47ea73cf67'
resolution-input-hash = 'sha256:466421704711c4fd3c71f0b2ed715a0e61d49e3e26f3a2637fee755795849c8e'
