# Managed by azldev component update. Do not edit manually.
version = 1
import-commit = '2dee54e9c6ff04e68c9c6e13d117be1f0176e50e'
upstream-commit = '2dee54e9c6ff04e68c9c6e13d117be1f0176e50e'
input-fingerprint = 'sha256:ac376e2dbfd58f9b57a4c6f9a7d4ac67683e8a9e396383c7b8c9b238e1c77399'
resolution-input-hash = 'sha256:466421704711c4fd3c71f0b2ed715a0e61d49e3e26f3a2637fee755795849c8e'
