# Managed by azldev component update. Do not edit manually.
version = 1
import-commit = '6ea917e7711e73246912efa4999d44c254a52ee8'
upstream-commit = '6ea917e7711e73246912efa4999d44c254a52ee8'
input-fingerprint = 'sha256:5555e4383dce8491ccfe3148f4d7c07fde7a4977b8d2de1bf5e33bcf3764d651'
resolution-input-hash = 'sha256:466421704711c4fd3c71f0b2ed715a0e61d49e3e26f3a2637fee755795849c8e'
