# Managed by azldev component update. Do not edit manually.
version = 1
import-commit = '046148fd633c9e1d78a2ae509616b78ef96fc99e'
upstream-commit = '046148fd633c9e1d78a2ae509616b78ef96fc99e'
input-fingerprint = 'sha256:6ab3eb2fe48510810e61bfdf0c6b4001a7d7e754ca3a9ed89afb39c23729e535'
resolution-input-hash = 'sha256:466421704711c4fd3c71f0b2ed715a0e61d49e3e26f3a2637fee755795849c8e'
