# Managed by azldev component update. Do not edit manually.
version = 1
import-commit = '31bd938a96b3671f6987c5aa81ca183d916c8461'
upstream-commit = '31bd938a96b3671f6987c5aa81ca183d916c8461'
input-fingerprint = 'sha256:2044b3de662b9121b39c148b79369e0b874beaf68a1863b85aaea7eca4c68adc'
resolution-input-hash = 'sha256:466421704711c4fd3c71f0b2ed715a0e61d49e3e26f3a2637fee755795849c8e'
