# Managed by azldev component update. Do not edit manually.
version = 1
import-commit = '6ea5cd1e63d2e97005f5ad317e45390e20bfab81'
upstream-commit = '6ea5cd1e63d2e97005f5ad317e45390e20bfab81'
input-fingerprint = 'sha256:8ff8bef131a6d11de605a4971fc885b91237d861592425ae0cdda346b1887973'
resolution-input-hash = 'sha256:466421704711c4fd3c71f0b2ed715a0e61d49e3e26f3a2637fee755795849c8e'
