# Managed by azldev component update. Do not edit manually.
version = 1
import-commit = 'f0dcaa2a530c94da78c14ad2ebdba661d94ecc92'
upstream-commit = 'f0dcaa2a530c94da78c14ad2ebdba661d94ecc92'
input-fingerprint = 'sha256:2df1e3bc4aa9c6e8716840fbeb6305fe2b5b0a2b565bf1737a48382a6d8e0d4f'
resolution-input-hash = 'sha256:466421704711c4fd3c71f0b2ed715a0e61d49e3e26f3a2637fee755795849c8e'
