# Managed by azldev component update. Do not edit manually.
version = 1
import-commit = 'befa678e28c92b64f6e94d21f6a199155a2654f7'
upstream-commit = 'befa678e28c92b64f6e94d21f6a199155a2654f7'
input-fingerprint = 'sha256:e6315b0776fa3f1b7f756910fa7f9eb779f0265e5d4d84106f3dfc9056368de4'
resolution-input-hash = 'sha256:466421704711c4fd3c71f0b2ed715a0e61d49e3e26f3a2637fee755795849c8e'
