# Managed by azldev component update. Do not edit manually.
version = 1
import-commit = '3f505de7c9c29fdb4c71c733865717db4a8a7e9e'
upstream-commit = '3f505de7c9c29fdb4c71c733865717db4a8a7e9e'
input-fingerprint = 'sha256:2352fd019689486232a05ba380e2a12681969d0019736fcdd387f202ac39d038'
resolution-input-hash = 'sha256:466421704711c4fd3c71f0b2ed715a0e61d49e3e26f3a2637fee755795849c8e'
