# Managed by azldev component update. Do not edit manually.
version = 1
import-commit = '24c259352b0ac6f42fd70db3b024f0f0c00e057c'
upstream-commit = '24c259352b0ac6f42fd70db3b024f0f0c00e057c'
input-fingerprint = 'sha256:c133ac1d7cc581148cbebdfd526522f98682a89489c00435792cba3ec92ec617'
resolution-input-hash = 'sha256:466421704711c4fd3c71f0b2ed715a0e61d49e3e26f3a2637fee755795849c8e'
