# Managed by azldev component update. Do not edit manually.
version = 1
import-commit = '3ae3da8847222ce7b268b8b9d4c470f4218fccdd'
upstream-commit = '3ae3da8847222ce7b268b8b9d4c470f4218fccdd'
input-fingerprint = 'sha256:5524452b17413f666ba3f75ea092eb3cc905022f616de099494637054b16306c'
resolution-input-hash = 'sha256:466421704711c4fd3c71f0b2ed715a0e61d49e3e26f3a2637fee755795849c8e'
