# Managed by azldev component update. Do not edit manually.
version = 1
import-commit = '343af9412f6cd68fc1d4987a02564452784c2954'
upstream-commit = '343af9412f6cd68fc1d4987a02564452784c2954'
input-fingerprint = 'sha256:58b0de2af7ae35aace12e165398a59fecd2d2198f940fcd3c6562384403cbb6a'
resolution-input-hash = 'sha256:466421704711c4fd3c71f0b2ed715a0e61d49e3e26f3a2637fee755795849c8e'
