# Managed by azldev component update. Do not edit manually.
version = 1
import-commit = 'b7baece53fa912a88c8dbd9340b9fffdc5a11c35'
upstream-commit = 'b7baece53fa912a88c8dbd9340b9fffdc5a11c35'
input-fingerprint = 'sha256:db20ff7cde0faf7faafb4024d35ca6c30f9bafbcbf6fc3ea27c7cb8eeb83217e'
resolution-input-hash = 'sha256:466421704711c4fd3c71f0b2ed715a0e61d49e3e26f3a2637fee755795849c8e'
