# Managed by azldev component update. Do not edit manually.
version = 1
import-commit = '6977c7627e8826455b896c97cf85a8e51afc6ce4'
upstream-commit = '6977c7627e8826455b896c97cf85a8e51afc6ce4'
input-fingerprint = 'sha256:5d4ab96419575a3958f0cebe06b83eee46f210699a091cc0495e0defb18db9b9'
resolution-input-hash = 'sha256:466421704711c4fd3c71f0b2ed715a0e61d49e3e26f3a2637fee755795849c8e'
