# Managed by azldev component update. Do not edit manually.
version = 1
import-commit = '0d3b3486fceea943625387cdb01867d6c0b715cd'
upstream-commit = '0d3b3486fceea943625387cdb01867d6c0b715cd'
input-fingerprint = 'sha256:99f545ce206ca542dfae56543564832e9a1b9aacb21dc40b1ca3be3ad790b056'
resolution-input-hash = 'sha256:466421704711c4fd3c71f0b2ed715a0e61d49e3e26f3a2637fee755795849c8e'
