# Managed by azldev component update. Do not edit manually.
version = 1
import-commit = 'a89ee1a69cb1c7bac760bafe11c5e57e8911ec24'
upstream-commit = 'a89ee1a69cb1c7bac760bafe11c5e57e8911ec24'
input-fingerprint = 'sha256:5d45a6e064e3726561b73e4bf915e9d7062379cdb4deb33a2a80ee7759ca1fe8'
resolution-input-hash = 'sha256:466421704711c4fd3c71f0b2ed715a0e61d49e3e26f3a2637fee755795849c8e'
