# Managed by azldev component update. Do not edit manually.
version = 1
import-commit = 'b51440da3828a7c938c9ab87ccbf2956aff64a8e'
upstream-commit = 'b51440da3828a7c938c9ab87ccbf2956aff64a8e'
input-fingerprint = 'sha256:926e30ce710cd15602e9b2233711aad9b630f61f6252985039f821386437e09f'
resolution-input-hash = 'sha256:466421704711c4fd3c71f0b2ed715a0e61d49e3e26f3a2637fee755795849c8e'
