# Managed by azldev component update. Do not edit manually.
version = 1
import-commit = '62c8b168e627beb86ba592616ce296f7a8bae1c4'
upstream-commit = '62c8b168e627beb86ba592616ce296f7a8bae1c4'
input-fingerprint = 'sha256:fc960aa12e078ba1a783bd305e2e5ff15ed0cea783256f5aaa2dc4f52d9a6afa'
resolution-input-hash = 'sha256:466421704711c4fd3c71f0b2ed715a0e61d49e3e26f3a2637fee755795849c8e'
