# Managed by azldev component update. Do not edit manually.
version = 1
import-commit = 'c88b45ce152728b3bf52eb5e9c5c1f3fade9ad4a'
upstream-commit = 'c88b45ce152728b3bf52eb5e9c5c1f3fade9ad4a'
input-fingerprint = 'sha256:428e4c27ff7016904f39e5c1d4467af758af270c4c1e200b597710d89dbd6aef'
resolution-input-hash = 'sha256:466421704711c4fd3c71f0b2ed715a0e61d49e3e26f3a2637fee755795849c8e'
