# Managed by azldev component update. Do not edit manually.
version = 1
import-commit = 'c21303d5ea7e534cb4dc99f720a467fa4b8d7bd7'
upstream-commit = 'c21303d5ea7e534cb4dc99f720a467fa4b8d7bd7'
input-fingerprint = 'sha256:87740fcb412a961cf8e82c22eb2017bef8c842e15b4cbdd2585de7a0bf3a48c6'
resolution-input-hash = 'sha256:466421704711c4fd3c71f0b2ed715a0e61d49e3e26f3a2637fee755795849c8e'
