# Managed by azldev component update. Do not edit manually.
version = 1
import-commit = '25491a0f518af2fe117b707dd6b141f0848d15e8'
upstream-commit = '25491a0f518af2fe117b707dd6b141f0848d15e8'
input-fingerprint = 'sha256:9c7d0c9b375461065e0c265abcde8cde2713dcd972896349d5085c35db1ed274'
resolution-input-hash = 'sha256:466421704711c4fd3c71f0b2ed715a0e61d49e3e26f3a2637fee755795849c8e'
