# Managed by azldev component update. Do not edit manually.
version = 1
import-commit = '39b72cd7376de6ed4cec969346aec33722ce946c'
upstream-commit = '39b72cd7376de6ed4cec969346aec33722ce946c'
input-fingerprint = 'sha256:7ec3acc593eb17b7cc3522253b07704837aadd3f23c00dbc96c0045aa432025d'
resolution-input-hash = 'sha256:466421704711c4fd3c71f0b2ed715a0e61d49e3e26f3a2637fee755795849c8e'
