# Managed by azldev component update. Do not edit manually.
version = 1
import-commit = '4857e3e670b0f1dc9d8ba26086f584b2a1c0ce3a'
upstream-commit = '4857e3e670b0f1dc9d8ba26086f584b2a1c0ce3a'
input-fingerprint = 'sha256:5a823a93d756862dc325e7cea9d2fcf25b20ca2f647245d9fbc2443ebf548653'
resolution-input-hash = 'sha256:466421704711c4fd3c71f0b2ed715a0e61d49e3e26f3a2637fee755795849c8e'
