# Managed by azldev component update. Do not edit manually.
version = 1
import-commit = '74c8704e21cbca1c1fbfcc8cc97bfc0acd61b7dd'
upstream-commit = '74c8704e21cbca1c1fbfcc8cc97bfc0acd61b7dd'
input-fingerprint = 'sha256:61a6fb189f53ddc4f864d92f2966d3e13d5c6d6a376efdeae9565c1c2f64a01a'
resolution-input-hash = 'sha256:466421704711c4fd3c71f0b2ed715a0e61d49e3e26f3a2637fee755795849c8e'
