# Managed by azldev component update. Do not edit manually.
version = 1
import-commit = '310836e86245107d2e4d985bdf8cc3e750645639'
upstream-commit = '310836e86245107d2e4d985bdf8cc3e750645639'
input-fingerprint = 'sha256:123b55c5fe48b28ac9fafa1391b824b583bd1c94d18ff96cbae9241c349a5d46'
resolution-input-hash = 'sha256:466421704711c4fd3c71f0b2ed715a0e61d49e3e26f3a2637fee755795849c8e'
