# Managed by azldev component update. Do not edit manually.
version = 1
import-commit = '99ab22db72000687947c32b264048df551402b90'
upstream-commit = '99ab22db72000687947c32b264048df551402b90'
input-fingerprint = 'sha256:4d398f9d741d698f6c4e91a620d46fdca2ad5135f8c9e6037555880d1459388b'
resolution-input-hash = 'sha256:466421704711c4fd3c71f0b2ed715a0e61d49e3e26f3a2637fee755795849c8e'
