# Managed by azldev component update. Do not edit manually.
version = 1
import-commit = '6169c493da5bd8becbbf5cb4699c74dd660414cb'
upstream-commit = '6169c493da5bd8becbbf5cb4699c74dd660414cb'
input-fingerprint = 'sha256:989284ecacc1faea462124fc11a652fba1ed61c230067b0deed12c5ea64c9279'
resolution-input-hash = 'sha256:466421704711c4fd3c71f0b2ed715a0e61d49e3e26f3a2637fee755795849c8e'
