# Managed by azldev component update. Do not edit manually.
version = 1
import-commit = 'd4c499bd2f02a3390eb7b80eb22639b3a3a11cba'
upstream-commit = 'd4c499bd2f02a3390eb7b80eb22639b3a3a11cba'
input-fingerprint = 'sha256:9b26df5e711af50080904844df3041ae34a54928fefda82e52b6b188252d8c7c'
resolution-input-hash = 'sha256:466421704711c4fd3c71f0b2ed715a0e61d49e3e26f3a2637fee755795849c8e'
