# Managed by azldev component update. Do not edit manually.
version = 1
import-commit = '264fd53bf23eba020567525727205ef3f03111d3'
upstream-commit = '264fd53bf23eba020567525727205ef3f03111d3'
input-fingerprint = 'sha256:31329e03e6fa14c456374d3226ad964f5792755aecad93c26be57976a8617b2e'
resolution-input-hash = 'sha256:466421704711c4fd3c71f0b2ed715a0e61d49e3e26f3a2637fee755795849c8e'
