# Managed by azldev component update. Do not edit manually.
version = 1
import-commit = '843b68289f8be07d2422017a558dfc22b7933e0e'
upstream-commit = '843b68289f8be07d2422017a558dfc22b7933e0e'
input-fingerprint = 'sha256:b0e060e23eaea696b4558566da8bb7699e6be89216ce94e30d1042a09abdfcb0'
resolution-input-hash = 'sha256:466421704711c4fd3c71f0b2ed715a0e61d49e3e26f3a2637fee755795849c8e'
