# Managed by azldev component update. Do not edit manually.
version = 1
import-commit = '76fc3c7f8cdba9cb5f9a81827d2d2094a76c5177'
upstream-commit = '76fc3c7f8cdba9cb5f9a81827d2d2094a76c5177'
input-fingerprint = 'sha256:62b8e95e27ee741afcfc7e351644971e71cc84039f4e4d229144033d1d89f39b'
resolution-input-hash = 'sha256:466421704711c4fd3c71f0b2ed715a0e61d49e3e26f3a2637fee755795849c8e'
