# Managed by azldev component update. Do not edit manually.
version = 1
import-commit = '7e8d1d96ec95c49ade0c14ac0ad5fa214e6d6cbb'
upstream-commit = '7e8d1d96ec95c49ade0c14ac0ad5fa214e6d6cbb'
input-fingerprint = 'sha256:d2821e75c419ed9e295280e225d2a3e7ab81dcb6f76911c4e2374195796fbdee'
resolution-input-hash = 'sha256:466421704711c4fd3c71f0b2ed715a0e61d49e3e26f3a2637fee755795849c8e'
