# Managed by azldev component update. Do not edit manually.
version = 1
import-commit = 'e36af8144f9ab5f4de097af37da317c607ef4e77'
upstream-commit = 'e36af8144f9ab5f4de097af37da317c607ef4e77'
input-fingerprint = 'sha256:94f547c01026560dc2a633e9f96bd45cc87f000d11daf495107aa6362602c2c7'
resolution-input-hash = 'sha256:466421704711c4fd3c71f0b2ed715a0e61d49e3e26f3a2637fee755795849c8e'
