# Managed by azldev component update. Do not edit manually.
version = 1
import-commit = '630d534f160b5d89d5b0764bf310e75bb63b8385'
upstream-commit = '630d534f160b5d89d5b0764bf310e75bb63b8385'
input-fingerprint = 'sha256:6d79ee48df40f737dcb28632ff25fd11c9683593257cf9a2f3c1c6cb8b33dd0e'
resolution-input-hash = 'sha256:466421704711c4fd3c71f0b2ed715a0e61d49e3e26f3a2637fee755795849c8e'
