# Managed by azldev component update. Do not edit manually.
version = 1
import-commit = '3c377deb44b9329c37f8aa940f4de91ee7da1dbe'
upstream-commit = '3c377deb44b9329c37f8aa940f4de91ee7da1dbe'
input-fingerprint = 'sha256:9d5ef41e8653edd8daabee3a88e46b22c8a3d319b5dc078a3132a5fe84576c90'
resolution-input-hash = 'sha256:466421704711c4fd3c71f0b2ed715a0e61d49e3e26f3a2637fee755795849c8e'
