# Managed by azldev component update. Do not edit manually.
version = 1
import-commit = 'cfc22d5d9f91cfc6ccd5adb99ac9e979bfbc1260'
upstream-commit = 'cfc22d5d9f91cfc6ccd5adb99ac9e979bfbc1260'
input-fingerprint = 'sha256:dade2e2d93f3e2099c963510c260577536277c887a5c7f44aba9b6253dd9cc1e'
resolution-input-hash = 'sha256:466421704711c4fd3c71f0b2ed715a0e61d49e3e26f3a2637fee755795849c8e'
