# Managed by azldev component update. Do not edit manually.
version = 1
import-commit = '42e7c34b393d7c8ae161b59d9ebdd18998a877ea'
upstream-commit = '42e7c34b393d7c8ae161b59d9ebdd18998a877ea'
input-fingerprint = 'sha256:97549e583dd70e66b089292f4f8cacdcdfd25ad7726d2fe1456f1d17d88a5e21'
resolution-input-hash = 'sha256:466421704711c4fd3c71f0b2ed715a0e61d49e3e26f3a2637fee755795849c8e'
