# Managed by azldev component update. Do not edit manually.
version = 1
import-commit = '2c64e7032fddeb30c7a7094f219dde5264ab65de'
upstream-commit = '2c64e7032fddeb30c7a7094f219dde5264ab65de'
input-fingerprint = 'sha256:f9429fa0cb0aac2e1f48d8ccf70d6c84ab09110f8434684002baad73ce929751'
resolution-input-hash = 'sha256:466421704711c4fd3c71f0b2ed715a0e61d49e3e26f3a2637fee755795849c8e'
