# Managed by azldev component update. Do not edit manually.
version = 1
import-commit = 'cb1214e745548308924421396d4c02148481cceb'
upstream-commit = 'cb1214e745548308924421396d4c02148481cceb'
input-fingerprint = 'sha256:fa18043fbcfb196115e796b730515c57cba879a9767d9c3f1538f00a947097fd'
resolution-input-hash = 'sha256:466421704711c4fd3c71f0b2ed715a0e61d49e3e26f3a2637fee755795849c8e'
