# Managed by azldev component update. Do not edit manually.
version = 1
import-commit = '32e30d4621c211c19d2af65519fc8a4eb43a7f67'
upstream-commit = '32e30d4621c211c19d2af65519fc8a4eb43a7f67'
input-fingerprint = 'sha256:074d63e0623614378cb512308536b3c4686b555d1daaa8f7564f7ffb45cc08e6'
resolution-input-hash = 'sha256:466421704711c4fd3c71f0b2ed715a0e61d49e3e26f3a2637fee755795849c8e'
