# Managed by azldev component update. Do not edit manually.
version = 1
import-commit = 'acc2162726e70cd11dcfe994c1bff07e955d4768'
upstream-commit = 'acc2162726e70cd11dcfe994c1bff07e955d4768'
input-fingerprint = 'sha256:eb2b58d28fd91b031a72ed5c84118804aecf6d34d9b104dd3e4bbd8b6d987e68'
resolution-input-hash = 'sha256:466421704711c4fd3c71f0b2ed715a0e61d49e3e26f3a2637fee755795849c8e'
