# Managed by azldev component update. Do not edit manually.
version = 1
import-commit = '95e2fd86800fe4f0c6925518ee1844661db4a4cd'
upstream-commit = '95e2fd86800fe4f0c6925518ee1844661db4a4cd'
input-fingerprint = 'sha256:42379889e9cae7da5a9a7daed77308e33a482a00782898e3bfbab75184bc0353'
resolution-input-hash = 'sha256:466421704711c4fd3c71f0b2ed715a0e61d49e3e26f3a2637fee755795849c8e'
