# Managed by azldev component update. Do not edit manually.
version = 1
import-commit = '9ec59a91fcbff12cfbd09cf7929e78355bfea5ad'
upstream-commit = '9ec59a91fcbff12cfbd09cf7929e78355bfea5ad'
input-fingerprint = 'sha256:ef5fe5cd8721df8b937d24a98af2d36d8a65dda9072bf1baf2108eb773a1976a'
resolution-input-hash = 'sha256:466421704711c4fd3c71f0b2ed715a0e61d49e3e26f3a2637fee755795849c8e'
