# Managed by azldev component update. Do not edit manually.
version = 1
import-commit = '78a89358379feb997b866426f19a185b6c19b28c'
upstream-commit = '78a89358379feb997b866426f19a185b6c19b28c'
input-fingerprint = 'sha256:1436021372aeaa768d874d0b02ba951c39e23786b5820e5b1d0451c9cfb64630'
resolution-input-hash = 'sha256:466421704711c4fd3c71f0b2ed715a0e61d49e3e26f3a2637fee755795849c8e'
