# Managed by azldev component update. Do not edit manually.
version = 1
import-commit = 'b1b028e45b6d3649e43c43c586c28c01083cf51f'
upstream-commit = 'b1b028e45b6d3649e43c43c586c28c01083cf51f'
input-fingerprint = 'sha256:9e3cbad8c9e8e5ae9136c61ee70a56b165470b19bb35fd1454e558001fe387d0'
resolution-input-hash = 'sha256:466421704711c4fd3c71f0b2ed715a0e61d49e3e26f3a2637fee755795849c8e'
