# Managed by azldev component update. Do not edit manually.
version = 1
import-commit = '75c9e26e38de7b9122ead850c33ed4110830045d'
upstream-commit = '75c9e26e38de7b9122ead850c33ed4110830045d'
input-fingerprint = 'sha256:86692ac46f36c13ce22ffc8e244ee3bdc075e1cb114c0c8a80ba4fe0a394c46a'
resolution-input-hash = 'sha256:466421704711c4fd3c71f0b2ed715a0e61d49e3e26f3a2637fee755795849c8e'
