# Managed by azldev component update. Do not edit manually.
version = 1
import-commit = 'e5e72c27a2bc0272cce76cc27ea8fe5de84bff85'
upstream-commit = 'e5e72c27a2bc0272cce76cc27ea8fe5de84bff85'
input-fingerprint = 'sha256:2d358e64db4c8f9bd4de1ef2ea03964b4504179f3120f91a2433112d466ea815'
resolution-input-hash = 'sha256:466421704711c4fd3c71f0b2ed715a0e61d49e3e26f3a2637fee755795849c8e'
