# Managed by azldev component update. Do not edit manually.
version = 1
import-commit = 'a31b3ee7af9f9e683c563e496340cb3b86617f1b'
upstream-commit = 'a31b3ee7af9f9e683c563e496340cb3b86617f1b'
input-fingerprint = 'sha256:c8671da951b4037070404d6ce440c5b6caba038ec78323e5006e5e55deb5e94f'
resolution-input-hash = 'sha256:466421704711c4fd3c71f0b2ed715a0e61d49e3e26f3a2637fee755795849c8e'
