# Managed by azldev component update. Do not edit manually.
version = 1
import-commit = '2b2fb90e951f99cc3a45d6db0860c8e8f7a528f6'
upstream-commit = '2b2fb90e951f99cc3a45d6db0860c8e8f7a528f6'
input-fingerprint = 'sha256:d76a13af47f4523b87689c1b97777870d41740b6402e212946f02652e03ee24b'
resolution-input-hash = 'sha256:466421704711c4fd3c71f0b2ed715a0e61d49e3e26f3a2637fee755795849c8e'
