# Managed by azldev component update. Do not edit manually.
version = 1
import-commit = 'f149fe8374f2f126552c44492ce4b6c5a3f6ba11'
upstream-commit = 'f149fe8374f2f126552c44492ce4b6c5a3f6ba11'
input-fingerprint = 'sha256:32f29671d2cb3f0d69892dec52053c655063400efa58fc8727bec3fb6f83ed79'
resolution-input-hash = 'sha256:466421704711c4fd3c71f0b2ed715a0e61d49e3e26f3a2637fee755795849c8e'
