# Managed by azldev component update. Do not edit manually.
version = 1
import-commit = '71c3dbdfbced7d75dd764959c2c547cc3fdf561c'
upstream-commit = '71c3dbdfbced7d75dd764959c2c547cc3fdf561c'
input-fingerprint = 'sha256:b288cea2e7499d69fce5d437547608b81c5d861d89afa92be9dc029d7917dfab'
resolution-input-hash = 'sha256:466421704711c4fd3c71f0b2ed715a0e61d49e3e26f3a2637fee755795849c8e'
