# Managed by azldev component update. Do not edit manually.
version = 1
import-commit = '661bf13ca045dcd1375f914c451b1654316864af'
upstream-commit = '661bf13ca045dcd1375f914c451b1654316864af'
input-fingerprint = 'sha256:364af827463a006c976182f1cd058f07632b6bb5fcd2fb447e309e5ab004b245'
resolution-input-hash = 'sha256:466421704711c4fd3c71f0b2ed715a0e61d49e3e26f3a2637fee755795849c8e'
