# Managed by azldev component update. Do not edit manually.
version = 1
import-commit = 'ec36f76e4e0e50b994fabd4ad5d1a057487abaf2'
upstream-commit = 'ec36f76e4e0e50b994fabd4ad5d1a057487abaf2'
input-fingerprint = 'sha256:622efb2b7c943c119f46f088276a3dd3b9a558a7fa404d44a34ffeed264784b0'
resolution-input-hash = 'sha256:466421704711c4fd3c71f0b2ed715a0e61d49e3e26f3a2637fee755795849c8e'
