# Managed by azldev component update. Do not edit manually.
version = 1
import-commit = '01dfa87b491a86bdd3c70a1db8f1035fbfab171f'
upstream-commit = '01dfa87b491a86bdd3c70a1db8f1035fbfab171f'
input-fingerprint = 'sha256:53b7408405a88fd818731cdd3af5cf8deef41b1c54aa4f037093069a8f6d7611'
resolution-input-hash = 'sha256:466421704711c4fd3c71f0b2ed715a0e61d49e3e26f3a2637fee755795849c8e'
