# Managed by azldev component update. Do not edit manually.
version = 1
import-commit = 'e10482d0898d2d6ed7b94683f48b678a4179ca67'
upstream-commit = 'e10482d0898d2d6ed7b94683f48b678a4179ca67'
input-fingerprint = 'sha256:416668f7ee7d725fceb728fe4d8ac932a338fccaa698717f23061670bc8a1d02'
resolution-input-hash = 'sha256:466421704711c4fd3c71f0b2ed715a0e61d49e3e26f3a2637fee755795849c8e'
