# Managed by azldev component update. Do not edit manually.
version = 1
import-commit = '8b86cd52afd3b8e6d70a6baddae7edc24936be7d'
upstream-commit = '8b86cd52afd3b8e6d70a6baddae7edc24936be7d'
input-fingerprint = 'sha256:cde9aeab95b76f1ebcd8255f2d88b7b33b5d620035ba0a30f9c63cdc12fd4941'
resolution-input-hash = 'sha256:466421704711c4fd3c71f0b2ed715a0e61d49e3e26f3a2637fee755795849c8e'
