# Managed by azldev component update. Do not edit manually.
version = 1
import-commit = '68799f569036094a3c8f574e8bfdd92ab239d0d7'
upstream-commit = '68799f569036094a3c8f574e8bfdd92ab239d0d7'
input-fingerprint = 'sha256:58b02f1e276dd8732a93f1c2002217b0545fcb7895eb8dfb1fb09bfd60176b44'
resolution-input-hash = 'sha256:466421704711c4fd3c71f0b2ed715a0e61d49e3e26f3a2637fee755795849c8e'
