# Managed by azldev component update. Do not edit manually.
version = 1
import-commit = 'a5f391c5d8dde636cf658e715e50122b2bf032b8'
upstream-commit = 'a5f391c5d8dde636cf658e715e50122b2bf032b8'
input-fingerprint = 'sha256:786fe013c32c8bbbf072788409b3ba341f9c52a2063db198e7bbf9528cddd85b'
resolution-input-hash = 'sha256:466421704711c4fd3c71f0b2ed715a0e61d49e3e26f3a2637fee755795849c8e'
