# Managed by azldev component update. Do not edit manually.
version = 1
import-commit = 'cf39370ea111ed8f12480656b3315d50843583ad'
upstream-commit = 'cf39370ea111ed8f12480656b3315d50843583ad'
input-fingerprint = 'sha256:8ec26960ca40ff6930a177c652a8851789d32cc8d470ce2102feb88a45ede06b'
resolution-input-hash = 'sha256:466421704711c4fd3c71f0b2ed715a0e61d49e3e26f3a2637fee755795849c8e'
