# Managed by azldev component update. Do not edit manually.
version = 1
import-commit = '4d6a96274c5a3de4a39df9bf732c8b55de57358b'
upstream-commit = '4d6a96274c5a3de4a39df9bf732c8b55de57358b'
input-fingerprint = 'sha256:39c9fe5978d3e21381b469122f5ea0a0a817f48fa7b3d24c36fde4a4480e555c'
resolution-input-hash = 'sha256:466421704711c4fd3c71f0b2ed715a0e61d49e3e26f3a2637fee755795849c8e'
