# Managed by azldev component update. Do not edit manually.
version = 1
import-commit = 'a1cd7da040822ab156b9b05265d8e51145d5fd00'
upstream-commit = 'a1cd7da040822ab156b9b05265d8e51145d5fd00'
input-fingerprint = 'sha256:a293923961057984c5c8b3a63b93e5ad613bc3062abc520b3b5268fe1f1052c7'
resolution-input-hash = 'sha256:466421704711c4fd3c71f0b2ed715a0e61d49e3e26f3a2637fee755795849c8e'
