# Managed by azldev component update. Do not edit manually.
version = 1
import-commit = '982bd94b0ce79f98653a7fd3f37801ce1bba9eb3'
upstream-commit = '982bd94b0ce79f98653a7fd3f37801ce1bba9eb3'
input-fingerprint = 'sha256:0c02e50c934303f045b3c660658c76794e2252264499c54442c583ed77267eea'
resolution-input-hash = 'sha256:466421704711c4fd3c71f0b2ed715a0e61d49e3e26f3a2637fee755795849c8e'
