# Managed by azldev component update. Do not edit manually.
version = 1
import-commit = '5a7f19a8b4972bcc87cb54b75ff6ee673fa69823'
upstream-commit = '5a7f19a8b4972bcc87cb54b75ff6ee673fa69823'
input-fingerprint = 'sha256:ac090d7631f570cc42c1e51528634edfedb76dc9cd533417a73976f6a5b995a2'
resolution-input-hash = 'sha256:466421704711c4fd3c71f0b2ed715a0e61d49e3e26f3a2637fee755795849c8e'
