# Managed by azldev component update. Do not edit manually.
version = 1
import-commit = '2680961b5960284a21702bbf243b9e0db0902efd'
upstream-commit = '2680961b5960284a21702bbf243b9e0db0902efd'
input-fingerprint = 'sha256:98756c0282c57f6b0eaad5df68fb68df00229b23978569b1959533502ed3c7e6'
resolution-input-hash = 'sha256:466421704711c4fd3c71f0b2ed715a0e61d49e3e26f3a2637fee755795849c8e'
