# Managed by azldev component update. Do not edit manually.
version = 1
import-commit = 'b1a4e4e290a02eda59908bd1091f2c2224559630'
upstream-commit = 'b1a4e4e290a02eda59908bd1091f2c2224559630'
input-fingerprint = 'sha256:badbd87c2ebfa48b46daa9e9a723a0704c27b70c0e5d487efcf7fc6e8fa91540'
resolution-input-hash = 'sha256:466421704711c4fd3c71f0b2ed715a0e61d49e3e26f3a2637fee755795849c8e'
