# Managed by azldev component update. Do not edit manually.
version = 1
import-commit = 'df9d9746ecad2ad357dad7bdcaa385396b48d2f6'
upstream-commit = 'df9d9746ecad2ad357dad7bdcaa385396b48d2f6'
input-fingerprint = 'sha256:7cf7a7f431bac80f296a39c702fd3ba3cc86662d92eff543403645490b12c6ff'
resolution-input-hash = 'sha256:466421704711c4fd3c71f0b2ed715a0e61d49e3e26f3a2637fee755795849c8e'
