# Managed by azldev component update. Do not edit manually.
version = 1
import-commit = 'd31717ad0b12eab0fdbeaacbcf40b951022ba8b1'
upstream-commit = 'd31717ad0b12eab0fdbeaacbcf40b951022ba8b1'
input-fingerprint = 'sha256:274e8d7396ffc4c632f2b0c13b9833bb909ecfe5b9e81935bdec4c4f04822a51'
resolution-input-hash = 'sha256:466421704711c4fd3c71f0b2ed715a0e61d49e3e26f3a2637fee755795849c8e'
