# Managed by azldev component update. Do not edit manually.
version = 1
import-commit = '2d5d98ae0a7929e299267315475fd3f40e2b17a6'
upstream-commit = '2d5d98ae0a7929e299267315475fd3f40e2b17a6'
input-fingerprint = 'sha256:70cdeb7ac9e831dccd516681671c5a690ae2a2d7e4fbeba6768e79d58204b35b'
resolution-input-hash = 'sha256:466421704711c4fd3c71f0b2ed715a0e61d49e3e26f3a2637fee755795849c8e'
