# Managed by azldev component update. Do not edit manually.
version = 1
import-commit = '244fab2fd208373efdf12e28bc99b695330276da'
upstream-commit = '244fab2fd208373efdf12e28bc99b695330276da'
input-fingerprint = 'sha256:c6b69b69d64a3bcbb3583a9eb80f2021c68ee489cd90d9eaa9f16189351d5762'
resolution-input-hash = 'sha256:466421704711c4fd3c71f0b2ed715a0e61d49e3e26f3a2637fee755795849c8e'
