# Managed by azldev component update. Do not edit manually.
version = 1
import-commit = 'faa14baedec1750c69f2f13f47925f92643197a3'
upstream-commit = 'faa14baedec1750c69f2f13f47925f92643197a3'
input-fingerprint = 'sha256:5206369e66d0348c3c8fa38ad96a3a45716f69bc6ad7804b8386fbc8bb61f4ea'
resolution-input-hash = 'sha256:466421704711c4fd3c71f0b2ed715a0e61d49e3e26f3a2637fee755795849c8e'
