# Managed by azldev component update. Do not edit manually.
version = 1
import-commit = '68bd3b677cb1e9d8d78ffcc1d7dc4be210bd702c'
upstream-commit = '68bd3b677cb1e9d8d78ffcc1d7dc4be210bd702c'
input-fingerprint = 'sha256:280e891a6121be68c07c946f6fbf3c00ac0e3ba1461deb8d3c1f59c6c45ae56a'
resolution-input-hash = 'sha256:466421704711c4fd3c71f0b2ed715a0e61d49e3e26f3a2637fee755795849c8e'
