# Managed by azldev component update. Do not edit manually.
version = 1
import-commit = 'd96e9a869ab7e2a54d40fc8b59ec6302ea956611'
upstream-commit = 'd96e9a869ab7e2a54d40fc8b59ec6302ea956611'
input-fingerprint = 'sha256:8fb2ccacf82b86805531a8f7b8060552a982bf4c220b5a14d3ca32aed5099832'
resolution-input-hash = 'sha256:466421704711c4fd3c71f0b2ed715a0e61d49e3e26f3a2637fee755795849c8e'
