# Managed by azldev component update. Do not edit manually.
version = 1
import-commit = '90a9b533e4f05d53b341a054807b5d4967a00d99'
upstream-commit = '90a9b533e4f05d53b341a054807b5d4967a00d99'
input-fingerprint = 'sha256:2ced19af33dc01eaad0f6be231e2839d51711cbf586f611b950dcaeb62ba175f'
resolution-input-hash = 'sha256:466421704711c4fd3c71f0b2ed715a0e61d49e3e26f3a2637fee755795849c8e'
