# Managed by azldev component update. Do not edit manually.
version = 1
import-commit = '30e93013979afef8eacb1a244ab87e5c05d4f760'
upstream-commit = '30e93013979afef8eacb1a244ab87e5c05d4f760'
input-fingerprint = 'sha256:0a2a95b61cda4c381129b46f1d99d14e6320552df8b38886c19216d2024b2c8b'
resolution-input-hash = 'sha256:466421704711c4fd3c71f0b2ed715a0e61d49e3e26f3a2637fee755795849c8e'
