# Managed by azldev component update. Do not edit manually.
version = 1
import-commit = '6343e4974ebc708e99f9a7896e515fbe5216dcbb'
upstream-commit = '6343e4974ebc708e99f9a7896e515fbe5216dcbb'
input-fingerprint = 'sha256:1f4d28b0c6fcf202525c9eb538e12af45d8f18cb274c62c897e9a3a843314e16'
resolution-input-hash = 'sha256:466421704711c4fd3c71f0b2ed715a0e61d49e3e26f3a2637fee755795849c8e'
