# Managed by azldev component update. Do not edit manually.
version = 1
import-commit = '606c567f41adc69c26ef9f886da5359c7962fc77'
upstream-commit = '606c567f41adc69c26ef9f886da5359c7962fc77'
input-fingerprint = 'sha256:978ca41618d998c7804370f1fbe54a16783ed690622fa4a3bcb40a029630ac06'
resolution-input-hash = 'sha256:466421704711c4fd3c71f0b2ed715a0e61d49e3e26f3a2637fee755795849c8e'
