# Managed by azldev component update. Do not edit manually.
version = 1
import-commit = '5909d82addb80bf68552852a952caf8e4de53c14'
upstream-commit = '5909d82addb80bf68552852a952caf8e4de53c14'
input-fingerprint = 'sha256:f95f5f228e48a47779bc64b3359b53b333837e7f63e1ae64f6393853a38a3c86'
resolution-input-hash = 'sha256:466421704711c4fd3c71f0b2ed715a0e61d49e3e26f3a2637fee755795849c8e'
