# Managed by azldev component update. Do not edit manually.
version = 1
import-commit = '0526e14818fc95b8ee6ebe88e32209a808daffbf'
upstream-commit = '590a15dec74abc62d21b7d11b67883c2feb4c147'
input-fingerprint = 'sha256:449ba22077ebc29572da4eaa86f5da2da865c21b6fbc5bb9c0886b75466f9253'
resolution-input-hash = 'sha256:a8159860a94761d1805f337bf959d321dcfb4b2fc97a6481fa09ddf6dfd507b3'
