# Managed by azldev component update. Do not edit manually.
version = 1
import-commit = '415c7dee0138a67ef1825839abfc89a48807e486'
upstream-commit = '415c7dee0138a67ef1825839abfc89a48807e486'
input-fingerprint = 'sha256:6667346ce9e61fe6f87863ca7db1333e4609a3352318b461e13dbb4c56f799cc'
resolution-input-hash = 'sha256:466421704711c4fd3c71f0b2ed715a0e61d49e3e26f3a2637fee755795849c8e'
