# Managed by azldev component update. Do not edit manually.
version = 1
import-commit = 'b7a8de0d0898c7c53d6842fc92f7176a10a82441'
upstream-commit = 'f2bf5cba9f2d54993b0e442f26cbe888ecbcc780'
input-fingerprint = 'sha256:f29f497ac676885f06dbea9a3ecaa22c55fdd8436ecc694b72b0f63c26c81173'
resolution-input-hash = 'sha256:97edff994544aa02ef602a11ec43bf178adde69158bff54a4215a55ca2899171'
