# Managed by azldev component update. Do not edit manually.
version = 1
import-commit = 'ec760dd79f24a37a08c7c36ecb5786cd48b5ec3a'
upstream-commit = 'ec760dd79f24a37a08c7c36ecb5786cd48b5ec3a'
input-fingerprint = 'sha256:e1cef2a90b064ea0fb70321e9f7fe1d99a28c9665163e3c589090670c3f53642'
resolution-input-hash = 'sha256:466421704711c4fd3c71f0b2ed715a0e61d49e3e26f3a2637fee755795849c8e'
