# Managed by azldev component update. Do not edit manually.
version = 1
import-commit = 'fa8e494ef718a6d165ddaaf8f02e0e4494b720f2'
upstream-commit = 'fa8e494ef718a6d165ddaaf8f02e0e4494b720f2'
input-fingerprint = 'sha256:3a0ebedb4b2dbc61754126018f9136c16cacd434bd72818208e8fc4c52236588'
resolution-input-hash = 'sha256:466421704711c4fd3c71f0b2ed715a0e61d49e3e26f3a2637fee755795849c8e'
