# Managed by azldev component update. Do not edit manually.
version = 1
import-commit = 'c62aaf7ba74ff13d2df8f41017524ebeb9104fad'
upstream-commit = 'c62aaf7ba74ff13d2df8f41017524ebeb9104fad'
input-fingerprint = 'sha256:8e8d1f8b31b725a24e809e82085550223b43bd5ed7ffc124474ee982a467c490'
resolution-input-hash = 'sha256:466421704711c4fd3c71f0b2ed715a0e61d49e3e26f3a2637fee755795849c8e'
