# Managed by azldev component update. Do not edit manually.
version = 1
import-commit = 'faef64fc003d6f8a2ff4c959d66810bac9a35ed1'
upstream-commit = 'faef64fc003d6f8a2ff4c959d66810bac9a35ed1'
input-fingerprint = 'sha256:4c40f49468ea1262fbb14d0c29a828c5beb185350178aba5fc8b8676bac35ac9'
resolution-input-hash = 'sha256:466421704711c4fd3c71f0b2ed715a0e61d49e3e26f3a2637fee755795849c8e'
