# Managed by azldev component update. Do not edit manually.
version = 1
import-commit = '62a3f4726ec7d26ba35cf1d5954baff93a74a679'
upstream-commit = '62a3f4726ec7d26ba35cf1d5954baff93a74a679'
input-fingerprint = 'sha256:8652f84e674c9c0628d502d01c75c2adba5e512f1e17ecffbf0639a8e0fd0067'
resolution-input-hash = 'sha256:466421704711c4fd3c71f0b2ed715a0e61d49e3e26f3a2637fee755795849c8e'
