# Managed by azldev component update. Do not edit manually.
version = 1
import-commit = '55a02cb754b1567e6dfb3a3e8481963fbed9f0f3'
upstream-commit = '55a02cb754b1567e6dfb3a3e8481963fbed9f0f3'
input-fingerprint = 'sha256:bb8a4c04354025df95ac1643b3600c58814ae5a6eedfe58f205f64447968a5c1'
resolution-input-hash = 'sha256:466421704711c4fd3c71f0b2ed715a0e61d49e3e26f3a2637fee755795849c8e'
