# Managed by azldev component update. Do not edit manually.
version = 1
import-commit = 'feb377b31cf1f8c38bdafda2e30f1249c30fb31f'
upstream-commit = 'feb377b31cf1f8c38bdafda2e30f1249c30fb31f'
input-fingerprint = 'sha256:06db8260b15d2dd473f4401d2dc4a45b814a7f16f3c62af5c6d50be9aa3e2d31'
resolution-input-hash = 'sha256:466421704711c4fd3c71f0b2ed715a0e61d49e3e26f3a2637fee755795849c8e'
