# Managed by azldev component update. Do not edit manually.
version = 1
import-commit = 'b8b05429e5da5419091552523e3b71985eeb37ee'
upstream-commit = 'b8b05429e5da5419091552523e3b71985eeb37ee'
input-fingerprint = 'sha256:16853e3a4bde15f8d450a22567bc7d39b1b81f0e94954e42ff24176fa5f22efd'
resolution-input-hash = 'sha256:466421704711c4fd3c71f0b2ed715a0e61d49e3e26f3a2637fee755795849c8e'
