# Managed by azldev component update. Do not edit manually.
version = 1
import-commit = 'fa2106b2f2819697287b852de811ff7964c39468'
upstream-commit = 'fa2106b2f2819697287b852de811ff7964c39468'
input-fingerprint = 'sha256:10b9677b01266c77b48339a1ef10a347a11cf1d88b80e8da271ca8936d67f911'
resolution-input-hash = 'sha256:466421704711c4fd3c71f0b2ed715a0e61d49e3e26f3a2637fee755795849c8e'
