# Managed by azldev component update. Do not edit manually.
version = 1
import-commit = '887f75a06cb0ec4926da01db58f899a896d264b7'
upstream-commit = '887f75a06cb0ec4926da01db58f899a896d264b7'
input-fingerprint = 'sha256:e003362ce3a2c0181f1c349ca6d31b938a50bf6b57daf603f0d3934d89e73194'
resolution-input-hash = 'sha256:466421704711c4fd3c71f0b2ed715a0e61d49e3e26f3a2637fee755795849c8e'
