# Managed by azldev component update. Do not edit manually.
version = 1
import-commit = 'b68ddc3d2e18df49d979d8bab6547956b9cd8631'
upstream-commit = 'b68ddc3d2e18df49d979d8bab6547956b9cd8631'
input-fingerprint = 'sha256:ad424b53b60b3b47ea4310cd13f818ddd72401dcd592cb516fde311652a66a84'
resolution-input-hash = 'sha256:466421704711c4fd3c71f0b2ed715a0e61d49e3e26f3a2637fee755795849c8e'
