# Managed by azldev component update. Do not edit manually.
version = 1
import-commit = 'f7d6711ad561180b3a42ce322379d343d06104b2'
upstream-commit = 'f7d6711ad561180b3a42ce322379d343d06104b2'
input-fingerprint = 'sha256:5a2a1f4102cfd6b096c2cbfe1d921623e1f9bf1c17ab189f45e2902c6a626e53'
resolution-input-hash = 'sha256:466421704711c4fd3c71f0b2ed715a0e61d49e3e26f3a2637fee755795849c8e'
