# Managed by azldev component update. Do not edit manually.
version = 1
import-commit = 'db051ac0cad6a8564df301064d6310ffcad69d63'
upstream-commit = 'db051ac0cad6a8564df301064d6310ffcad69d63'
input-fingerprint = 'sha256:5f0a32c0ff1c75ad288508797d8d1375fe4391834ef1260d0b0ebad8473837bf'
resolution-input-hash = 'sha256:466421704711c4fd3c71f0b2ed715a0e61d49e3e26f3a2637fee755795849c8e'
