# Managed by azldev component update. Do not edit manually.
version = 1
import-commit = '81ee99c59e2ce279cd90f95b0e8a601b25d3a853'
upstream-commit = '81ee99c59e2ce279cd90f95b0e8a601b25d3a853'
input-fingerprint = 'sha256:49cc3e53c6e0f361b78a2ee86169cb0ee998dc0c332b342483978916019bfdab'
resolution-input-hash = 'sha256:466421704711c4fd3c71f0b2ed715a0e61d49e3e26f3a2637fee755795849c8e'
