# Managed by azldev component update. Do not edit manually.
version = 1
import-commit = '5650108a6326bfde49ba9b136531f2599988b138'
upstream-commit = '5650108a6326bfde49ba9b136531f2599988b138'
input-fingerprint = 'sha256:5dff6e86fbf9ec11d6781ef5e48b975a95c9194d5060a2aa6392b6bef1d99bac'
resolution-input-hash = 'sha256:466421704711c4fd3c71f0b2ed715a0e61d49e3e26f3a2637fee755795849c8e'
