# Managed by azldev component update. Do not edit manually.
version = 1
import-commit = '36bc54bf746fba3f4ba5278801c6a6bd10df62d7'
upstream-commit = '36bc54bf746fba3f4ba5278801c6a6bd10df62d7'
input-fingerprint = 'sha256:1ce33dda629679d12c628d8b4a6d14401979deb0dc8adca782dcc18fa8d85322'
resolution-input-hash = 'sha256:466421704711c4fd3c71f0b2ed715a0e61d49e3e26f3a2637fee755795849c8e'
