# Managed by azldev component update. Do not edit manually.
version = 1
import-commit = 'f6b07dde595291d9f94777fd4d67361dd0b311f2'
upstream-commit = 'f6b07dde595291d9f94777fd4d67361dd0b311f2'
input-fingerprint = 'sha256:40817e83301776ad509058ba7ea9687ba58710af3339113955054b78856cbcbd'
resolution-input-hash = 'sha256:466421704711c4fd3c71f0b2ed715a0e61d49e3e26f3a2637fee755795849c8e'
