# Managed by azldev component update. Do not edit manually.
version = 1
import-commit = '197342c37f7a755f3b4b564dc1e91d752859934d'
upstream-commit = '197342c37f7a755f3b4b564dc1e91d752859934d'
input-fingerprint = 'sha256:ad447a005509411bf23381c6e0f3a58e30b0cdca6f92ab220ceb4aa70dffd5a9'
resolution-input-hash = 'sha256:466421704711c4fd3c71f0b2ed715a0e61d49e3e26f3a2637fee755795849c8e'
