# Managed by azldev component update. Do not edit manually.
version = 1
import-commit = '26a8b0c6f64d485ca5cfce950acba5f10889063f'
upstream-commit = '26a8b0c6f64d485ca5cfce950acba5f10889063f'
input-fingerprint = 'sha256:23c7e9ff8aeceb511d793eb135aff241593c3a40fe05815f58c51c8cd71d4400'
resolution-input-hash = 'sha256:466421704711c4fd3c71f0b2ed715a0e61d49e3e26f3a2637fee755795849c8e'
