# Managed by azldev component update. Do not edit manually.
version = 1
import-commit = 'e0e29b70f44eb25e726a29869463fbb4cdd55315'
upstream-commit = 'e0e29b70f44eb25e726a29869463fbb4cdd55315'
input-fingerprint = 'sha256:5babb0efc18a61b89e2fb822fc8983efda83ebc7d8f47746ae7b60ef61944203'
resolution-input-hash = 'sha256:466421704711c4fd3c71f0b2ed715a0e61d49e3e26f3a2637fee755795849c8e'
