# Managed by azldev component update. Do not edit manually.
version = 1
import-commit = '93accf528ab20c1d83949231e525215a22ff258a'
upstream-commit = '93accf528ab20c1d83949231e525215a22ff258a'
input-fingerprint = 'sha256:b56f7cd70cec9aec02922398d1be2808cda1fb2f6fb5eb18a129f2a1af519aa4'
resolution-input-hash = 'sha256:466421704711c4fd3c71f0b2ed715a0e61d49e3e26f3a2637fee755795849c8e'
