# Managed by azldev component update. Do not edit manually.
version = 1
import-commit = 'd4127f0b56811131e7d14c3943952b51e96bccb9'
upstream-commit = 'd4127f0b56811131e7d14c3943952b51e96bccb9'
input-fingerprint = 'sha256:2e38645f787d66a016cd740d712abd88539773a7063823291f36dae78029b69c'
resolution-input-hash = 'sha256:466421704711c4fd3c71f0b2ed715a0e61d49e3e26f3a2637fee755795849c8e'
