# Managed by azldev component update. Do not edit manually.
version = 1
import-commit = '5bad783f008aab067c9d1bfafc2cf4a65ae44e19'
upstream-commit = '5bad783f008aab067c9d1bfafc2cf4a65ae44e19'
input-fingerprint = 'sha256:1ccd6318850e2fb48ccc70101791095cfdd90094e63658180ed90d61f9015ef8'
resolution-input-hash = 'sha256:466421704711c4fd3c71f0b2ed715a0e61d49e3e26f3a2637fee755795849c8e'
