# Managed by azldev component update. Do not edit manually.
version = 1
import-commit = '1bd4edae560165c49f5479f25b9ef13979ab7269'
upstream-commit = '1bd4edae560165c49f5479f25b9ef13979ab7269'
input-fingerprint = 'sha256:7a82aaf56a33ad610c71a86803a5fcce89e02e18d16ff50631c54b45678a7899'
resolution-input-hash = 'sha256:466421704711c4fd3c71f0b2ed715a0e61d49e3e26f3a2637fee755795849c8e'
