# Managed by azldev component update. Do not edit manually.
version = 1
import-commit = '0324d11426d45f0bd8a28c6b1cd28162731e16cd'
upstream-commit = '0324d11426d45f0bd8a28c6b1cd28162731e16cd'
input-fingerprint = 'sha256:146a4330545598db1e999e51a6344152d02aeedbb1f4ed26ff600e9fd90cc947'
resolution-input-hash = 'sha256:466421704711c4fd3c71f0b2ed715a0e61d49e3e26f3a2637fee755795849c8e'
