# Managed by azldev component update. Do not edit manually.
version = 1
import-commit = '1db760fbdb840e91194d8435235ec4d31a60a3d3'
upstream-commit = '1db760fbdb840e91194d8435235ec4d31a60a3d3'
input-fingerprint = 'sha256:738ff0fda28d0e97929245d0a3334cc76640cdde5d4a18f79ea47549edd2bfa4'
resolution-input-hash = 'sha256:9aeff5c0afe5c7b064f6fcb988153031c8e5b000fda2f954724726d7b5dddfba'
