# Managed by azldev component update. Do not edit manually.
version = 1
import-commit = 'f64753abcf5b1381bdefe6b57d9d66f88d23ad54'
upstream-commit = 'f64753abcf5b1381bdefe6b57d9d66f88d23ad54'
input-fingerprint = 'sha256:2cb687b0d810dfd142c2dee9ab7e11be2eccdb22ba877fa7f4ca5e5d61f5b181'
resolution-input-hash = 'sha256:466421704711c4fd3c71f0b2ed715a0e61d49e3e26f3a2637fee755795849c8e'
