# Managed by azldev component update. Do not edit manually.
version = 1
import-commit = 'f2a1f5859e63fe196817addffe72079f5ec8389e'
upstream-commit = 'f2a1f5859e63fe196817addffe72079f5ec8389e'
input-fingerprint = 'sha256:2bc856fd58d32647751b171f17a70ae573d7616331b2f47bfbb8e402b4745933'
resolution-input-hash = 'sha256:466421704711c4fd3c71f0b2ed715a0e61d49e3e26f3a2637fee755795849c8e'
