# Managed by azldev component update. Do not edit manually.
version = 1
import-commit = 'edf1630e91fff88ae1d8a4204ec6753dc6a803d2'
upstream-commit = 'edf1630e91fff88ae1d8a4204ec6753dc6a803d2'
input-fingerprint = 'sha256:5e355e4c793e4d59e162af16f514b0d6f4a3ee276f2edee70bb37d465ac974cf'
resolution-input-hash = 'sha256:466421704711c4fd3c71f0b2ed715a0e61d49e3e26f3a2637fee755795849c8e'
