# Managed by azldev component update. Do not edit manually.
version = 1
import-commit = 'a32d8fef46a2265e931a8bebd1446e0a800fc483'
upstream-commit = 'a32d8fef46a2265e931a8bebd1446e0a800fc483'
input-fingerprint = 'sha256:07c99d0015fc432100bfb3f63194d26e4498a740e374a60ee4ef590e9ed8c1c7'
resolution-input-hash = 'sha256:466421704711c4fd3c71f0b2ed715a0e61d49e3e26f3a2637fee755795849c8e'
