# Managed by azldev component update. Do not edit manually.
version = 1
import-commit = 'f65e806eb63476960990a2fd2bcb3253b8df8166'
upstream-commit = 'f65e806eb63476960990a2fd2bcb3253b8df8166'
input-fingerprint = 'sha256:e30e3e841ae7bac18854c1ab052af15f7628b1e9cc8aae6b8d72bbf20ece753d'
resolution-input-hash = 'sha256:466421704711c4fd3c71f0b2ed715a0e61d49e3e26f3a2637fee755795849c8e'
