# Managed by azldev component update. Do not edit manually.
version = 1
import-commit = '15543a862cf180eda85d8c21353e4d1bb1f9dd03'
upstream-commit = '15543a862cf180eda85d8c21353e4d1bb1f9dd03'
input-fingerprint = 'sha256:91421c75e79934cd2e5de00b0be907fc8cf4ccd3bc87c3927e5dcaedbd692e3e'
resolution-input-hash = 'sha256:466421704711c4fd3c71f0b2ed715a0e61d49e3e26f3a2637fee755795849c8e'
