# Managed by azldev component update. Do not edit manually.
version = 1
import-commit = '1e8ea78f5a6251bebe0739962a54569f34924ed1'
upstream-commit = '1e8ea78f5a6251bebe0739962a54569f34924ed1'
input-fingerprint = 'sha256:4e8cccb4d8be2d807c62e12946269c032afa9d806bb6efcc4506aa2300b2b1d8'
resolution-input-hash = 'sha256:466421704711c4fd3c71f0b2ed715a0e61d49e3e26f3a2637fee755795849c8e'
