# Managed by azldev component update. Do not edit manually.
version = 1
import-commit = 'a58b41515d85b6e1a9ce933ee1a885edde6a0095'
upstream-commit = 'a58b41515d85b6e1a9ce933ee1a885edde6a0095'
input-fingerprint = 'sha256:efbc90499573772b59e83752f16fc6e474c4f8763d1ec54569eb057410649364'
resolution-input-hash = 'sha256:466421704711c4fd3c71f0b2ed715a0e61d49e3e26f3a2637fee755795849c8e'
