# Managed by azldev component update. Do not edit manually.
version = 1
import-commit = '81af22391a990b6943a7c2161f02cd2854eec97d'
upstream-commit = '81af22391a990b6943a7c2161f02cd2854eec97d'
input-fingerprint = 'sha256:4025e6838d975ba0a72e088d000a7af0ba87ef06a49946f5d07b8ec3be1bf408'
resolution-input-hash = 'sha256:466421704711c4fd3c71f0b2ed715a0e61d49e3e26f3a2637fee755795849c8e'
