# Managed by azldev component update. Do not edit manually.
version = 1
import-commit = 'e550269c49518ea6cfcbaccf205c15e615c11bf6'
upstream-commit = 'e550269c49518ea6cfcbaccf205c15e615c11bf6'
input-fingerprint = 'sha256:5fa261c93dacbe0733e006a8dcc5d6c78e0e3631d28f7ebf10a6805ff55f7269'
resolution-input-hash = 'sha256:466421704711c4fd3c71f0b2ed715a0e61d49e3e26f3a2637fee755795849c8e'
