# Managed by azldev component update. Do not edit manually.
version = 1
import-commit = '99562b85a7e6b160c82ad664eda9aeb61ad34863'
upstream-commit = '99562b85a7e6b160c82ad664eda9aeb61ad34863'
input-fingerprint = 'sha256:0a0f6fcc0e475bcd9b6edf06575d52395a231751760a3e5f87df932c6fb93ea4'
resolution-input-hash = 'sha256:466421704711c4fd3c71f0b2ed715a0e61d49e3e26f3a2637fee755795849c8e'
