# Managed by azldev component update. Do not edit manually.
version = 1
import-commit = 'cfa619f43f82ebbfc20756d0308aa8c3a1d3c09e'
upstream-commit = 'cfa619f43f82ebbfc20756d0308aa8c3a1d3c09e'
input-fingerprint = 'sha256:13081b8ddd3c1f424cb565241856ac62aec77e6e8f3e88bf1c4a0326ac73686e'
resolution-input-hash = 'sha256:24d11769265d274f466533febe7d767fd08e5deb47243cbf20d17bd4991db6c0'
