# Managed by azldev component update. Do not edit manually.
version = 1
import-commit = 'f6c33f0d59807cea2f09697536be8d10ecc86c18'
upstream-commit = 'f6c33f0d59807cea2f09697536be8d10ecc86c18'
input-fingerprint = 'sha256:37ab66fad87aa5afb2581ca1e34d794a21d8a2aee9eda1128d33bb0cf6829565'
resolution-input-hash = 'sha256:466421704711c4fd3c71f0b2ed715a0e61d49e3e26f3a2637fee755795849c8e'
