# Managed by azldev component update. Do not edit manually.
version = 1
import-commit = '1e3a4dce9be20514bb7bf89b0554d60bf2fdc40c'
upstream-commit = '1e3a4dce9be20514bb7bf89b0554d60bf2fdc40c'
input-fingerprint = 'sha256:85a9697f0dcd171dcf51d2d05d95aa5b9aa4cb9159b3555932f7e71c068ff0d9'
resolution-input-hash = 'sha256:466421704711c4fd3c71f0b2ed715a0e61d49e3e26f3a2637fee755795849c8e'
