# Managed by azldev component update. Do not edit manually.
version = 1
import-commit = '7502b3acfd75f679b4afa360fe51fef981d34be4'
upstream-commit = '7502b3acfd75f679b4afa360fe51fef981d34be4'
input-fingerprint = 'sha256:16f3022f474457ca8dec1fe5b32a272041ec13011a25575cbead5f12960295f9'
resolution-input-hash = 'sha256:466421704711c4fd3c71f0b2ed715a0e61d49e3e26f3a2637fee755795849c8e'
