# Managed by azldev component update. Do not edit manually.
version = 1
import-commit = 'e5f0b7844f1790e91df9f779a40cb61bd52a4584'
upstream-commit = 'e5f0b7844f1790e91df9f779a40cb61bd52a4584'
input-fingerprint = 'sha256:6acc6c4db529dc24615354655a3a7a585646d241546d8a3dce8f791f3c6b1117'
resolution-input-hash = 'sha256:466421704711c4fd3c71f0b2ed715a0e61d49e3e26f3a2637fee755795849c8e'
