# Managed by azldev component update. Do not edit manually.
version = 1
import-commit = 'b6f79167af25b2505c2b642584e4e4d3acf576dc'
upstream-commit = 'b6f79167af25b2505c2b642584e4e4d3acf576dc'
input-fingerprint = 'sha256:929caf56137f572be12c8a3272a9bad0cb7e6ce1247e2c30a43313fb8e14619d'
resolution-input-hash = 'sha256:466421704711c4fd3c71f0b2ed715a0e61d49e3e26f3a2637fee755795849c8e'
