# Managed by azldev component update. Do not edit manually.
version = 1
import-commit = 'b244f6f4fda1bf6e5f861680924a3beb539e502a'
upstream-commit = 'b244f6f4fda1bf6e5f861680924a3beb539e502a'
input-fingerprint = 'sha256:7abf107a860dbb2a2e9030b3a6799250a651b598deaac41e961d0e5cca6cd7b5'
resolution-input-hash = 'sha256:466421704711c4fd3c71f0b2ed715a0e61d49e3e26f3a2637fee755795849c8e'
