# Managed by azldev component update. Do not edit manually.
version = 1
import-commit = '33833341977e7dca014220b0f2956a00392a0f79'
upstream-commit = '33833341977e7dca014220b0f2956a00392a0f79'
input-fingerprint = 'sha256:4919d76d3974418ad8e9258bb72860c3c3af651409ebadc5ecb2cfa3b5809348'
resolution-input-hash = 'sha256:466421704711c4fd3c71f0b2ed715a0e61d49e3e26f3a2637fee755795849c8e'
