# Managed by azldev component update. Do not edit manually.
version = 1
import-commit = '950cec694a6a9d716d531c492096c04c6d287c8e'
upstream-commit = '950cec694a6a9d716d531c492096c04c6d287c8e'
input-fingerprint = 'sha256:3203940fa5a7ba19e9a03075d54d2530770721bcccb3a219bd246202dad8a1e0'
resolution-input-hash = 'sha256:466421704711c4fd3c71f0b2ed715a0e61d49e3e26f3a2637fee755795849c8e'
