# Managed by azldev component update. Do not edit manually.
version = 1
import-commit = 'b7fb0027eecfe3abd737071e2ae83653f2b8a705'
upstream-commit = 'b7fb0027eecfe3abd737071e2ae83653f2b8a705'
input-fingerprint = 'sha256:3f3da29aa9638554234c08b25ce4013ec05f9ba87932206e25dc4e6ac5f9ce4f'
resolution-input-hash = 'sha256:466421704711c4fd3c71f0b2ed715a0e61d49e3e26f3a2637fee755795849c8e'
