# Managed by azldev component update. Do not edit manually.
version = 1
import-commit = '5b82b4b607ea67bd09f3fa9083f30ce5b1907cb1'
upstream-commit = '5b82b4b607ea67bd09f3fa9083f30ce5b1907cb1'
input-fingerprint = 'sha256:1a0497720d9908380c6a4288f49e8924cc15285364d11aaacd38e8cc3528dae2'
resolution-input-hash = 'sha256:466421704711c4fd3c71f0b2ed715a0e61d49e3e26f3a2637fee755795849c8e'
