# Managed by azldev component update. Do not edit manually.
version = 1
import-commit = '1fd3f80e22fa45f9bd42ec11abc9d54d79765d91'
upstream-commit = '1fd3f80e22fa45f9bd42ec11abc9d54d79765d91'
input-fingerprint = 'sha256:23a0395ee4391486955b42c5928360fbd6c9797fe366b4ec469ae2838c9469fc'
resolution-input-hash = 'sha256:466421704711c4fd3c71f0b2ed715a0e61d49e3e26f3a2637fee755795849c8e'
