# Managed by azldev component update. Do not edit manually.
version = 1
import-commit = 'b41efb89ff18787dd72152a51aaa747aa2798041'
upstream-commit = 'b41efb89ff18787dd72152a51aaa747aa2798041'
input-fingerprint = 'sha256:d9e3668562c91882c7937a4b8ee945ff44cc77eb46eb77af666b2f7509f38173'
resolution-input-hash = 'sha256:466421704711c4fd3c71f0b2ed715a0e61d49e3e26f3a2637fee755795849c8e'
