# Managed by azldev component update. Do not edit manually.
version = 1
import-commit = '99206ff8292ec9c52136d18d152a855516511992'
upstream-commit = '99206ff8292ec9c52136d18d152a855516511992'
input-fingerprint = 'sha256:1c74e59a85c7f6cc62047a9c12cb99e0233272bd1d273e5db1806580c4b20285'
resolution-input-hash = 'sha256:466421704711c4fd3c71f0b2ed715a0e61d49e3e26f3a2637fee755795849c8e'
