# Managed by azldev component update. Do not edit manually.
version = 1
import-commit = '7f069a4be3ffa6b9e47ea71297224dca5632c52c'
upstream-commit = '7f069a4be3ffa6b9e47ea71297224dca5632c52c'
input-fingerprint = 'sha256:c6e7563d2669a693ccfa4f2907d8d929e973baa096411a31b1e1a5861e8692e1'
resolution-input-hash = 'sha256:466421704711c4fd3c71f0b2ed715a0e61d49e3e26f3a2637fee755795849c8e'
