# Managed by azldev component update. Do not edit manually.
version = 1
import-commit = 'd8d4292d9574103fbcc7afc18e0976d8a7182667'
upstream-commit = 'd8d4292d9574103fbcc7afc18e0976d8a7182667'
input-fingerprint = 'sha256:570c876806e83308b8d8d93e1013025d0560e31c3f5e04ce1b6e358de104867c'
resolution-input-hash = 'sha256:466421704711c4fd3c71f0b2ed715a0e61d49e3e26f3a2637fee755795849c8e'
