# Managed by azldev component update. Do not edit manually.
version = 1
import-commit = '133a88bb95db17e330b0193417eaf240e9b6832a'
upstream-commit = '133a88bb95db17e330b0193417eaf240e9b6832a'
input-fingerprint = 'sha256:86beb8cb8c89ed8d2236b2096d12e957c6988ec98848386425002178d1d2dfdd'
resolution-input-hash = 'sha256:466421704711c4fd3c71f0b2ed715a0e61d49e3e26f3a2637fee755795849c8e'
