# Managed by azldev component update. Do not edit manually.
version = 1
import-commit = '258e5227a6cac3b7f58daabb7c2ae352dade2812'
upstream-commit = '258e5227a6cac3b7f58daabb7c2ae352dade2812'
input-fingerprint = 'sha256:d9c5bb6099f7c7c0c1ccfd7280126f948a14c09a5c8c5dc9890f10f5a1adc401'
resolution-input-hash = 'sha256:466421704711c4fd3c71f0b2ed715a0e61d49e3e26f3a2637fee755795849c8e'
