# Managed by azldev component update. Do not edit manually.
version = 1
import-commit = 'b78291caf25c7776d7bc175ca56c2ca34d53e435'
upstream-commit = 'b78291caf25c7776d7bc175ca56c2ca34d53e435'
input-fingerprint = 'sha256:bdee45655d88b0c2c54e9b804d28921ce7a8467749d68bc39afb6b481a3205d3'
resolution-input-hash = 'sha256:466421704711c4fd3c71f0b2ed715a0e61d49e3e26f3a2637fee755795849c8e'
