# Managed by azldev component update. Do not edit manually.
version = 1
import-commit = '024ade27f4ca45b53a617cee666f3071152a9858'
upstream-commit = '024ade27f4ca45b53a617cee666f3071152a9858'
input-fingerprint = 'sha256:11fc653279280067e13c7341f3794caf331074afd050733823deb721413ac45c'
resolution-input-hash = 'sha256:466421704711c4fd3c71f0b2ed715a0e61d49e3e26f3a2637fee755795849c8e'
