# Managed by azldev component update. Do not edit manually.
version = 1
import-commit = '840bc0a5f99bfae3aed0f5ecff592111ecb6c36c'
upstream-commit = '840bc0a5f99bfae3aed0f5ecff592111ecb6c36c'
input-fingerprint = 'sha256:a3134ed2a843eda134d79147109cb74bf9662a0d760cb4aa26f59fda98b095c4'
resolution-input-hash = 'sha256:466421704711c4fd3c71f0b2ed715a0e61d49e3e26f3a2637fee755795849c8e'
