# Managed by azldev component update. Do not edit manually.
version = 1
import-commit = 'b5d3e28a9d3b3634c4636cb970ff12da84840185'
upstream-commit = 'b5d3e28a9d3b3634c4636cb970ff12da84840185'
input-fingerprint = 'sha256:cb6da446706dea120b92a7238064e8a5c09259dbae77701aabd8ced86db48cec'
resolution-input-hash = 'sha256:466421704711c4fd3c71f0b2ed715a0e61d49e3e26f3a2637fee755795849c8e'
