# Managed by azldev component update. Do not edit manually.
version = 1
import-commit = 'e087f7f157dae52b62391cffa914a5d42992a3d5'
upstream-commit = 'e087f7f157dae52b62391cffa914a5d42992a3d5'
input-fingerprint = 'sha256:782b3907994cc169e72e1cb3e50ff7301ad302195f01c95df05046a72afba2bb'
resolution-input-hash = 'sha256:466421704711c4fd3c71f0b2ed715a0e61d49e3e26f3a2637fee755795849c8e'
