# Managed by azldev component update. Do not edit manually.
version = 1
import-commit = '443fb8f2a8f1ae3e1e6926682d83e00354b112f3'
upstream-commit = '443fb8f2a8f1ae3e1e6926682d83e00354b112f3'
input-fingerprint = 'sha256:ee3573dd6f2d41f3e58825456323981ddbcfd588d28b9ac203aedeaa95092464'
resolution-input-hash = 'sha256:466421704711c4fd3c71f0b2ed715a0e61d49e3e26f3a2637fee755795849c8e'
