# Managed by azldev component update. Do not edit manually.
version = 1
import-commit = '38de377afc4e28be960701f04704525d41a74479'
upstream-commit = '38de377afc4e28be960701f04704525d41a74479'
input-fingerprint = 'sha256:1e6318ebe2ac39f5a28f2bb52864790042ccbb11b53197872475594c0dba8ff7'
resolution-input-hash = 'sha256:466421704711c4fd3c71f0b2ed715a0e61d49e3e26f3a2637fee755795849c8e'
