# Managed by azldev component update. Do not edit manually.
version = 1
import-commit = 'c933057e8d425de5496a8e87039d89805cf6f073'
upstream-commit = 'c933057e8d425de5496a8e87039d89805cf6f073'
input-fingerprint = 'sha256:14d26acf9bd2befaf75e83f22520c7f82e8da5d7d2f95ed0fba87ac8897cbceb'
resolution-input-hash = 'sha256:466421704711c4fd3c71f0b2ed715a0e61d49e3e26f3a2637fee755795849c8e'
