# Managed by azldev component update. Do not edit manually.
version = 1
import-commit = 'fc17a8cff08df19dd89c09763241fac109775ea9'
upstream-commit = 'fc17a8cff08df19dd89c09763241fac109775ea9'
input-fingerprint = 'sha256:dd7a82f3655d1cb66a3e731084a668d81d37acb2d05aa04d88573aefb054b375'
resolution-input-hash = 'sha256:466421704711c4fd3c71f0b2ed715a0e61d49e3e26f3a2637fee755795849c8e'
