# Managed by azldev component update. Do not edit manually.
version = 1
import-commit = '7c274f56968a9522fb90cf3fc01966fe3ec040ad'
upstream-commit = '7c274f56968a9522fb90cf3fc01966fe3ec040ad'
input-fingerprint = 'sha256:84398d581d528663542947d3230dba8c8b5908069683e7a5fee1a249623d6a76'
resolution-input-hash = 'sha256:466421704711c4fd3c71f0b2ed715a0e61d49e3e26f3a2637fee755795849c8e'
