# Managed by azldev component update. Do not edit manually.
version = 1
import-commit = 'ae4d4ea5976319dd85d2935e232498685626dcb3'
upstream-commit = 'ae4d4ea5976319dd85d2935e232498685626dcb3'
input-fingerprint = 'sha256:606ee28e8c27378ba5ff7600a0801c55e84711ed022222e45cb2586a3816c799'
resolution-input-hash = 'sha256:466421704711c4fd3c71f0b2ed715a0e61d49e3e26f3a2637fee755795849c8e'
