# Managed by azldev component update. Do not edit manually.
version = 1
import-commit = 'bd644676d7ca4c1ac80170724efcdf4b96075e08'
upstream-commit = 'bd644676d7ca4c1ac80170724efcdf4b96075e08'
input-fingerprint = 'sha256:ea7a8b187626710185f8069ee5d6134512c79f5330f4323ff7643406c90f6770'
resolution-input-hash = 'sha256:466421704711c4fd3c71f0b2ed715a0e61d49e3e26f3a2637fee755795849c8e'
