# Managed by azldev component update. Do not edit manually.
version = 1
import-commit = 'b6220c999564270d95ad8b3d98589b54d28ab3e9'
upstream-commit = 'b6220c999564270d95ad8b3d98589b54d28ab3e9'
input-fingerprint = 'sha256:619c2e8434c03b1060839fbb08b54a32dddb6c3036c21457a9777891d36517c0'
resolution-input-hash = 'sha256:466421704711c4fd3c71f0b2ed715a0e61d49e3e26f3a2637fee755795849c8e'
