# Managed by azldev component update. Do not edit manually.
version = 1
import-commit = 'bbac9c8cbd7178bc8e85531b4bd3031fb7f838c0'
upstream-commit = 'bbac9c8cbd7178bc8e85531b4bd3031fb7f838c0'
input-fingerprint = 'sha256:fd7c163202eb1ea809641ec525fca1e9d7e290e73e8c49503e68d53e99277fa1'
resolution-input-hash = 'sha256:466421704711c4fd3c71f0b2ed715a0e61d49e3e26f3a2637fee755795849c8e'
