# Managed by azldev component update. Do not edit manually.
version = 1
import-commit = '2a49c4264d28f900d16eb7dfdf3258cc5b3575bd'
upstream-commit = '2a49c4264d28f900d16eb7dfdf3258cc5b3575bd'
input-fingerprint = 'sha256:175b16d5817ed44250875764bc431d9537f996738c5d45bf4f9f48e37b25bb2f'
resolution-input-hash = 'sha256:466421704711c4fd3c71f0b2ed715a0e61d49e3e26f3a2637fee755795849c8e'
