# Managed by azldev component update. Do not edit manually.
version = 1
import-commit = 'b57b73ee4dc56edf0fd0b8c29e99d5161e5f1f50'
upstream-commit = 'b57b73ee4dc56edf0fd0b8c29e99d5161e5f1f50'
input-fingerprint = 'sha256:3db99677b028e21365b2c4392b38f1c5127df57f9cb651edb44f9d727d3333f0'
resolution-input-hash = 'sha256:466421704711c4fd3c71f0b2ed715a0e61d49e3e26f3a2637fee755795849c8e'
