# Managed by azldev component update. Do not edit manually.
version = 1
import-commit = 'a2754d4ebe82fedc028151233d7b04fc1f51f7c3'
upstream-commit = 'a2754d4ebe82fedc028151233d7b04fc1f51f7c3'
input-fingerprint = 'sha256:c1040c32c03c64e5a653521b9e9bdb63f4935508abf1e9be865750fa4226306f'
resolution-input-hash = 'sha256:466421704711c4fd3c71f0b2ed715a0e61d49e3e26f3a2637fee755795849c8e'
