# Managed by azldev component update. Do not edit manually.
version = 1
import-commit = '9888a3ff622ad675870f684c8e0b4d50e6f7e006'
upstream-commit = '9888a3ff622ad675870f684c8e0b4d50e6f7e006'
input-fingerprint = 'sha256:71d01a33670d06ccc22e1f51c1a916e9a8d3ee47a4047781bfb258cb6d58481d'
resolution-input-hash = 'sha256:466421704711c4fd3c71f0b2ed715a0e61d49e3e26f3a2637fee755795849c8e'
