# Managed by azldev component update. Do not edit manually.
version = 1
import-commit = 'e025ec1b8d9e61a88c1732900a82435fc8c3623c'
upstream-commit = 'a7894bf285c94821de7fd7e3e8012dd6a04bad1c'
input-fingerprint = 'sha256:1cc25e0616a09e5970735a0530ade9aabba081c1cc06e086fc57abf636e819f1'
resolution-input-hash = 'sha256:d5f11ef176c2fe859204e76c167bc598790228d0fe7e76557a185f625c71549f'
