# Managed by azldev component update. Do not edit manually.
version = 1
import-commit = '569161d1a03e78657b4f32fe8d90632c051baf8d'
upstream-commit = '569161d1a03e78657b4f32fe8d90632c051baf8d'
input-fingerprint = 'sha256:8add078b3718094044ba034e6c0c35777ed7e72d49380c89d49de58861f4ed4d'
resolution-input-hash = 'sha256:466421704711c4fd3c71f0b2ed715a0e61d49e3e26f3a2637fee755795849c8e'
