# Managed by azldev component update. Do not edit manually.
version = 1
import-commit = '246f3107c116854f40aece785d94eaf4f1cdb561'
upstream-commit = '246f3107c116854f40aece785d94eaf4f1cdb561'
input-fingerprint = 'sha256:1d65e4b05b82cb319bfb9036c3b1ae3998d237ad55d02dd5f98e7e9f92bb231b'
resolution-input-hash = 'sha256:466421704711c4fd3c71f0b2ed715a0e61d49e3e26f3a2637fee755795849c8e'
