# Managed by azldev component update. Do not edit manually.
version = 1
import-commit = 'f3235352c43bf4887f520bfc96b74284997ac1cd'
upstream-commit = 'f3235352c43bf4887f520bfc96b74284997ac1cd'
input-fingerprint = 'sha256:5dad440178a5731a03969cdf1976f3a63874287324e7d303b18f51a1c80fed72'
resolution-input-hash = 'sha256:466421704711c4fd3c71f0b2ed715a0e61d49e3e26f3a2637fee755795849c8e'
