# Managed by azldev component update. Do not edit manually.
version = 1
import-commit = '08f0187591908c63d7579250cdbdaa7783028ab5'
upstream-commit = '08f0187591908c63d7579250cdbdaa7783028ab5'
input-fingerprint = 'sha256:4019df7b8286a32bde85ef837a030ab526c8bc76a926824e9f7f2b160427c03e'
resolution-input-hash = 'sha256:466421704711c4fd3c71f0b2ed715a0e61d49e3e26f3a2637fee755795849c8e'
