# Managed by azldev component update. Do not edit manually.
version = 1
import-commit = '99e471bee9935c6fb6ea4b278e613cce3ff56f8b'
upstream-commit = '99e471bee9935c6fb6ea4b278e613cce3ff56f8b'
input-fingerprint = 'sha256:b60f7c7e138d2941831f0f1b7c7abbb96852355c8ba5779fc633be6764291352'
resolution-input-hash = 'sha256:466421704711c4fd3c71f0b2ed715a0e61d49e3e26f3a2637fee755795849c8e'
