# Managed by azldev component update. Do not edit manually.
version = 1
import-commit = '18d5b0c99a5d0801cc63d680d24a312fd7cfc4f8'
upstream-commit = '18d5b0c99a5d0801cc63d680d24a312fd7cfc4f8'
input-fingerprint = 'sha256:94e4e1539c2c4e3e4b18bb7b33ece072149fc23104858be8d639d828ae3738d3'
resolution-input-hash = 'sha256:466421704711c4fd3c71f0b2ed715a0e61d49e3e26f3a2637fee755795849c8e'
