# Managed by azldev component update. Do not edit manually.
version = 1
import-commit = 'a18503cf46c4d9d642c2445f6c7db0464027cd5d'
upstream-commit = 'a18503cf46c4d9d642c2445f6c7db0464027cd5d'
input-fingerprint = 'sha256:c675c9e3f7147d1857f294ab9d12915fd2e3f24345b281fa584da030351d46ad'
resolution-input-hash = 'sha256:466421704711c4fd3c71f0b2ed715a0e61d49e3e26f3a2637fee755795849c8e'
