# Managed by azldev component update. Do not edit manually.
version = 1
import-commit = '17c1add4b994e70aec70e4b0fe67409d7f12befd'
upstream-commit = '17c1add4b994e70aec70e4b0fe67409d7f12befd'
input-fingerprint = 'sha256:8e7e5b6e6e39266a7c6156891ccefef27c180b1569830d7ac50623e0b3564263'
resolution-input-hash = 'sha256:466421704711c4fd3c71f0b2ed715a0e61d49e3e26f3a2637fee755795849c8e'
