# Managed by azldev component update. Do not edit manually.
version = 1
import-commit = '8fdf227ba90d1dc636a0815cccae28dad6150f4a'
upstream-commit = '8fdf227ba90d1dc636a0815cccae28dad6150f4a'
input-fingerprint = 'sha256:95a6e1ff53c768317355a5bae200c4751c946f4dfd931b6ba209ee9009a952f7'
resolution-input-hash = 'sha256:466421704711c4fd3c71f0b2ed715a0e61d49e3e26f3a2637fee755795849c8e'
