# Managed by azldev component update. Do not edit manually.
version = 1
import-commit = 'd1fc1a2cd5e7b3074265c1e7a14a902409159a5b'
upstream-commit = 'd1fc1a2cd5e7b3074265c1e7a14a902409159a5b'
input-fingerprint = 'sha256:94c6cf0313cc8b36d31125f8f27acd566e9f3b1be6edaf29f1e025cc29daa1d6'
resolution-input-hash = 'sha256:466421704711c4fd3c71f0b2ed715a0e61d49e3e26f3a2637fee755795849c8e'
