# Managed by azldev component update. Do not edit manually.
version = 1
import-commit = 'f09b2e8b456d04b95e4e44538148dc674ba707be'
upstream-commit = 'f09b2e8b456d04b95e4e44538148dc674ba707be'
input-fingerprint = 'sha256:383815bcba53744601f3b5f9c27ca6f803219f085cbec5613354792bf269da66'
resolution-input-hash = 'sha256:466421704711c4fd3c71f0b2ed715a0e61d49e3e26f3a2637fee755795849c8e'
