# Managed by azldev component update. Do not edit manually.
version = 1
import-commit = '4a64708a0ecb0cc67fccaa7ddef8676cc0b4319f'
upstream-commit = '4a64708a0ecb0cc67fccaa7ddef8676cc0b4319f'
input-fingerprint = 'sha256:b1d60b3b1d9bd963c8c485021d4aa59e3fba7a038f45b4eaf6a81f9967bd05b7'
resolution-input-hash = 'sha256:de63753131a4652de096eba93128dab6b7c7bd405bce641c4a7b974f381adb35'
