# Managed by azldev component update. Do not edit manually.
version = 1
import-commit = 'e2149b9dd137d4726e07ec91b85c93b22f326dd5'
upstream-commit = 'e2149b9dd137d4726e07ec91b85c93b22f326dd5'
input-fingerprint = 'sha256:ccccd4148c7db8241419905f3ccc833dde6dccf21b4598971b873f02219af22c'
resolution-input-hash = 'sha256:466421704711c4fd3c71f0b2ed715a0e61d49e3e26f3a2637fee755795849c8e'
