# Managed by azldev component update. Do not edit manually.
version = 1
import-commit = 'c282615e797e59fb29929678fcccc55863123009'
upstream-commit = 'c282615e797e59fb29929678fcccc55863123009'
input-fingerprint = 'sha256:55de944e5a65f0692081c8cab9d193a673ef7f93047c2c64e035d959a3b59ae6'
resolution-input-hash = 'sha256:466421704711c4fd3c71f0b2ed715a0e61d49e3e26f3a2637fee755795849c8e'
