# Managed by azldev component update. Do not edit manually.
version = 1
import-commit = 'ef48a21d9a0b462b1210879a8403f54d8009a142'
upstream-commit = 'ef48a21d9a0b462b1210879a8403f54d8009a142'
input-fingerprint = 'sha256:f92521ce7c1cf257f4769d657c05109725f45ddc6a39149636d1d22bac365605'
resolution-input-hash = 'sha256:466421704711c4fd3c71f0b2ed715a0e61d49e3e26f3a2637fee755795849c8e'
