# Managed by azldev component update. Do not edit manually.
version = 1
import-commit = 'c625cc473ece858fa5286b129d10229fc8f0289c'
upstream-commit = 'c625cc473ece858fa5286b129d10229fc8f0289c'
input-fingerprint = 'sha256:c3b24f3d9283f650f364235428752e0795ecec71f472b309b231802bfa19e143'
resolution-input-hash = 'sha256:466421704711c4fd3c71f0b2ed715a0e61d49e3e26f3a2637fee755795849c8e'
