# Managed by azldev component update. Do not edit manually.
version = 1
import-commit = '0b011d7894f59861ae26bf2e184f75b1b1a0c2df'
upstream-commit = '0b011d7894f59861ae26bf2e184f75b1b1a0c2df'
input-fingerprint = 'sha256:2294cdba70f0d6246827f731edaf9da7deea903e059cc4acad9eb4f93d2d7030'
resolution-input-hash = 'sha256:466421704711c4fd3c71f0b2ed715a0e61d49e3e26f3a2637fee755795849c8e'
