# Managed by azldev component update. Do not edit manually.
version = 1
import-commit = '5b2d3eebee678d185ae510a67d53e6473d8ca273'
upstream-commit = '5b2d3eebee678d185ae510a67d53e6473d8ca273'
input-fingerprint = 'sha256:84022af0d6f5a4a3540e83a2e477d7a36caf18223640a1dccb0beaa928090d0f'
resolution-input-hash = 'sha256:466421704711c4fd3c71f0b2ed715a0e61d49e3e26f3a2637fee755795849c8e'
