# Managed by azldev component update. Do not edit manually.
version = 1
import-commit = 'a7aa62f1ddd6e324fab094eed3ec5f714fa85071'
upstream-commit = 'a7aa62f1ddd6e324fab094eed3ec5f714fa85071'
input-fingerprint = 'sha256:d700f1af9f8c42efced2f5b3ff0f14ae5fdece7afa55a0a7cea1d3d416262e93'
resolution-input-hash = 'sha256:466421704711c4fd3c71f0b2ed715a0e61d49e3e26f3a2637fee755795849c8e'
