# Managed by azldev component update. Do not edit manually.
version = 1
import-commit = 'a98bf3b6a48dbb56d3132e83afda4ed7bb009d6d'
upstream-commit = 'a98bf3b6a48dbb56d3132e83afda4ed7bb009d6d'
input-fingerprint = 'sha256:40311af7f5ec1ce91a27db6da0329b4fad7a40448aa1876f962e0e02b0cdf87c'
resolution-input-hash = 'sha256:466421704711c4fd3c71f0b2ed715a0e61d49e3e26f3a2637fee755795849c8e'
