# Managed by azldev component update. Do not edit manually.
version = 1
import-commit = 'ac700a3d40923a42754a612c925c8e5819ec3a72'
upstream-commit = 'ac700a3d40923a42754a612c925c8e5819ec3a72'
input-fingerprint = 'sha256:35b5cead300c6a43392d8e908168c54a7e7ba4f492de538173ffada0ed41c947'
resolution-input-hash = 'sha256:466421704711c4fd3c71f0b2ed715a0e61d49e3e26f3a2637fee755795849c8e'
