# Managed by azldev component update. Do not edit manually.
version = 1
import-commit = 'd4e624a9d3cd8ce23a1d3aae338102131640f7b1'
upstream-commit = 'd4e624a9d3cd8ce23a1d3aae338102131640f7b1'
input-fingerprint = 'sha256:6482b8e011d13da687ef1c89475455a41c48c23a5210447235efb500d52f4fb1'
resolution-input-hash = 'sha256:466421704711c4fd3c71f0b2ed715a0e61d49e3e26f3a2637fee755795849c8e'
