# Managed by azldev component update. Do not edit manually.
version = 1
import-commit = 'a993452647d3c02ffbc03e9a2a5cb7d091db2934'
upstream-commit = 'a993452647d3c02ffbc03e9a2a5cb7d091db2934'
input-fingerprint = 'sha256:b133c357bce4bc8c2d398d5301541d6d60cbb37ae64bc17ef4f2f538440963b2'
resolution-input-hash = 'sha256:466421704711c4fd3c71f0b2ed715a0e61d49e3e26f3a2637fee755795849c8e'
