# Managed by azldev component update. Do not edit manually.
version = 1
import-commit = 'e1403da667b2a75353929c451b30b1c565542b68'
upstream-commit = 'e1403da667b2a75353929c451b30b1c565542b68'
input-fingerprint = 'sha256:5d092b86c39d834c43cffe3f7eeec2f3450f8e3311c5a51ad933a563be8617ca'
resolution-input-hash = 'sha256:466421704711c4fd3c71f0b2ed715a0e61d49e3e26f3a2637fee755795849c8e'
