# Managed by azldev component update. Do not edit manually.
version = 1
import-commit = 'bf238a9993074200e157e557a1469eb8f14667f6'
upstream-commit = 'bf238a9993074200e157e557a1469eb8f14667f6'
input-fingerprint = 'sha256:c750f37f0b31f24626538c689fd1e90c1c920204dbdcfd688128ae5409f5c1d3'
resolution-input-hash = 'sha256:466421704711c4fd3c71f0b2ed715a0e61d49e3e26f3a2637fee755795849c8e'
