# Managed by azldev component update. Do not edit manually.
version = 1
import-commit = '84e30cf6f847be56bc9fc8790a89c72e0715858b'
upstream-commit = '84e30cf6f847be56bc9fc8790a89c72e0715858b'
input-fingerprint = 'sha256:44d507d65ec3c0ff5c6e1c9e791e092c6cd1475f6b37a76e3daf931a75c2fcda'
resolution-input-hash = 'sha256:466421704711c4fd3c71f0b2ed715a0e61d49e3e26f3a2637fee755795849c8e'
