# Managed by azldev component update. Do not edit manually.
version = 1
import-commit = '5699365602db03f02fe0f8959f2ae23e6835ab21'
upstream-commit = '5699365602db03f02fe0f8959f2ae23e6835ab21'
input-fingerprint = 'sha256:2aa80f91869734563d2c098d6772c28580960c7ab46a485ae1fe7ffe1a832488'
resolution-input-hash = 'sha256:466421704711c4fd3c71f0b2ed715a0e61d49e3e26f3a2637fee755795849c8e'
