# Managed by azldev component update. Do not edit manually.
version = 1
import-commit = 'c1ab97771c388b0e0bc6a2282e4fb8c3c9d8da39'
upstream-commit = 'c1ab97771c388b0e0bc6a2282e4fb8c3c9d8da39'
input-fingerprint = 'sha256:167abf356cce36566d772f5d77cef7bd24b7bed91c9d50cb702b22b981086b9e'
resolution-input-hash = 'sha256:466421704711c4fd3c71f0b2ed715a0e61d49e3e26f3a2637fee755795849c8e'
