# Managed by azldev component update. Do not edit manually.
version = 1
import-commit = 'c395efe729205320241de0e5e17bc2348bf46199'
upstream-commit = 'c395efe729205320241de0e5e17bc2348bf46199'
input-fingerprint = 'sha256:c41eee0786335360f8ad27b0cdcc41a109c48b7f94881b8783fae9bcd3e32a39'
resolution-input-hash = 'sha256:466421704711c4fd3c71f0b2ed715a0e61d49e3e26f3a2637fee755795849c8e'
