# Managed by azldev component update. Do not edit manually.
version = 1
import-commit = 'a818977f2a8afc74f3486d8165b0139ab7f29330'
upstream-commit = 'a818977f2a8afc74f3486d8165b0139ab7f29330'
input-fingerprint = 'sha256:db059e078b7f6c16cfdf84f0f7bd5355117444c4744e36211a0d3261d507312a'
resolution-input-hash = 'sha256:466421704711c4fd3c71f0b2ed715a0e61d49e3e26f3a2637fee755795849c8e'
