# Managed by azldev component update. Do not edit manually.
version = 1
import-commit = 'ed3322dddc796962c3b8344ec48267f8ef7c5521'
upstream-commit = 'ed3322dddc796962c3b8344ec48267f8ef7c5521'
input-fingerprint = 'sha256:c75575299ccc2d9b31fa55c7d58358f41dbb823cfef4374392f7bf774ded5ad1'
resolution-input-hash = 'sha256:466421704711c4fd3c71f0b2ed715a0e61d49e3e26f3a2637fee755795849c8e'
