# Managed by azldev component update. Do not edit manually.
version = 1
import-commit = 'c9d639e4326b7cc0fc7b036ab2f7bb04097dcbe2'
upstream-commit = 'c9d639e4326b7cc0fc7b036ab2f7bb04097dcbe2'
input-fingerprint = 'sha256:9d7a6df11b5bb2126d311eff6efc8c701b51f221176a2822c04fa8dd43114740'
resolution-input-hash = 'sha256:466421704711c4fd3c71f0b2ed715a0e61d49e3e26f3a2637fee755795849c8e'
