# Managed by azldev component update. Do not edit manually.
version = 1
import-commit = '3b4e8d146a2e79c3d2a8080e9e8a425aa38f877e'
upstream-commit = '3b4e8d146a2e79c3d2a8080e9e8a425aa38f877e'
input-fingerprint = 'sha256:9a8b7f6fa4c8f5669458ec2a6b2ae086e25a967389fa2d53b8736224527c4219'
resolution-input-hash = 'sha256:466421704711c4fd3c71f0b2ed715a0e61d49e3e26f3a2637fee755795849c8e'
