# Managed by azldev component update. Do not edit manually.
version = 1
import-commit = '4a5a60146c5fdec4c48cc9b90caf1f34f2cce184'
upstream-commit = '4a5a60146c5fdec4c48cc9b90caf1f34f2cce184'
input-fingerprint = 'sha256:1cc7f8f80bb2af27eb7d613bad5d3a7fd737f384efde844fdb4b84905129dc51'
resolution-input-hash = 'sha256:466421704711c4fd3c71f0b2ed715a0e61d49e3e26f3a2637fee755795849c8e'
