# Managed by azldev component update. Do not edit manually.
version = 1
import-commit = '3bfc81f6a365029f0b64de9d12899f2b971c5f7a'
upstream-commit = '3bfc81f6a365029f0b64de9d12899f2b971c5f7a'
input-fingerprint = 'sha256:4852890d5cc205e9788127202aa5d921993e9f23c9fc233fb5ab84d242993db6'
resolution-input-hash = 'sha256:466421704711c4fd3c71f0b2ed715a0e61d49e3e26f3a2637fee755795849c8e'
