# Managed by azldev component update. Do not edit manually.
version = 1
import-commit = '1f0d8d59fe46e9243b0f16ff7ffb5a9cf7a4f362'
upstream-commit = '1f0d8d59fe46e9243b0f16ff7ffb5a9cf7a4f362'
input-fingerprint = 'sha256:9b79c5fa1198e676f55c315d3dffe0365dbd9af5ff0da3e54937910ff9dbb7a1'
resolution-input-hash = 'sha256:466421704711c4fd3c71f0b2ed715a0e61d49e3e26f3a2637fee755795849c8e'
