# Managed by azldev component update. Do not edit manually.
version = 1
import-commit = '4d2157d3e7034796ca71e44309a26a751a089a21'
upstream-commit = '4d2157d3e7034796ca71e44309a26a751a089a21'
input-fingerprint = 'sha256:2ed285f931ed5ff81ff3600fb2b4984283b89a7cb7796963031b707394497e19'
resolution-input-hash = 'sha256:466421704711c4fd3c71f0b2ed715a0e61d49e3e26f3a2637fee755795849c8e'
