# Managed by azldev component update. Do not edit manually.
version = 1
import-commit = '841147ec68b629e238125329e2235134b95b831a'
upstream-commit = '841147ec68b629e238125329e2235134b95b831a'
input-fingerprint = 'sha256:d4db73bcc04c869c4c6519ad2c0c8f4def3d4580732f969bf6e37fe8e13668e9'
resolution-input-hash = 'sha256:466421704711c4fd3c71f0b2ed715a0e61d49e3e26f3a2637fee755795849c8e'
