# Managed by azldev component update. Do not edit manually.
version = 1
import-commit = '57ebbc5c6af21aa3c3189c956ff1870cf10ac7c5'
upstream-commit = '57ebbc5c6af21aa3c3189c956ff1870cf10ac7c5'
input-fingerprint = 'sha256:6a01033ee462d1000214565210050577b0fc7136bfc1d93be4528e233def9514'
resolution-input-hash = 'sha256:466421704711c4fd3c71f0b2ed715a0e61d49e3e26f3a2637fee755795849c8e'
