# Managed by azldev component update. Do not edit manually.
version = 1
import-commit = '7a02d4d9a55f7c4949069583d67453c9d9665fcf'
upstream-commit = '7a02d4d9a55f7c4949069583d67453c9d9665fcf'
input-fingerprint = 'sha256:f744d34b93ea8a5206d65154ba5b44946fdf5cac17f74c192487c65f548c5a6b'
resolution-input-hash = 'sha256:466421704711c4fd3c71f0b2ed715a0e61d49e3e26f3a2637fee755795849c8e'
