# Managed by azldev component update. Do not edit manually.
version = 1
import-commit = '97a74d1a5272e670858f900a2856084ccc1a47b1'
upstream-commit = '97a74d1a5272e670858f900a2856084ccc1a47b1'
input-fingerprint = 'sha256:732e4a26daf238bf3917da2db4c3c30cbd2ddb2e91fbd82a609cf38fe1dbf7c7'
resolution-input-hash = 'sha256:466421704711c4fd3c71f0b2ed715a0e61d49e3e26f3a2637fee755795849c8e'
