# Managed by azldev component update. Do not edit manually.
version = 1
import-commit = 'd829d156e54cc64d9bfdac109bb273ba1195d685'
upstream-commit = 'd829d156e54cc64d9bfdac109bb273ba1195d685'
input-fingerprint = 'sha256:127f2859269cbe1a976aa799578c5d2f1950cd5da0dbc5b3da18580d613a7bea'
resolution-input-hash = 'sha256:466421704711c4fd3c71f0b2ed715a0e61d49e3e26f3a2637fee755795849c8e'
