# Managed by azldev component update. Do not edit manually.
version = 1
import-commit = '9b7b66515613eb4aff0f57fe5c922ed532f27f1c'
upstream-commit = '9b7b66515613eb4aff0f57fe5c922ed532f27f1c'
input-fingerprint = 'sha256:bfd2c3b58e9802b26cd01ba5d5985b8a5d59dc053c009039d532a9e317f22bd3'
resolution-input-hash = 'sha256:466421704711c4fd3c71f0b2ed715a0e61d49e3e26f3a2637fee755795849c8e'
