# Managed by azldev component update. Do not edit manually.
version = 1
import-commit = 'c54fdc2b38366b3f11f800b3d60bcf44247b249e'
upstream-commit = 'c54fdc2b38366b3f11f800b3d60bcf44247b249e'
input-fingerprint = 'sha256:5c76ae4151e0a09e712f3c5eb091eef506bd29b03782872521eaef5e6d34f76d'
resolution-input-hash = 'sha256:466421704711c4fd3c71f0b2ed715a0e61d49e3e26f3a2637fee755795849c8e'
