# Managed by azldev component update. Do not edit manually.
version = 1
import-commit = 'a5b8a487b6c1add6bac87f25a3333b4fc504fde3'
upstream-commit = 'a5b8a487b6c1add6bac87f25a3333b4fc504fde3'
input-fingerprint = 'sha256:90a94d88aafad3a45d411949bbe96dcea27379d6f233eb56f06c8e205581f665'
resolution-input-hash = 'sha256:466421704711c4fd3c71f0b2ed715a0e61d49e3e26f3a2637fee755795849c8e'
