# Managed by azldev component update. Do not edit manually.
version = 1
import-commit = '33aa6a0de2834de513bae5e063353ba1ff559ff0'
upstream-commit = '33aa6a0de2834de513bae5e063353ba1ff559ff0'
input-fingerprint = 'sha256:b9d55d6293a23949bac29e07ec91668856dca9ccdf94d82805cd05f7a00c5012'
resolution-input-hash = 'sha256:466421704711c4fd3c71f0b2ed715a0e61d49e3e26f3a2637fee755795849c8e'
