# Managed by azldev component update. Do not edit manually.
version = 1
import-commit = '306336e545e21285587f45df86272dcd30bfc751'
upstream-commit = '306336e545e21285587f45df86272dcd30bfc751'
input-fingerprint = 'sha256:6dc892b0ac2e290f2eb7fe07f7e6edf23f94b1bca610daf6d606b9fb757d2bd2'
resolution-input-hash = 'sha256:466421704711c4fd3c71f0b2ed715a0e61d49e3e26f3a2637fee755795849c8e'
