# Managed by azldev component update. Do not edit manually.
version = 1
import-commit = '18b550b2f1bc6e858d788557b4b56faadbc00f14'
upstream-commit = '18b550b2f1bc6e858d788557b4b56faadbc00f14'
input-fingerprint = 'sha256:a9899a1de42d60c5620c6337749a14c48d617914d70ec4778b0c50d64c948f39'
resolution-input-hash = 'sha256:466421704711c4fd3c71f0b2ed715a0e61d49e3e26f3a2637fee755795849c8e'
