# Managed by azldev component update. Do not edit manually.
version = 1
import-commit = 'db07208165adf933c2f0be1e4ef1996015d1743b'
upstream-commit = 'db07208165adf933c2f0be1e4ef1996015d1743b'
input-fingerprint = 'sha256:329a0b46a8db80510281fed672a12e5d1532eb377d43e72c064f9c36d1d088e3'
resolution-input-hash = 'sha256:466421704711c4fd3c71f0b2ed715a0e61d49e3e26f3a2637fee755795849c8e'
