# Managed by azldev component update. Do not edit manually.
version = 1
import-commit = '81ea61c3aab009aaf4de090533dc3fc355abc0c3'
upstream-commit = '81ea61c3aab009aaf4de090533dc3fc355abc0c3'
input-fingerprint = 'sha256:67499e0791eed7104c43b1340c0d277d5e94b1aacd41e1194d7bc8cee17e2ad0'
resolution-input-hash = 'sha256:466421704711c4fd3c71f0b2ed715a0e61d49e3e26f3a2637fee755795849c8e'
