# Managed by azldev component update. Do not edit manually.
version = 1
import-commit = 'd1a58e4335f6ad58d1deccfcb552da5b46ac0516'
upstream-commit = 'd1a58e4335f6ad58d1deccfcb552da5b46ac0516'
input-fingerprint = 'sha256:2eaa3258d6a832247c77d33330f5722ee2b54ac05f090deda569ad5ac48ecce9'
resolution-input-hash = 'sha256:466421704711c4fd3c71f0b2ed715a0e61d49e3e26f3a2637fee755795849c8e'
