# Managed by azldev component update. Do not edit manually.
version = 1
import-commit = 'b5929e263b8ed096f5d5ce6caf773960b6d62efe'
upstream-commit = 'b5929e263b8ed096f5d5ce6caf773960b6d62efe'
input-fingerprint = 'sha256:86e487d159cff6883db9fa12b5d3c84da26837d46f9d96c983c448ea2700b555'
resolution-input-hash = 'sha256:466421704711c4fd3c71f0b2ed715a0e61d49e3e26f3a2637fee755795849c8e'
