# Managed by azldev component update. Do not edit manually.
version = 1
import-commit = '6745e48d53afb4b9f3a79aab58cb93ae75715a78'
upstream-commit = '6745e48d53afb4b9f3a79aab58cb93ae75715a78'
input-fingerprint = 'sha256:8ded2b8b22d338e383170bce338f825aceee14933b4b8b357107248e1d2bf101'
resolution-input-hash = 'sha256:466421704711c4fd3c71f0b2ed715a0e61d49e3e26f3a2637fee755795849c8e'
