# Managed by azldev component update. Do not edit manually.
version = 1
import-commit = '4143453fcf32b736dde9bbab4e791e50e2e2c51b'
upstream-commit = '4143453fcf32b736dde9bbab4e791e50e2e2c51b'
input-fingerprint = 'sha256:7888c48dd424d8cafab50f66d197635fc06685218b41a1bef1d710dc4ba93156'
resolution-input-hash = 'sha256:466421704711c4fd3c71f0b2ed715a0e61d49e3e26f3a2637fee755795849c8e'
