# Managed by azldev component update. Do not edit manually.
version = 1
import-commit = 'f664459b63ac12aec1799ba5bf212477c93d9e31'
upstream-commit = 'f664459b63ac12aec1799ba5bf212477c93d9e31'
input-fingerprint = 'sha256:590f94e1bd0ce0fbc3a2b9290f74a4783b8d9b36bed51b28b21635e9e2604872'
resolution-input-hash = 'sha256:466421704711c4fd3c71f0b2ed715a0e61d49e3e26f3a2637fee755795849c8e'
