# Managed by azldev component update. Do not edit manually.
version = 1
import-commit = 'e79d0e033dcef45e5d95a289244d386ac490b4c3'
upstream-commit = 'e79d0e033dcef45e5d95a289244d386ac490b4c3'
input-fingerprint = 'sha256:bc93b479d606451842fcaadd42dbbd37d40607fe212ceac6592c18d693ab6680'
resolution-input-hash = 'sha256:466421704711c4fd3c71f0b2ed715a0e61d49e3e26f3a2637fee755795849c8e'
