# Managed by azldev component update. Do not edit manually.
version = 1
import-commit = 'd4f6767d1673744c7be57565fed825670a3f156e'
upstream-commit = 'd4f6767d1673744c7be57565fed825670a3f156e'
input-fingerprint = 'sha256:ffc982d3f301abaafd805e4c1f02e535e8dc89e2f22492bc096fb7716abc4d05'
resolution-input-hash = 'sha256:466421704711c4fd3c71f0b2ed715a0e61d49e3e26f3a2637fee755795849c8e'
