# Managed by azldev component update. Do not edit manually.
version = 1
import-commit = '970b3af7b26b0ebfe793becff600760b512e7685'
upstream-commit = '970b3af7b26b0ebfe793becff600760b512e7685'
input-fingerprint = 'sha256:540d0e22cce68ea10d6305cc1a4856a93ada30d816f13d7dc136bc85a9bc1567'
resolution-input-hash = 'sha256:466421704711c4fd3c71f0b2ed715a0e61d49e3e26f3a2637fee755795849c8e'
