# Managed by azldev component update. Do not edit manually.
version = 1
import-commit = '9298c20595e90e5312da2f27347317f0b8acb6bc'
upstream-commit = '9298c20595e90e5312da2f27347317f0b8acb6bc'
input-fingerprint = 'sha256:575b896f2cb38ec4463e092c1e68085cddf08b0d8dbfb80cea0ee7b1271c1673'
resolution-input-hash = 'sha256:466421704711c4fd3c71f0b2ed715a0e61d49e3e26f3a2637fee755795849c8e'
