# Managed by azldev component update. Do not edit manually.
version = 1
import-commit = 'b6266daf635704122523a5cd0ad43d923dc1603b'
upstream-commit = 'b6266daf635704122523a5cd0ad43d923dc1603b'
input-fingerprint = 'sha256:c2d021edbd9f993fa5e97659a95ffa6d0b7055c39ab5cfec6f68231e8ddb89df'
resolution-input-hash = 'sha256:466421704711c4fd3c71f0b2ed715a0e61d49e3e26f3a2637fee755795849c8e'
