# Managed by azldev component update. Do not edit manually.
version = 1
import-commit = 'af92cf57cfd0fb2471a18a3ba298a30029f51262'
upstream-commit = 'af92cf57cfd0fb2471a18a3ba298a30029f51262'
input-fingerprint = 'sha256:09ad2c0dbb8bd42f4bf98750b7371dc1f1e0012a5a1dd42409957eb600430a75'
resolution-input-hash = 'sha256:466421704711c4fd3c71f0b2ed715a0e61d49e3e26f3a2637fee755795849c8e'
