# Managed by azldev component update. Do not edit manually.
version = 1
import-commit = 'c7c542b161fcf7554c0113d82cbdb39462a7ae18'
upstream-commit = 'c7c542b161fcf7554c0113d82cbdb39462a7ae18'
input-fingerprint = 'sha256:2446615384d7e0a5c8565eb54b4d20c8086b5c88af099cc4fcad7102016b6938'
resolution-input-hash = 'sha256:466421704711c4fd3c71f0b2ed715a0e61d49e3e26f3a2637fee755795849c8e'
