# Managed by azldev component update. Do not edit manually.
version = 1
import-commit = '0656218fbc935903041117f4bc6ac8a12f69d9cc'
upstream-commit = '0656218fbc935903041117f4bc6ac8a12f69d9cc'
input-fingerprint = 'sha256:5e4fc2632f6bd08dd83651ef36d6c6a4f3bf8c1ef103b49dd4f848b088e3bf10'
resolution-input-hash = 'sha256:466421704711c4fd3c71f0b2ed715a0e61d49e3e26f3a2637fee755795849c8e'
