# Managed by azldev component update. Do not edit manually.
version = 1
import-commit = 'e6a6423165d1794a2fb0c19397a16f7bd34d2f39'
upstream-commit = 'e6a6423165d1794a2fb0c19397a16f7bd34d2f39'
input-fingerprint = 'sha256:484e279ee8489f197969439b7a11a6850a02ff7ad3922060528a2a677d3af10a'
resolution-input-hash = 'sha256:466421704711c4fd3c71f0b2ed715a0e61d49e3e26f3a2637fee755795849c8e'
