# Managed by azldev component update. Do not edit manually.
version = 1
import-commit = 'e3760f6991c19fdef31aaed5d554de267edb12b7'
upstream-commit = 'e3760f6991c19fdef31aaed5d554de267edb12b7'
input-fingerprint = 'sha256:4e0a420e3b793e2f17167276c8a32dccaa2385c9de8290d507ae00c4860833fe'
resolution-input-hash = 'sha256:466421704711c4fd3c71f0b2ed715a0e61d49e3e26f3a2637fee755795849c8e'
