# Managed by azldev component update. Do not edit manually.
version = 1
import-commit = 'b812cbc2b4c94f2c470e2e689aad71a4c4166ac3'
upstream-commit = 'b812cbc2b4c94f2c470e2e689aad71a4c4166ac3'
input-fingerprint = 'sha256:2d055cb3e0e65de3e8dc695626a5ffa813050022511e22d27100775c85df161d'
resolution-input-hash = 'sha256:466421704711c4fd3c71f0b2ed715a0e61d49e3e26f3a2637fee755795849c8e'
