# Managed by azldev component update. Do not edit manually.
version = 1
import-commit = '6bba7be5edf3f76381abf3f3fe8666d8d6540a10'
upstream-commit = '6bba7be5edf3f76381abf3f3fe8666d8d6540a10'
input-fingerprint = 'sha256:afe88e92d6718f6acba63460332ebe01d951385451036f317e36795209113718'
resolution-input-hash = 'sha256:466421704711c4fd3c71f0b2ed715a0e61d49e3e26f3a2637fee755795849c8e'
