# Managed by azldev component update. Do not edit manually.
version = 1
import-commit = 'fe95104d53b634396f24a049256b8fe32cd155d0'
upstream-commit = 'fe95104d53b634396f24a049256b8fe32cd155d0'
input-fingerprint = 'sha256:46b7881c386b8aa25d9bb2823d0d6b4f478a116658838d3f69d62a815928eae6'
resolution-input-hash = 'sha256:466421704711c4fd3c71f0b2ed715a0e61d49e3e26f3a2637fee755795849c8e'
