# Managed by azldev component update. Do not edit manually.
version = 1
import-commit = '59150deb42e7d32d06810b5461499b2b0ceb2e69'
upstream-commit = '59150deb42e7d32d06810b5461499b2b0ceb2e69'
input-fingerprint = 'sha256:0045fafd402d37567ef669616498b86e8713504a91aba35cd305d3a8a04ee971'
resolution-input-hash = 'sha256:466421704711c4fd3c71f0b2ed715a0e61d49e3e26f3a2637fee755795849c8e'
