# Managed by azldev component update. Do not edit manually.
version = 1
import-commit = 'c498cd2468043882f3d71012b52245c5410977f2'
upstream-commit = 'c498cd2468043882f3d71012b52245c5410977f2'
input-fingerprint = 'sha256:7633c631b7508b36d7901f80247e3721165445a967b5c13a244ace11e7b79439'
resolution-input-hash = 'sha256:466421704711c4fd3c71f0b2ed715a0e61d49e3e26f3a2637fee755795849c8e'
