# Managed by azldev component update. Do not edit manually.
version = 1
import-commit = '2716b99dbb4a0dac052e5e64d6fe2a8608f31561'
upstream-commit = '2716b99dbb4a0dac052e5e64d6fe2a8608f31561'
input-fingerprint = 'sha256:f209a654f86d8ec9dd064609985fd650c2dad4e7ed3d71cdaab63a466e4dab3e'
resolution-input-hash = 'sha256:466421704711c4fd3c71f0b2ed715a0e61d49e3e26f3a2637fee755795849c8e'
