# Managed by azldev component update. Do not edit manually.
version = 1
import-commit = '582ae1f87d85c97edf7f75f4df463feca935d65e'
upstream-commit = '582ae1f87d85c97edf7f75f4df463feca935d65e'
input-fingerprint = 'sha256:6ca07649a4a352ee835e3679ecac6bbf080efb9b78310cae885e3ffe9e3257b0'
resolution-input-hash = 'sha256:466421704711c4fd3c71f0b2ed715a0e61d49e3e26f3a2637fee755795849c8e'
