# Managed by azldev component update. Do not edit manually.
version = 1
import-commit = 'b734b7f7af4f659d4b84533e10495dae3f470e04'
upstream-commit = 'b734b7f7af4f659d4b84533e10495dae3f470e04'
input-fingerprint = 'sha256:df672960ffb1cf2c936f03c7d95fdff9b3a642f5208c5766915eb6868ecf59dc'
resolution-input-hash = 'sha256:466421704711c4fd3c71f0b2ed715a0e61d49e3e26f3a2637fee755795849c8e'
