# Managed by azldev component update. Do not edit manually.
version = 1
import-commit = 'e9af00f891ae8c21bb4a49dadeca4f3f714c3fba'
upstream-commit = 'e9af00f891ae8c21bb4a49dadeca4f3f714c3fba'
input-fingerprint = 'sha256:d20017c4e5f269eb40a30791d1399ff9d201e65fa1fe8904a5b242f36e8b715a'
resolution-input-hash = 'sha256:466421704711c4fd3c71f0b2ed715a0e61d49e3e26f3a2637fee755795849c8e'
