# Managed by azldev component update. Do not edit manually.
version = 1
import-commit = '30099a7c05a890b99aea5cf813abfdafc0055bf2'
upstream-commit = '30099a7c05a890b99aea5cf813abfdafc0055bf2'
input-fingerprint = 'sha256:dc80655dcd4766f46410fcbf8d0610354716c2d1b80c410f5fc95721bc6aa1cd'
resolution-input-hash = 'sha256:466421704711c4fd3c71f0b2ed715a0e61d49e3e26f3a2637fee755795849c8e'
