# Managed by azldev component update. Do not edit manually.
version = 1
import-commit = 'd6240a66247c3918ccac2ba5cbdb6ce87674f17b'
upstream-commit = 'd6240a66247c3918ccac2ba5cbdb6ce87674f17b'
input-fingerprint = 'sha256:98be004189c927d8ad7d9b80eb202198cf4eaa5d3cf91afa37f4c014831520f9'
resolution-input-hash = 'sha256:466421704711c4fd3c71f0b2ed715a0e61d49e3e26f3a2637fee755795849c8e'
