# Managed by azldev component update. Do not edit manually.
version = 1
import-commit = 'd813b696ba45fd75e2a6181c9e9086f914a80442'
upstream-commit = 'd813b696ba45fd75e2a6181c9e9086f914a80442'
input-fingerprint = 'sha256:ce0bd06abf005f88b1703f70d55276fef298ecb24945777f9d739f75aa431f9c'
resolution-input-hash = 'sha256:466421704711c4fd3c71f0b2ed715a0e61d49e3e26f3a2637fee755795849c8e'
