# Managed by azldev component update. Do not edit manually.
version = 1
import-commit = 'a58dd08fa03b9dab8c371bf27e689b1b95a6b8ab'
upstream-commit = 'a58dd08fa03b9dab8c371bf27e689b1b95a6b8ab'
input-fingerprint = 'sha256:43655ec935bec77105cd0868f87d0d8178137a14cdfbd94344bec1af5c7a7a58'
resolution-input-hash = 'sha256:466421704711c4fd3c71f0b2ed715a0e61d49e3e26f3a2637fee755795849c8e'
