# Managed by azldev component update. Do not edit manually.
version = 1
import-commit = 'd01a76690301ba02ed3cf29ac8528b4b9984ab62'
upstream-commit = 'd01a76690301ba02ed3cf29ac8528b4b9984ab62'
input-fingerprint = 'sha256:dcf6fdb2f95614bcd855630f83fa1584f8009a094453f0c44c5c2ebb2f3a5601'
resolution-input-hash = 'sha256:466421704711c4fd3c71f0b2ed715a0e61d49e3e26f3a2637fee755795849c8e'
