# Managed by azldev component update. Do not edit manually.
version = 1
import-commit = '61a300bc033b6b9465ab01b6947eec7ae91894ab'
upstream-commit = '61a300bc033b6b9465ab01b6947eec7ae91894ab'
input-fingerprint = 'sha256:37874bfbddbf2f586638e64d9535b4fb0189b6dd6d01898c599c3d0b7a3b6d20'
resolution-input-hash = 'sha256:466421704711c4fd3c71f0b2ed715a0e61d49e3e26f3a2637fee755795849c8e'
