# Managed by azldev component update. Do not edit manually.
version = 1
import-commit = 'f5970d4ecc71b2c8a4cc1cc7b6062857dde55386'
upstream-commit = 'f5970d4ecc71b2c8a4cc1cc7b6062857dde55386'
input-fingerprint = 'sha256:013d349063351b3b8b0e706d0a0324afe149a89df94a585f6cfb5d3ae614e0f6'
resolution-input-hash = 'sha256:466421704711c4fd3c71f0b2ed715a0e61d49e3e26f3a2637fee755795849c8e'
