# Managed by azldev component update. Do not edit manually.
version = 1
import-commit = '534c1afa9736cf125133ee10b275b4c0636561bd'
upstream-commit = '534c1afa9736cf125133ee10b275b4c0636561bd'
input-fingerprint = 'sha256:f2f458aa4e1b4404b98d0b0460e64ec71e73cfbf39e01ac3f9545f04adf8c8e7'
resolution-input-hash = 'sha256:466421704711c4fd3c71f0b2ed715a0e61d49e3e26f3a2637fee755795849c8e'
