# Managed by azldev component update. Do not edit manually.
version = 1
import-commit = '71c994fca8a6551e32e9e172124240d0dab681d0'
upstream-commit = '71c994fca8a6551e32e9e172124240d0dab681d0'
input-fingerprint = 'sha256:282e2d41ea823f0fcd97551d252c33b9524a670f5d3cd95a0384524835be6b91'
resolution-input-hash = 'sha256:466421704711c4fd3c71f0b2ed715a0e61d49e3e26f3a2637fee755795849c8e'
