# Managed by azldev component update. Do not edit manually.
version = 1
import-commit = 'ace8b69c78de521abaa1e7305633b3a9622d4079'
upstream-commit = 'ace8b69c78de521abaa1e7305633b3a9622d4079'
input-fingerprint = 'sha256:974bb1b7e14037a293b0b1a4b301e900afd64f6a77f658003ae8ac1982d01b4e'
resolution-input-hash = 'sha256:466421704711c4fd3c71f0b2ed715a0e61d49e3e26f3a2637fee755795849c8e'
