# Managed by azldev component update. Do not edit manually.
version = 1
import-commit = '8c68af0531aa5ac405fc705dad0f19efd7705cb7'
upstream-commit = '8c68af0531aa5ac405fc705dad0f19efd7705cb7'
input-fingerprint = 'sha256:2041d3e90a9fe797100fbf518c65102f23a51c1a8181606790a48464c2887ab2'
resolution-input-hash = 'sha256:466421704711c4fd3c71f0b2ed715a0e61d49e3e26f3a2637fee755795849c8e'
