# Managed by azldev component update. Do not edit manually.
version = 1
import-commit = '84f0b21b52c289b42e45f199eaa3d395ff31eeef'
upstream-commit = '84f0b21b52c289b42e45f199eaa3d395ff31eeef'
input-fingerprint = 'sha256:aeb61bf3b4a7ee60d8a10b9cf52b0bfc24188e1c59fe78cf4ebad8ea9096b8b4'
resolution-input-hash = 'sha256:466421704711c4fd3c71f0b2ed715a0e61d49e3e26f3a2637fee755795849c8e'
