# Managed by azldev component update. Do not edit manually.
version = 1
import-commit = '21bee105c5ac66118b6a5ffd4a57ee4bda5ca320'
upstream-commit = '21bee105c5ac66118b6a5ffd4a57ee4bda5ca320'
input-fingerprint = 'sha256:cc75414c2d8bf45629cefca7fa6183c0f3f21ddfc4c0c9f99013cff7d5f1d574'
resolution-input-hash = 'sha256:466421704711c4fd3c71f0b2ed715a0e61d49e3e26f3a2637fee755795849c8e'
