# Managed by azldev component update. Do not edit manually.
version = 1
import-commit = 'd9ff1bc8d1054659fd491783139b742819f5ecbb'
upstream-commit = 'd9ff1bc8d1054659fd491783139b742819f5ecbb'
input-fingerprint = 'sha256:2e435974590ef2e4bd9a09169729cadc5b839b3cbd16fbaaac2825bc1494b17f'
resolution-input-hash = 'sha256:466421704711c4fd3c71f0b2ed715a0e61d49e3e26f3a2637fee755795849c8e'
