# Managed by azldev component update. Do not edit manually.
version = 1
import-commit = 'fe14acf4df70d24c131d808c377228c3a60b52dd'
upstream-commit = 'fe14acf4df70d24c131d808c377228c3a60b52dd'
input-fingerprint = 'sha256:07b3322da684b2537244ddb59315dbd5c3d75045c073e5ab37a330dbb3e5e25f'
resolution-input-hash = 'sha256:466421704711c4fd3c71f0b2ed715a0e61d49e3e26f3a2637fee755795849c8e'
