# Managed by azldev component update. Do not edit manually.
version = 1
import-commit = 'de6c53e2cc343377704550d0438151c983201c31'
upstream-commit = 'de6c53e2cc343377704550d0438151c983201c31'
input-fingerprint = 'sha256:f4b96923cf0d4cfea79c6c5a7b29de2d4d4d7689bc7314b400a2672ab3a9054f'
resolution-input-hash = 'sha256:466421704711c4fd3c71f0b2ed715a0e61d49e3e26f3a2637fee755795849c8e'
