# Managed by azldev component update. Do not edit manually.
version = 1
import-commit = '27587312b5935ab887167c30113db6673af101ea'
upstream-commit = '27587312b5935ab887167c30113db6673af101ea'
input-fingerprint = 'sha256:fc45ff75b414ac3bfcccde4fe42ac9fa98ba24b7da53f56fd76fb359c67ec49e'
resolution-input-hash = 'sha256:466421704711c4fd3c71f0b2ed715a0e61d49e3e26f3a2637fee755795849c8e'
