# Managed by azldev component update. Do not edit manually.
version = 1
import-commit = '03061a817a0ac3ff9ac1e64ae3e9a5a51fa8e641'
upstream-commit = '03061a817a0ac3ff9ac1e64ae3e9a5a51fa8e641'
input-fingerprint = 'sha256:46b5be448460ea300eb1887034c29bf13b1bdcd82f17cb1683e00e5f0438edd4'
resolution-input-hash = 'sha256:466421704711c4fd3c71f0b2ed715a0e61d49e3e26f3a2637fee755795849c8e'
