# Managed by azldev component update. Do not edit manually.
version = 1
import-commit = 'd1df357ba80fd9033fc003fe0aeb65cd4ac16ec6'
upstream-commit = 'd1df357ba80fd9033fc003fe0aeb65cd4ac16ec6'
input-fingerprint = 'sha256:ff08a0b9baa2e9bb3a929ea1ec796727f7b7fcb1e8227d1063969dd1998b1564'
resolution-input-hash = 'sha256:466421704711c4fd3c71f0b2ed715a0e61d49e3e26f3a2637fee755795849c8e'
