# Managed by azldev component update. Do not edit manually.
version = 1
import-commit = 'ac38d264ed7d568632294389b9245f4272156986'
upstream-commit = 'ac38d264ed7d568632294389b9245f4272156986'
input-fingerprint = 'sha256:9c6dfa73deab4e15e6dc397408650771e34d2a4a13c912eec0b9c6ae5270229c'
resolution-input-hash = 'sha256:466421704711c4fd3c71f0b2ed715a0e61d49e3e26f3a2637fee755795849c8e'
