# Managed by azldev component update. Do not edit manually.
version = 1
import-commit = '869f1c6e1a10c2dfe5489a252a0d763879f62bc4'
upstream-commit = '869f1c6e1a10c2dfe5489a252a0d763879f62bc4'
input-fingerprint = 'sha256:13897c56a81b28f4b17498edac04f12bfa804f3472b7347c7a66a3a0b8c16f12'
resolution-input-hash = 'sha256:466421704711c4fd3c71f0b2ed715a0e61d49e3e26f3a2637fee755795849c8e'
