# Managed by azldev component update. Do not edit manually.
version = 1
import-commit = '545f7342e35fbf360391f660a9e45a75d09ab066'
upstream-commit = '545f7342e35fbf360391f660a9e45a75d09ab066'
input-fingerprint = 'sha256:7c986c8ef3f8c4533a5b9c344c4cb652bf5ad94c32f8c7583407c96b93449965'
resolution-input-hash = 'sha256:466421704711c4fd3c71f0b2ed715a0e61d49e3e26f3a2637fee755795849c8e'
