# Managed by azldev component update. Do not edit manually.
version = 1
import-commit = '04aca18b719e96d99b32bdf1902dfebc5cab576a'
upstream-commit = '04aca18b719e96d99b32bdf1902dfebc5cab576a'
input-fingerprint = 'sha256:436ef017a37ec6c54ecd5f2c54184538fa0f32aebf0e0457377384951954a2f4'
resolution-input-hash = 'sha256:466421704711c4fd3c71f0b2ed715a0e61d49e3e26f3a2637fee755795849c8e'
