# Managed by azldev component update. Do not edit manually.
version = 1
import-commit = 'fdb724c4fbc68a466ac9b04d1856ba257f8ba718'
upstream-commit = 'fdb724c4fbc68a466ac9b04d1856ba257f8ba718'
input-fingerprint = 'sha256:0e40e59013068bc345d5b54dee7ca7e260661c9634b3cb5f30802e249760a211'
resolution-input-hash = 'sha256:466421704711c4fd3c71f0b2ed715a0e61d49e3e26f3a2637fee755795849c8e'
