# Managed by azldev component update. Do not edit manually.
version = 1
import-commit = 'f80963b1c84f9013e9e5edada2bb122dcb9c9ff5'
upstream-commit = 'f80963b1c84f9013e9e5edada2bb122dcb9c9ff5'
input-fingerprint = 'sha256:16674750eaa006af8a5a702cdbc8e4ad750a76db9b7cf0de6f172bba6bd75b81'
resolution-input-hash = 'sha256:466421704711c4fd3c71f0b2ed715a0e61d49e3e26f3a2637fee755795849c8e'
