# Managed by azldev component update. Do not edit manually.
version = 1
import-commit = 'ec519e733ef03df40be91cd50b41f5912d78e392'
upstream-commit = 'ec519e733ef03df40be91cd50b41f5912d78e392'
input-fingerprint = 'sha256:fce936aabac269181ddbabd3a0acf4645edf4958d2552df49e5289000a281622'
resolution-input-hash = 'sha256:466421704711c4fd3c71f0b2ed715a0e61d49e3e26f3a2637fee755795849c8e'
